// !$*UTF8*$!
{
	archiveVersion = 1;
	classes = {
	};
	objectVersion = 46;
	objects = {

/* Begin PBXBuildFile section */
		8B43B7901A5066FFD774F34F /* libPods-SomeUIKit.a in Frameworks */ = {isa = PBXBuildFile; fileRef = 366E2D08C590E008A7E8429E /* libPods-SomeUIKit.a */; };
		DE056BAC1DCD760F00E16D15 /* DateSelectViewController.m in Sources */ = {isa = PBXBuildFile; fileRef = DE056BAA1DCD760F00E16D15 /* DateSelectViewController.m */; };
		DE056BAD1DCD760F00E16D15 /* DateSelectViewController.xib in Resources */ = {isa = PBXBuildFile; fileRef = DE056BAB1DCD760F00E16D15 /* DateSelectViewController.xib */; };
		DE0A4DAB1E6DAF0000281808 /* WQSubTransitionViewController.m in Sources */ = {isa = PBXBuildFile; fileRef = DE0A4DAA1E6DAF0000281808 /* WQSubTransitionViewController.m */; };
		DE1FDD2D1E72507C008E6BA2 /* WQAnimationTrasitionViewController.xib in Resources */ = {isa = PBXBuildFile; fileRef = DE1FDD2C1E72507C008E6BA2 /* WQAnimationTrasitionViewController.xib */; };
		DE1FDD311E72A069008E6BA2 /* WQHttpTool.m in Sources */ = {isa = PBXBuildFile; fileRef = DE1FDD301E72A069008E6BA2 /* WQHttpTool.m */; };
		DE1FDD341E72A1AC008E6BA2 /* WQBaseAPI.m in Sources */ = {isa = PBXBuildFile; fileRef = DE1FDD331E72A1AC008E6BA2 /* WQBaseAPI.m */; };
		DE1FDD371E72AC51008E6BA2 /* UIImageView+SDWebImage.m in Sources */ = {isa = PBXBuildFile; fileRef = DE1FDD361E72AC51008E6BA2 /* UIImageView+SDWebImage.m */; };
		DE1FDD3A1E72B053008E6BA2 /* UIImageView+Animation.m in Sources */ = {isa = PBXBuildFile; fileRef = DE1FDD391E72B053008E6BA2 /* UIImageView+Animation.m */; };
		DE49E2B81E6D44DA0040A51A /* WQAnimationTrasitionViewController.m in Sources */ = {isa = PBXBuildFile; fileRef = DE49E2B71E6D44DA0040A51A /* WQAnimationTrasitionViewController.m */; };
		DE55FF3D1DB9A48C0014C758 /* StarViewController.m in Sources */ = {isa = PBXBuildFile; fileRef = DE55FF3B1DB9A48C0014C758 /* StarViewController.m */; };
		DE55FF3E1DB9A48C0014C758 /* StarViewController.xib in Resources */ = {isa = PBXBuildFile; fileRef = DE55FF3C1DB9A48C0014C758 /* StarViewController.xib */; };
		DE55FF471DBA08EB0014C758 /* VerticalScrollTextViewController.m in Sources */ = {isa = PBXBuildFile; fileRef = DE55FF461DBA08EB0014C758 /* VerticalScrollTextViewController.m */; };
		DE55FF621DBA10310014C758 /* TextViewPlacehodelViewController.m in Sources */ = {isa = PBXBuildFile; fileRef = DE55FF601DBA10310014C758 /* TextViewPlacehodelViewController.m */; };
		DE55FF631DBA10310014C758 /* TextViewPlacehodelViewController.xib in Resources */ = {isa = PBXBuildFile; fileRef = DE55FF611DBA10310014C758 /* TextViewPlacehodelViewController.xib */; };
		DE5C94D21DE6B8BC00EFA20F /* WQSelectedTagsViewController.m in Sources */ = {isa = PBXBuildFile; fileRef = DE5C94D11DE6B8BC00EFA20F /* WQSelectedTagsViewController.m */; };
		DE71DF9C1E6672C50061E374 /* WQKeyboardHandleViewController.m in Sources */ = {isa = PBXBuildFile; fileRef = DE71DF9B1E6672C50061E374 /* WQKeyboardHandleViewController.m */; };
		DE8537791DE0043800654C4D /* WQClanderViewController.m in Sources */ = {isa = PBXBuildFile; fileRef = DE8537781DE0043800654C4D /* WQClanderViewController.m */; };
		DE8537841DE0602400654C4D /* ReplicatorViewController.m in Sources */ = {isa = PBXBuildFile; fileRef = DE8537831DE0602400654C4D /* ReplicatorViewController.m */; };
		DEAFF1F71DDF142200CF8116 /* WQTabBarViewController.m in Sources */ = {isa = PBXBuildFile; fileRef = DEAFF1F61DDF142200CF8116 /* WQTabBarViewController.m */; };
		DEC00AF51DB8BBC000A516A1 /* main.m in Sources */ = {isa = PBXBuildFile; fileRef = DEC00AF41DB8BBC000A516A1 /* main.m */; };
		DEC00AF81DB8BBC000A516A1 /* AppDelegate.m in Sources */ = {isa = PBXBuildFile; fileRef = DEC00AF71DB8BBC000A516A1 /* AppDelegate.m */; };
		DEC00AFB1DB8BBC000A516A1 /* ViewController.m in Sources */ = {isa = PBXBuildFile; fileRef = DEC00AFA1DB8BBC000A516A1 /* ViewController.m */; };
		DEC00B001DB8BBC000A516A1 /* Assets.xcassets in Resources */ = {isa = PBXBuildFile; fileRef = DEC00AFF1DB8BBC000A516A1 /* Assets.xcassets */; };
		DEC00B031DB8BBC000A516A1 /* LaunchScreen.storyboard in Resources */ = {isa = PBXBuildFile; fileRef = DEC00B011DB8BBC000A516A1 /* LaunchScreen.storyboard */; };
		DEC00B0E1DB8BBC000A516A1 /* SomeUIKitTests.m in Sources */ = {isa = PBXBuildFile; fileRef = DEC00B0D1DB8BBC000A516A1 /* SomeUIKitTests.m */; };
		DEC00B191DB8BBC000A516A1 /* SomeUIKitUITests.m in Sources */ = {isa = PBXBuildFile; fileRef = DEC00B181DB8BBC000A516A1 /* SomeUIKitUITests.m */; };
		DEC00B341DB8C0D900A516A1 /* GetPictureViewController.m in Sources */ = {isa = PBXBuildFile; fileRef = DEC00B321DB8C0D900A516A1 /* GetPictureViewController.m */; };
		DEC00B351DB8C0D900A516A1 /* GetPictureViewController.xib in Resources */ = {isa = PBXBuildFile; fileRef = DEC00B331DB8C0D900A516A1 /* GetPictureViewController.xib */; };
		DEC00B4B1DB8CA7400A516A1 /* DropDownViewController.m in Sources */ = {isa = PBXBuildFile; fileRef = DEC00B491DB8CA7400A516A1 /* DropDownViewController.m */; };
		DEC00B4C1DB8CA7400A516A1 /* DropDownViewController.xib in Resources */ = {isa = PBXBuildFile; fileRef = DEC00B4A1DB8CA7400A516A1 /* DropDownViewController.xib */; };
		DEC00B531DB8D1C400A516A1 /* ButtonTitleImageLayoutViewController.m in Sources */ = {isa = PBXBuildFile; fileRef = DEC00B511DB8D1C400A516A1 /* ButtonTitleImageLayoutViewController.m */; };
		DED67AC01E71252A0061CABF /* amrFileCodec.m in Sources */ = {isa = PBXBuildFile; fileRef = DED67AB71E71252A0061CABF /* amrFileCodec.m */; settings = {COMPILER_FLAGS = "-fno-objc-arc"; }; };
		DED67AC11E71252A0061CABF /* libopencore-amrnb.a in Frameworks */ = {isa = PBXBuildFile; fileRef = DED67ABC1E71252A0061CABF /* libopencore-amrnb.a */; };
		DED67AC21E71252A0061CABF /* libopencore-amrwb.a in Frameworks */ = {isa = PBXBuildFile; fileRef = DED67ABD1E71252A0061CABF /* libopencore-amrwb.a */; };
		DED67AC31E71252A0061CABF /* WQVoiceTool.m in Sources */ = {isa = PBXBuildFile; fileRef = DED67ABF1E71252A0061CABF /* WQVoiceTool.m */; };
		DED67AD01E71340B0061CABF /* APPHELP.m in Sources */ = {isa = PBXBuildFile; fileRef = DED67ACA1E71340B0061CABF /* APPHELP.m */; };
		DED67AD11E71340B0061CABF /* WQBroserController.m in Sources */ = {isa = PBXBuildFile; fileRef = DED67ACC1E71340B0061CABF /* WQBroserController.m */; };
		DED67AD21E71340B0061CABF /* WQBroserController.xib in Resources */ = {isa = PBXBuildFile; fileRef = DED67ACD1E71340B0061CABF /* WQBroserController.xib */; };
		DED67AD31E71340B0061CABF /* WQControllerTransition.m in Sources */ = {isa = PBXBuildFile; fileRef = DED67ACF1E71340B0061CABF /* WQControllerTransition.m */; };
		DED67AD91E714E400061CABF /* NSFileManager+Path.m in Sources */ = {isa = PBXBuildFile; fileRef = DED67AD81E714E400061CABF /* NSFileManager+Path.m */; };
		DEFE2C691DD22716006BB614 /* WQLoopViewController.m in Sources */ = {isa = PBXBuildFile; fileRef = DEFE2C671DD22716006BB614 /* WQLoopViewController.m */; };
		DEFE2C6A1DD22716006BB614 /* WQLoopViewController.xib in Resources */ = {isa = PBXBuildFile; fileRef = DEFE2C681DD22716006BB614 /* WQLoopViewController.xib */; };
		DEFF6D3B1E6971800004CFE2 /* ZHAnimationView.m in Sources */ = {isa = PBXBuildFile; fileRef = DEFF6CAB1E69717F0004CFE2 /* ZHAnimationView.m */; };
		DEFF6D3C1E6971800004CFE2 /* NSDate+Format.m in Sources */ = {isa = PBXBuildFile; fileRef = DEFF6CAF1E69717F0004CFE2 /* NSDate+Format.m */; };
		DEFF6D3F1E6971800004CFE2 /* NSString+Date.m in Sources */ = {isa = PBXBuildFile; fileRef = DEFF6CB51E69717F0004CFE2 /* NSString+Date.m */; };
		DEFF6D411E6971800004CFE2 /* NSString+Help.m in Sources */ = {isa = PBXBuildFile; fileRef = DEFF6CB91E69717F0004CFE2 /* NSString+Help.m */; };
		DEFF6D421E6971800004CFE2 /* UIGestureRecognizer+Block.m in Sources */ = {isa = PBXBuildFile; fileRef = DEFF6CBB1E69717F0004CFE2 /* UIGestureRecognizer+Block.m */; };
		DEFF6D431E6971800004CFE2 /* UIButton+countDown.m in Sources */ = {isa = PBXBuildFile; fileRef = DEFF6CBE1E69717F0004CFE2 /* UIButton+countDown.m */; };
		DEFF6D441E6971800004CFE2 /* UIImage+Extension.m in Sources */ = {isa = PBXBuildFile; fileRef = DEFF6CC01E69717F0004CFE2 /* UIImage+Extension.m */; };
		DEFF6D491E6971800004CFE2 /* 00.jpg in Resources */ = {isa = PBXBuildFile; fileRef = DEFF6CD31E69717F0004CFE2 /* 00.jpg */; };
		DEFF6D4A1E6971800004CFE2 /* 01.jpg in Resources */ = {isa = PBXBuildFile; fileRef = DEFF6CD41E69717F0004CFE2 /* 01.jpg */; };
		DEFF6D4B1E6971800004CFE2 /* 02.jpg in Resources */ = {isa = PBXBuildFile; fileRef = DEFF6CD51E69717F0004CFE2 /* 02.jpg */; };
		DEFF6D4C1E6971800004CFE2 /* 03.jpg in Resources */ = {isa = PBXBuildFile; fileRef = DEFF6CD61E69717F0004CFE2 /* 03.jpg */; };
		DEFF6D4D1E6971800004CFE2 /* 04.jpg in Resources */ = {isa = PBXBuildFile; fileRef = DEFF6CD71E69717F0004CFE2 /* 04.jpg */; };
		DEFF6D4E1E6971800004CFE2 /* 05.jpg in Resources */ = {isa = PBXBuildFile; fileRef = DEFF6CD81E69717F0004CFE2 /* 05.jpg */; };
		DEFF6D4F1E6971800004CFE2 /* 06.jpg in Resources */ = {isa = PBXBuildFile; fileRef = DEFF6CD91E69717F0004CFE2 /* 06.jpg */; };
		DEFF6D501E6971800004CFE2 /* 07.jpg in Resources */ = {isa = PBXBuildFile; fileRef = DEFF6CDA1E69717F0004CFE2 /* 07.jpg */; };
		DEFF6D511E6971800004CFE2 /* TabbbarController.storyboard in Resources */ = {isa = PBXBuildFile; fileRef = DEFF6CDC1E69717F0004CFE2 /* TabbbarController.storyboard */; };
		DEFF6D521E6971800004CFE2 /* WQCoderObject.m in Sources */ = {isa = PBXBuildFile; fileRef = DEFF6CE01E69717F0004CFE2 /* WQCoderObject.m */; };
		DEFF6D531E6971800004CFE2 /* WQError.m in Sources */ = {isa = PBXBuildFile; fileRef = DEFF6CE21E69717F0004CFE2 /* WQError.m */; };
		DEFF6D571E6971800004CFE2 /* RuntimeKit.m in Sources */ = {isa = PBXBuildFile; fileRef = DEFF6CEA1E69717F0004CFE2 /* RuntimeKit.m */; };
		DEFF6D581E6971800004CFE2 /* WQAppInfo.m in Sources */ = {isa = PBXBuildFile; fileRef = DEFF6CEC1E69717F0004CFE2 /* WQAppInfo.m */; };
		DEFF6D591E6971800004CFE2 /* WQCache.m in Sources */ = {isa = PBXBuildFile; fileRef = DEFF6CEE1E69717F0004CFE2 /* WQCache.m */; };
		DEFF6D5A1E6971800004CFE2 /* WQKeyboardAdjustHelp.m in Sources */ = {isa = PBXBuildFile; fileRef = DEFF6CF11E69717F0004CFE2 /* WQKeyboardAdjustHelp.m */; };
		DEFF6D5C1E6971800004CFE2 /* WQTextView.m in Sources */ = {isa = PBXBuildFile; fileRef = DEFF6CF81E69717F0004CFE2 /* WQTextView.m */; };
		DEFF6D5D1E6971800004CFE2 /* WQEdgeTitleButton.m in Sources */ = {isa = PBXBuildFile; fileRef = DEFF6CFA1E69717F0004CFE2 /* WQEdgeTitleButton.m */; };
		DEFF6D5E1E6971800004CFE2 /* WQAlertController.m in Sources */ = {isa = PBXBuildFile; fileRef = DEFF6CFE1E69717F0004CFE2 /* WQAlertController.m */; };
		DEFF6D5F1E6971800004CFE2 /* WQBannerLoopView.m in Sources */ = {isa = PBXBuildFile; fileRef = DEFF6D011E69717F0004CFE2 /* WQBannerLoopView.m */; };
		DEFF6D601E6971800004CFE2 /* ClendarDayUnit.m in Sources */ = {isa = PBXBuildFile; fileRef = DEFF6D041E69717F0004CFE2 /* ClendarDayUnit.m */; };
		DEFF6D611E6971800004CFE2 /* ClendarUnit.m in Sources */ = {isa = PBXBuildFile; fileRef = DEFF6D061E69717F0004CFE2 /* ClendarUnit.m */; };
		DEFF6D621E6971800004CFE2 /* WQClendarView.m in Sources */ = {isa = PBXBuildFile; fileRef = DEFF6D081E69717F0004CFE2 /* WQClendarView.m */; };
		DEFF6D631E6971800004CFE2 /* ExamineCell.m in Sources */ = {isa = PBXBuildFile; fileRef = DEFF6D0B1E69717F0004CFE2 /* ExamineCell.m */; };
		DEFF6D641E6971800004CFE2 /* ExamineCell.xib in Resources */ = {isa = PBXBuildFile; fileRef = DEFF6D0C1E69717F0004CFE2 /* ExamineCell.xib */; };
		DEFF6D651E6971800004CFE2 /* GuDExaminationItem.m in Sources */ = {isa = PBXBuildFile; fileRef = DEFF6D0E1E69717F0004CFE2 /* GuDExaminationItem.m */; };
		DEFF6D661E6971800004CFE2 /* GuDExamineDataViewController.m in Sources */ = {isa = PBXBuildFile; fileRef = DEFF6D101E69717F0004CFE2 /* GuDExamineDataViewController.m */; };
		DEFF6D671E6971800004CFE2 /* GuDExamineViewController.m in Sources */ = {isa = PBXBuildFile; fileRef = DEFF6D121E69717F0004CFE2 /* GuDExamineViewController.m */; };
		DEFF6D681E6971800004CFE2 /* WQTagCollectionViewCell.m in Sources */ = {isa = PBXBuildFile; fileRef = DEFF6D151E69717F0004CFE2 /* WQTagCollectionViewCell.m */; };
		DEFF6D691E6971800004CFE2 /* WQTagCollectionViewCell.xib in Resources */ = {isa = PBXBuildFile; fileRef = DEFF6D161E69717F0004CFE2 /* WQTagCollectionViewCell.xib */; };
		DEFF6D6A1E6971800004CFE2 /* WQTagsFlowLayout.m in Sources */ = {isa = PBXBuildFile; fileRef = DEFF6D181E69717F0004CFE2 /* WQTagsFlowLayout.m */; };
		DEFF6D6B1E6971800004CFE2 /* WQSelectPhotoViewController.m in Sources */ = {isa = PBXBuildFile; fileRef = DEFF6D1B1E69717F0004CFE2 /* WQSelectPhotoViewController.m */; };
		DEFF6D6C1E6971800004CFE2 /* WQSelectOptionsCell.m in Sources */ = {isa = PBXBuildFile; fileRef = DEFF6D1E1E69717F0004CFE2 /* WQSelectOptionsCell.m */; };
		DEFF6D6D1E6971800004CFE2 /* WQSelecOptionsView.m in Sources */ = {isa = PBXBuildFile; fileRef = DEFF6D201E69717F0004CFE2 /* WQSelecOptionsView.m */; };
		DEFF6D6E1E6971800004CFE2 /* WQShareActionCell.m in Sources */ = {isa = PBXBuildFile; fileRef = DEFF6D231E69717F0004CFE2 /* WQShareActionCell.m */; };
		DEFF6D6F1E6971800004CFE2 /* ShareActionCell.xib in Resources */ = {isa = PBXBuildFile; fileRef = DEFF6D241E69717F0004CFE2 /* ShareActionCell.xib */; };
		DEFF6D701E6971800004CFE2 /* WQShareActionItem.m in Sources */ = {isa = PBXBuildFile; fileRef = DEFF6D261E69717F0004CFE2 /* WQShareActionItem.m */; };
		DEFF6D711E6971800004CFE2 /* WQShareActionViewController.m in Sources */ = {isa = PBXBuildFile; fileRef = DEFF6D281E69717F0004CFE2 /* WQShareActionViewController.m */; };
		DEFF6D721E6971800004CFE2 /* ContainerViewController.m in Sources */ = {isa = PBXBuildFile; fileRef = DEFF6D2B1E6971800004CFE2 /* ContainerViewController.m */; };
		DEFF6D731E6971800004CFE2 /* MainNavController.m in Sources */ = {isa = PBXBuildFile; fileRef = DEFF6D2D1E6971800004CFE2 /* MainNavController.m */; };
		DEFF6D741E6971800004CFE2 /* MainTabBarController.m in Sources */ = {isa = PBXBuildFile; fileRef = DEFF6D2F1E6971800004CFE2 /* MainTabBarController.m */; };
		DEFF6D751E6971800004CFE2 /* MenuViewController.m in Sources */ = {isa = PBXBuildFile; fileRef = DEFF6D311E6971800004CFE2 /* MenuViewController.m */; };
		DEFF6D761E6971800004CFE2 /* WQStarLevel.m in Sources */ = {isa = PBXBuildFile; fileRef = DEFF6D341E6971800004CFE2 /* WQStarLevel.m */; };
		DEFF6D781E6971800004CFE2 /* GYChangeTextView.m in Sources */ = {isa = PBXBuildFile; fileRef = DEFF6D3A1E6971800004CFE2 /* GYChangeTextView.m */; };
/* End PBXBuildFile section */

/* Begin PBXContainerItemProxy section */
		DEC00B0A1DB8BBC000A516A1 /* PBXContainerItemProxy */ = {
			isa = PBXContainerItemProxy;
			containerPortal = DEC00AE81DB8BBC000A516A1 /* Project object */;
			proxyType = 1;
			remoteGlobalIDString = DEC00AEF1DB8BBC000A516A1;
			remoteInfo = SomeUIKit;
		};
		DEC00B151DB8BBC000A516A1 /* PBXContainerItemProxy */ = {
			isa = PBXContainerItemProxy;
			containerPortal = DEC00AE81DB8BBC000A516A1 /* Project object */;
			proxyType = 1;
			remoteGlobalIDString = DEC00AEF1DB8BBC000A516A1;
			remoteInfo = SomeUIKit;
		};
/* End PBXContainerItemProxy section */

/* Begin PBXFileReference section */
		366E2D08C590E008A7E8429E /* libPods-SomeUIKit.a */ = {isa = PBXFileReference; explicitFileType = archive.ar; includeInIndex = 0; path = "libPods-SomeUIKit.a"; sourceTree = BUILT_PRODUCTS_DIR; };
		DE056BA91DCD760F00E16D15 /* DateSelectViewController.h */ = {isa = PBXFileReference; fileEncoding = 4; lastKnownFileType = sourcecode.c.h; path = DateSelectViewController.h; sourceTree = "<group>"; };
		DE056BAA1DCD760F00E16D15 /* DateSelectViewController.m */ = {isa = PBXFileReference; fileEncoding = 4; lastKnownFileType = sourcecode.c.objc; path = DateSelectViewController.m; sourceTree = "<group>"; };
		DE056BAB1DCD760F00E16D15 /* DateSelectViewController.xib */ = {isa = PBXFileReference; fileEncoding = 4; lastKnownFileType = file.xib; path = DateSelectViewController.xib; sourceTree = "<group>"; };
		DE0A4DA91E6DAF0000281808 /* WQSubTransitionViewController.h */ = {isa = PBXFileReference; fileEncoding = 4; lastKnownFileType = sourcecode.c.h; path = WQSubTransitionViewController.h; sourceTree = "<group>"; };
		DE0A4DAA1E6DAF0000281808 /* WQSubTransitionViewController.m */ = {isa = PBXFileReference; fileEncoding = 4; lastKnownFileType = sourcecode.c.objc; path = WQSubTransitionViewController.m; sourceTree = "<group>"; };
		DE1FDD2C1E72507C008E6BA2 /* WQAnimationTrasitionViewController.xib */ = {isa = PBXFileReference; fileEncoding = 4; lastKnownFileType = file.xib; path = WQAnimationTrasitionViewController.xib; sourceTree = "<group>"; };
		DE1FDD2F1E72A069008E6BA2 /* WQHttpTool.h */ = {isa = PBXFileReference; fileEncoding = 4; lastKnownFileType = sourcecode.c.h; path = WQHttpTool.h; sourceTree = "<group>"; };
		DE1FDD301E72A069008E6BA2 /* WQHttpTool.m */ = {isa = PBXFileReference; fileEncoding = 4; lastKnownFileType = sourcecode.c.objc; path = WQHttpTool.m; sourceTree = "<group>"; };
		DE1FDD321E72A1AC008E6BA2 /* WQBaseAPI.h */ = {isa = PBXFileReference; fileEncoding = 4; lastKnownFileType = sourcecode.c.h; path = WQBaseAPI.h; sourceTree = "<group>"; };
		DE1FDD331E72A1AC008E6BA2 /* WQBaseAPI.m */ = {isa = PBXFileReference; fileEncoding = 4; lastKnownFileType = sourcecode.c.objc; path = WQBaseAPI.m; sourceTree = "<group>"; };
		DE1FDD351E72AC51008E6BA2 /* UIImageView+SDWebImage.h */ = {isa = PBXFileReference; fileEncoding = 4; lastKnownFileType = sourcecode.c.h; path = "UIImageView+SDWebImage.h"; sourceTree = "<group>"; };
		DE1FDD361E72AC51008E6BA2 /* UIImageView+SDWebImage.m */ = {isa = PBXFileReference; fileEncoding = 4; lastKnownFileType = sourcecode.c.objc; path = "UIImageView+SDWebImage.m"; sourceTree = "<group>"; };
		DE1FDD381E72B053008E6BA2 /* UIImageView+Animation.h */ = {isa = PBXFileReference; fileEncoding = 4; lastKnownFileType = sourcecode.c.h; path = "UIImageView+Animation.h"; sourceTree = "<group>"; };
		DE1FDD391E72B053008E6BA2 /* UIImageView+Animation.m */ = {isa = PBXFileReference; fileEncoding = 4; lastKnownFileType = sourcecode.c.objc; path = "UIImageView+Animation.m"; sourceTree = "<group>"; };
		DE49E2B61E6D44DA0040A51A /* WQAnimationTrasitionViewController.h */ = {isa = PBXFileReference; fileEncoding = 4; lastKnownFileType = sourcecode.c.h; path = WQAnimationTrasitionViewController.h; sourceTree = "<group>"; };
		DE49E2B71E6D44DA0040A51A /* WQAnimationTrasitionViewController.m */ = {isa = PBXFileReference; fileEncoding = 4; lastKnownFileType = sourcecode.c.objc; path = WQAnimationTrasitionViewController.m; sourceTree = "<group>"; };
		DE55FF3A1DB9A48C0014C758 /* StarViewController.h */ = {isa = PBXFileReference; fileEncoding = 4; lastKnownFileType = sourcecode.c.h; path = StarViewController.h; sourceTree = "<group>"; };
		DE55FF3B1DB9A48C0014C758 /* StarViewController.m */ = {isa = PBXFileReference; fileEncoding = 4; lastKnownFileType = sourcecode.c.objc; path = StarViewController.m; sourceTree = "<group>"; };
		DE55FF3C1DB9A48C0014C758 /* StarViewController.xib */ = {isa = PBXFileReference; fileEncoding = 4; lastKnownFileType = file.xib; path = StarViewController.xib; sourceTree = "<group>"; };
		DE55FF451DBA08EB0014C758 /* VerticalScrollTextViewController.h */ = {isa = PBXFileReference; fileEncoding = 4; lastKnownFileType = sourcecode.c.h; path = VerticalScrollTextViewController.h; sourceTree = "<group>"; };
		DE55FF461DBA08EB0014C758 /* VerticalScrollTextViewController.m */ = {isa = PBXFileReference; fileEncoding = 4; lastKnownFileType = sourcecode.c.objc; path = VerticalScrollTextViewController.m; sourceTree = "<group>"; };
		DE55FF5F1DBA10310014C758 /* TextViewPlacehodelViewController.h */ = {isa = PBXFileReference; fileEncoding = 4; lastKnownFileType = sourcecode.c.h; path = TextViewPlacehodelViewController.h; sourceTree = "<group>"; };
		DE55FF601DBA10310014C758 /* TextViewPlacehodelViewController.m */ = {isa = PBXFileReference; fileEncoding = 4; lastKnownFileType = sourcecode.c.objc; path = TextViewPlacehodelViewController.m; sourceTree = "<group>"; };
		DE55FF611DBA10310014C758 /* TextViewPlacehodelViewController.xib */ = {isa = PBXFileReference; fileEncoding = 4; lastKnownFileType = file.xib; path = TextViewPlacehodelViewController.xib; sourceTree = "<group>"; };
		DE5C94D01DE6B8BC00EFA20F /* WQSelectedTagsViewController.h */ = {isa = PBXFileReference; fileEncoding = 4; lastKnownFileType = sourcecode.c.h; path = WQSelectedTagsViewController.h; sourceTree = "<group>"; };
		DE5C94D11DE6B8BC00EFA20F /* WQSelectedTagsViewController.m */ = {isa = PBXFileReference; fileEncoding = 4; lastKnownFileType = sourcecode.c.objc; path = WQSelectedTagsViewController.m; sourceTree = "<group>"; };
		DE71DF9A1E6672C50061E374 /* WQKeyboardHandleViewController.h */ = {isa = PBXFileReference; fileEncoding = 4; lastKnownFileType = sourcecode.c.h; path = WQKeyboardHandleViewController.h; sourceTree = "<group>"; };
		DE71DF9B1E6672C50061E374 /* WQKeyboardHandleViewController.m */ = {isa = PBXFileReference; fileEncoding = 4; lastKnownFileType = sourcecode.c.objc; path = WQKeyboardHandleViewController.m; sourceTree = "<group>"; };
		DE8537771DE0043800654C4D /* WQClanderViewController.h */ = {isa = PBXFileReference; fileEncoding = 4; lastKnownFileType = sourcecode.c.h; path = WQClanderViewController.h; sourceTree = "<group>"; };
		DE8537781DE0043800654C4D /* WQClanderViewController.m */ = {isa = PBXFileReference; fileEncoding = 4; lastKnownFileType = sourcecode.c.objc; path = WQClanderViewController.m; sourceTree = "<group>"; };
		DE8537821DE0602400654C4D /* ReplicatorViewController.h */ = {isa = PBXFileReference; fileEncoding = 4; lastKnownFileType = sourcecode.c.h; path = ReplicatorViewController.h; sourceTree = "<group>"; };
		DE8537831DE0602400654C4D /* ReplicatorViewController.m */ = {isa = PBXFileReference; fileEncoding = 4; lastKnownFileType = sourcecode.c.objc; path = ReplicatorViewController.m; sourceTree = "<group>"; };
		DEAFF1F51DDF142200CF8116 /* WQTabBarViewController.h */ = {isa = PBXFileReference; fileEncoding = 4; lastKnownFileType = sourcecode.c.h; path = WQTabBarViewController.h; sourceTree = "<group>"; };
		DEAFF1F61DDF142200CF8116 /* WQTabBarViewController.m */ = {isa = PBXFileReference; fileEncoding = 4; lastKnownFileType = sourcecode.c.objc; path = WQTabBarViewController.m; sourceTree = "<group>"; };
		DEC00AF01DB8BBC000A516A1 /* SomeUIKit.app */ = {isa = PBXFileReference; explicitFileType = wrapper.application; includeInIndex = 0; path = SomeUIKit.app; sourceTree = BUILT_PRODUCTS_DIR; };
		DEC00AF41DB8BBC000A516A1 /* main.m */ = {isa = PBXFileReference; lastKnownFileType = sourcecode.c.objc; path = main.m; sourceTree = "<group>"; };
		DEC00AF61DB8BBC000A516A1 /* AppDelegate.h */ = {isa = PBXFileReference; lastKnownFileType = sourcecode.c.h; path = AppDelegate.h; sourceTree = "<group>"; };
		DEC00AF71DB8BBC000A516A1 /* AppDelegate.m */ = {isa = PBXFileReference; lastKnownFileType = sourcecode.c.objc; path = AppDelegate.m; sourceTree = "<group>"; };
		DEC00AF91DB8BBC000A516A1 /* ViewController.h */ = {isa = PBXFileReference; lastKnownFileType = sourcecode.c.h; path = ViewController.h; sourceTree = "<group>"; };
		DEC00AFA1DB8BBC000A516A1 /* ViewController.m */ = {isa = PBXFileReference; lastKnownFileType = sourcecode.c.objc; path = ViewController.m; sourceTree = "<group>"; };
		DEC00AFF1DB8BBC000A516A1 /* Assets.xcassets */ = {isa = PBXFileReference; lastKnownFileType = folder.assetcatalog; path = Assets.xcassets; sourceTree = "<group>"; };
		DEC00B021DB8BBC000A516A1 /* Base */ = {isa = PBXFileReference; lastKnownFileType = file.storyboard; name = Base; path = Base.lproj/LaunchScreen.storyboard; sourceTree = "<group>"; };
		DEC00B041DB8BBC000A516A1 /* Info.plist */ = {isa = PBXFileReference; lastKnownFileType = text.plist.xml; path = Info.plist; sourceTree = "<group>"; };
		DEC00B091DB8BBC000A516A1 /* SomeUIKitTests.xctest */ = {isa = PBXFileReference; explicitFileType = wrapper.cfbundle; includeInIndex = 0; path = SomeUIKitTests.xctest; sourceTree = BUILT_PRODUCTS_DIR; };
		DEC00B0D1DB8BBC000A516A1 /* SomeUIKitTests.m */ = {isa = PBXFileReference; lastKnownFileType = sourcecode.c.objc; path = SomeUIKitTests.m; sourceTree = "<group>"; };
		DEC00B0F1DB8BBC000A516A1 /* Info.plist */ = {isa = PBXFileReference; lastKnownFileType = text.plist.xml; path = Info.plist; sourceTree = "<group>"; };
		DEC00B141DB8BBC000A516A1 /* SomeUIKitUITests.xctest */ = {isa = PBXFileReference; explicitFileType = wrapper.cfbundle; includeInIndex = 0; path = SomeUIKitUITests.xctest; sourceTree = BUILT_PRODUCTS_DIR; };
		DEC00B181DB8BBC000A516A1 /* SomeUIKitUITests.m */ = {isa = PBXFileReference; lastKnownFileType = sourcecode.c.objc; path = SomeUIKitUITests.m; sourceTree = "<group>"; };
		DEC00B1A1DB8BBC000A516A1 /* Info.plist */ = {isa = PBXFileReference; lastKnownFileType = text.plist.xml; path = Info.plist; sourceTree = "<group>"; };
		DEC00B311DB8C0D900A516A1 /* GetPictureViewController.h */ = {isa = PBXFileReference; fileEncoding = 4; lastKnownFileType = sourcecode.c.h; path = GetPictureViewController.h; sourceTree = "<group>"; };
		DEC00B321DB8C0D900A516A1 /* GetPictureViewController.m */ = {isa = PBXFileReference; fileEncoding = 4; lastKnownFileType = sourcecode.c.objc; path = GetPictureViewController.m; sourceTree = "<group>"; };
		DEC00B331DB8C0D900A516A1 /* GetPictureViewController.xib */ = {isa = PBXFileReference; fileEncoding = 4; lastKnownFileType = file.xib; path = GetPictureViewController.xib; sourceTree = "<group>"; };
		DEC00B361DB8C24400A516A1 /* PrefixHeader.pch */ = {isa = PBXFileReference; fileEncoding = 4; lastKnownFileType = sourcecode.c.h; path = PrefixHeader.pch; sourceTree = "<group>"; };
		DEC00B481DB8CA7400A516A1 /* DropDownViewController.h */ = {isa = PBXFileReference; fileEncoding = 4; lastKnownFileType = sourcecode.c.h; path = DropDownViewController.h; sourceTree = "<group>"; };
		DEC00B491DB8CA7400A516A1 /* DropDownViewController.m */ = {isa = PBXFileReference; fileEncoding = 4; lastKnownFileType = sourcecode.c.objc; path = DropDownViewController.m; sourceTree = "<group>"; };
		DEC00B4A1DB8CA7400A516A1 /* DropDownViewController.xib */ = {isa = PBXFileReference; fileEncoding = 4; lastKnownFileType = file.xib; path = DropDownViewController.xib; sourceTree = "<group>"; };
		DEC00B501DB8D1C400A516A1 /* ButtonTitleImageLayoutViewController.h */ = {isa = PBXFileReference; fileEncoding = 4; lastKnownFileType = sourcecode.c.h; path = ButtonTitleImageLayoutViewController.h; sourceTree = "<group>"; };
		DEC00B511DB8D1C400A516A1 /* ButtonTitleImageLayoutViewController.m */ = {isa = PBXFileReference; fileEncoding = 4; lastKnownFileType = sourcecode.c.objc; path = ButtonTitleImageLayoutViewController.m; sourceTree = "<group>"; };
		DED67AB61E71252A0061CABF /* amrFileCodec.h */ = {isa = PBXFileReference; fileEncoding = 4; lastKnownFileType = sourcecode.c.h; path = amrFileCodec.h; sourceTree = "<group>"; };
		DED67AB71E71252A0061CABF /* amrFileCodec.m */ = {isa = PBXFileReference; fileEncoding = 4; lastKnownFileType = sourcecode.c.objc; path = amrFileCodec.m; sourceTree = "<group>"; };
		DED67AB81E71252A0061CABF /* dec_if.h */ = {isa = PBXFileReference; fileEncoding = 4; lastKnownFileType = sourcecode.c.h; path = dec_if.h; sourceTree = "<group>"; };
		DED67AB91E71252A0061CABF /* if_rom.h */ = {isa = PBXFileReference; fileEncoding = 4; lastKnownFileType = sourcecode.c.h; path = if_rom.h; sourceTree = "<group>"; };
		DED67ABA1E71252A0061CABF /* interf_dec.h */ = {isa = PBXFileReference; fileEncoding = 4; lastKnownFileType = sourcecode.c.h; path = interf_dec.h; sourceTree = "<group>"; };
		DED67ABB1E71252A0061CABF /* interf_enc.h */ = {isa = PBXFileReference; fileEncoding = 4; lastKnownFileType = sourcecode.c.h; path = interf_enc.h; sourceTree = "<group>"; };
		DED67ABC1E71252A0061CABF /* libopencore-amrnb.a */ = {isa = PBXFileReference; lastKnownFileType = archive.ar; path = "libopencore-amrnb.a"; sourceTree = "<group>"; };
		DED67ABD1E71252A0061CABF /* libopencore-amrwb.a */ = {isa = PBXFileReference; lastKnownFileType = archive.ar; path = "libopencore-amrwb.a"; sourceTree = "<group>"; };
		DED67ABE1E71252A0061CABF /* WQVoiceTool.h */ = {isa = PBXFileReference; fileEncoding = 4; lastKnownFileType = sourcecode.c.h; path = WQVoiceTool.h; sourceTree = "<group>"; };
		DED67ABF1E71252A0061CABF /* WQVoiceTool.m */ = {isa = PBXFileReference; fileEncoding = 4; lastKnownFileType = sourcecode.c.objc; path = WQVoiceTool.m; sourceTree = "<group>"; };
		DED67AC91E71340B0061CABF /* APPHELP.h */ = {isa = PBXFileReference; fileEncoding = 4; lastKnownFileType = sourcecode.c.h; path = APPHELP.h; sourceTree = "<group>"; };
		DED67ACA1E71340B0061CABF /* APPHELP.m */ = {isa = PBXFileReference; fileEncoding = 4; lastKnownFileType = sourcecode.c.objc; path = APPHELP.m; sourceTree = "<group>"; };
		DED67ACB1E71340B0061CABF /* WQBroserController.h */ = {isa = PBXFileReference; fileEncoding = 4; lastKnownFileType = sourcecode.c.h; path = WQBroserController.h; sourceTree = "<group>"; };
		DED67ACC1E71340B0061CABF /* WQBroserController.m */ = {isa = PBXFileReference; fileEncoding = 4; lastKnownFileType = sourcecode.c.objc; path = WQBroserController.m; sourceTree = "<group>"; };
		DED67ACD1E71340B0061CABF /* WQBroserController.xib */ = {isa = PBXFileReference; fileEncoding = 4; lastKnownFileType = file.xib; path = WQBroserController.xib; sourceTree = "<group>"; };
		DED67ACE1E71340B0061CABF /* WQControllerTransition.h */ = {isa = PBXFileReference; fileEncoding = 4; lastKnownFileType = sourcecode.c.h; path = WQControllerTransition.h; sourceTree = "<group>"; };
		DED67ACF1E71340B0061CABF /* WQControllerTransition.m */ = {isa = PBXFileReference; fileEncoding = 4; lastKnownFileType = sourcecode.c.objc; path = WQControllerTransition.m; sourceTree = "<group>"; };
		DED67AD71E714E400061CABF /* NSFileManager+Path.h */ = {isa = PBXFileReference; fileEncoding = 4; lastKnownFileType = sourcecode.c.h; path = "NSFileManager+Path.h"; sourceTree = "<group>"; };
		DED67AD81E714E400061CABF /* NSFileManager+Path.m */ = {isa = PBXFileReference; fileEncoding = 4; lastKnownFileType = sourcecode.c.objc; path = "NSFileManager+Path.m"; sourceTree = "<group>"; };
		DEFE2C661DD22716006BB614 /* WQLoopViewController.h */ = {isa = PBXFileReference; fileEncoding = 4; lastKnownFileType = sourcecode.c.h; path = WQLoopViewController.h; sourceTree = "<group>"; };
		DEFE2C671DD22716006BB614 /* WQLoopViewController.m */ = {isa = PBXFileReference; fileEncoding = 4; lastKnownFileType = sourcecode.c.objc; path = WQLoopViewController.m; sourceTree = "<group>"; };
		DEFE2C681DD22716006BB614 /* WQLoopViewController.xib */ = {isa = PBXFileReference; fileEncoding = 4; lastKnownFileType = file.xib; path = WQLoopViewController.xib; sourceTree = "<group>"; };
		DEFF6CAA1E69717F0004CFE2 /* ZHAnimationView.h */ = {isa = PBXFileReference; fileEncoding = 4; lastKnownFileType = sourcecode.c.h; path = ZHAnimationView.h; sourceTree = "<group>"; };
		DEFF6CAB1E69717F0004CFE2 /* ZHAnimationView.m */ = {isa = PBXFileReference; fileEncoding = 4; lastKnownFileType = sourcecode.c.objc; path = ZHAnimationView.m; sourceTree = "<group>"; };
		DEFF6CAE1E69717F0004CFE2 /* NSDate+Format.h */ = {isa = PBXFileReference; fileEncoding = 4; lastKnownFileType = sourcecode.c.h; path = "NSDate+Format.h"; sourceTree = "<group>"; };
		DEFF6CAF1E69717F0004CFE2 /* NSDate+Format.m */ = {isa = PBXFileReference; fileEncoding = 4; lastKnownFileType = sourcecode.c.objc; path = "NSDate+Format.m"; sourceTree = "<group>"; };
		DEFF6CB41E69717F0004CFE2 /* NSString+Date.h */ = {isa = PBXFileReference; fileEncoding = 4; lastKnownFileType = sourcecode.c.h; path = "NSString+Date.h"; sourceTree = "<group>"; };
		DEFF6CB51E69717F0004CFE2 /* NSString+Date.m */ = {isa = PBXFileReference; fileEncoding = 4; lastKnownFileType = sourcecode.c.objc; path = "NSString+Date.m"; sourceTree = "<group>"; };
		DEFF6CB81E69717F0004CFE2 /* NSString+Help.h */ = {isa = PBXFileReference; fileEncoding = 4; lastKnownFileType = sourcecode.c.h; path = "NSString+Help.h"; sourceTree = "<group>"; };
		DEFF6CB91E69717F0004CFE2 /* NSString+Help.m */ = {isa = PBXFileReference; fileEncoding = 4; lastKnownFileType = sourcecode.c.objc; path = "NSString+Help.m"; sourceTree = "<group>"; };
		DEFF6CBA1E69717F0004CFE2 /* UIGestureRecognizer+Block.h */ = {isa = PBXFileReference; fileEncoding = 4; lastKnownFileType = sourcecode.c.h; path = "UIGestureRecognizer+Block.h"; sourceTree = "<group>"; };
		DEFF6CBB1E69717F0004CFE2 /* UIGestureRecognizer+Block.m */ = {isa = PBXFileReference; fileEncoding = 4; lastKnownFileType = sourcecode.c.objc; path = "UIGestureRecognizer+Block.m"; sourceTree = "<group>"; };
		DEFF6CBD1E69717F0004CFE2 /* UIButton+countDown.h */ = {isa = PBXFileReference; fileEncoding = 4; lastKnownFileType = sourcecode.c.h; path = "UIButton+countDown.h"; sourceTree = "<group>"; };
		DEFF6CBE1E69717F0004CFE2 /* UIButton+countDown.m */ = {isa = PBXFileReference; fileEncoding = 4; lastKnownFileType = sourcecode.c.objc; path = "UIButton+countDown.m"; sourceTree = "<group>"; };
		DEFF6CBF1E69717F0004CFE2 /* UIImage+Extension.h */ = {isa = PBXFileReference; fileEncoding = 4; lastKnownFileType = sourcecode.c.h; path = "UIImage+Extension.h"; sourceTree = "<group>"; };
		DEFF6CC01E69717F0004CFE2 /* UIImage+Extension.m */ = {isa = PBXFileReference; fileEncoding = 4; lastKnownFileType = sourcecode.c.objc; path = "UIImage+Extension.m"; sourceTree = "<group>"; };
		DEFF6CC51E69717F0004CFE2 /* Singleton.h */ = {isa = PBXFileReference; fileEncoding = 4; lastKnownFileType = sourcecode.c.h; path = Singleton.h; sourceTree = "<group>"; };
		DEFF6CC61E69717F0004CFE2 /* WQConstans.h */ = {isa = PBXFileReference; fileEncoding = 4; lastKnownFileType = sourcecode.c.h; path = WQConstans.h; sourceTree = "<group>"; };
		DEFF6CD31E69717F0004CFE2 /* 00.jpg */ = {isa = PBXFileReference; lastKnownFileType = image.jpeg; path = 00.jpg; sourceTree = "<group>"; };
		DEFF6CD41E69717F0004CFE2 /* 01.jpg */ = {isa = PBXFileReference; lastKnownFileType = image.jpeg; path = 01.jpg; sourceTree = "<group>"; };
		DEFF6CD51E69717F0004CFE2 /* 02.jpg */ = {isa = PBXFileReference; lastKnownFileType = image.jpeg; path = 02.jpg; sourceTree = "<group>"; };
		DEFF6CD61E69717F0004CFE2 /* 03.jpg */ = {isa = PBXFileReference; lastKnownFileType = image.jpeg; path = 03.jpg; sourceTree = "<group>"; };
		DEFF6CD71E69717F0004CFE2 /* 04.jpg */ = {isa = PBXFileReference; lastKnownFileType = image.jpeg; path = 04.jpg; sourceTree = "<group>"; };
		DEFF6CD81E69717F0004CFE2 /* 05.jpg */ = {isa = PBXFileReference; lastKnownFileType = image.jpeg; path = 05.jpg; sourceTree = "<group>"; };
		DEFF6CD91E69717F0004CFE2 /* 06.jpg */ = {isa = PBXFileReference; lastKnownFileType = image.jpeg; path = 06.jpg; sourceTree = "<group>"; };
		DEFF6CDA1E69717F0004CFE2 /* 07.jpg */ = {isa = PBXFileReference; lastKnownFileType = image.jpeg; path = 07.jpg; sourceTree = "<group>"; };
		DEFF6CDC1E69717F0004CFE2 /* TabbbarController.storyboard */ = {isa = PBXFileReference; fileEncoding = 4; lastKnownFileType = file.storyboard; path = TabbbarController.storyboard; sourceTree = "<group>"; };
		DEFF6CDF1E69717F0004CFE2 /* WQCoderObject.h */ = {isa = PBXFileReference; fileEncoding = 4; lastKnownFileType = sourcecode.c.h; path = WQCoderObject.h; sourceTree = "<group>"; };
		DEFF6CE01E69717F0004CFE2 /* WQCoderObject.m */ = {isa = PBXFileReference; fileEncoding = 4; lastKnownFileType = sourcecode.c.objc; path = WQCoderObject.m; sourceTree = "<group>"; };
		DEFF6CE11E69717F0004CFE2 /* WQError.h */ = {isa = PBXFileReference; fileEncoding = 4; lastKnownFileType = sourcecode.c.h; path = WQError.h; sourceTree = "<group>"; };
		DEFF6CE21E69717F0004CFE2 /* WQError.m */ = {isa = PBXFileReference; fileEncoding = 4; lastKnownFileType = sourcecode.c.objc; path = WQError.m; sourceTree = "<group>"; };
		DEFF6CE91E69717F0004CFE2 /* RuntimeKit.h */ = {isa = PBXFileReference; fileEncoding = 4; lastKnownFileType = sourcecode.c.h; path = RuntimeKit.h; sourceTree = "<group>"; };
		DEFF6CEA1E69717F0004CFE2 /* RuntimeKit.m */ = {isa = PBXFileReference; fileEncoding = 4; lastKnownFileType = sourcecode.c.objc; path = RuntimeKit.m; sourceTree = "<group>"; };
		DEFF6CEB1E69717F0004CFE2 /* WQAppInfo.h */ = {isa = PBXFileReference; fileEncoding = 4; lastKnownFileType = sourcecode.c.h; path = WQAppInfo.h; sourceTree = "<group>"; };
		DEFF6CEC1E69717F0004CFE2 /* WQAppInfo.m */ = {isa = PBXFileReference; fileEncoding = 4; lastKnownFileType = sourcecode.c.objc; path = WQAppInfo.m; sourceTree = "<group>"; };
		DEFF6CED1E69717F0004CFE2 /* WQCache.h */ = {isa = PBXFileReference; fileEncoding = 4; lastKnownFileType = sourcecode.c.h; path = WQCache.h; sourceTree = "<group>"; };
		DEFF6CEE1E69717F0004CFE2 /* WQCache.m */ = {isa = PBXFileReference; fileEncoding = 4; lastKnownFileType = sourcecode.c.objc; path = WQCache.m; sourceTree = "<group>"; };
		DEFF6CF01E69717F0004CFE2 /* WQKeyboardAdjustHelp.h */ = {isa = PBXFileReference; fileEncoding = 4; lastKnownFileType = sourcecode.c.h; path = WQKeyboardAdjustHelp.h; sourceTree = "<group>"; };
		DEFF6CF11E69717F0004CFE2 /* WQKeyboardAdjustHelp.m */ = {isa = PBXFileReference; fileEncoding = 4; lastKnownFileType = sourcecode.c.objc; path = WQKeyboardAdjustHelp.m; sourceTree = "<group>"; };
		DEFF6CF71E69717F0004CFE2 /* WQTextView.h */ = {isa = PBXFileReference; fileEncoding = 4; lastKnownFileType = sourcecode.c.h; path = WQTextView.h; sourceTree = "<group>"; };
		DEFF6CF81E69717F0004CFE2 /* WQTextView.m */ = {isa = PBXFileReference; fileEncoding = 4; lastKnownFileType = sourcecode.c.objc; path = WQTextView.m; sourceTree = "<group>"; };
		DEFF6CF91E69717F0004CFE2 /* WQEdgeTitleButton.h */ = {isa = PBXFileReference; fileEncoding = 4; lastKnownFileType = sourcecode.c.h; path = WQEdgeTitleButton.h; sourceTree = "<group>"; };
		DEFF6CFA1E69717F0004CFE2 /* WQEdgeTitleButton.m */ = {isa = PBXFileReference; fileEncoding = 4; lastKnownFileType = sourcecode.c.objc; path = WQEdgeTitleButton.m; sourceTree = "<group>"; };
		DEFF6CFD1E69717F0004CFE2 /* WQAlertController.h */ = {isa = PBXFileReference; fileEncoding = 4; lastKnownFileType = sourcecode.c.h; path = WQAlertController.h; sourceTree = "<group>"; };
		DEFF6CFE1E69717F0004CFE2 /* WQAlertController.m */ = {isa = PBXFileReference; fileEncoding = 4; lastKnownFileType = sourcecode.c.objc; path = WQAlertController.m; sourceTree = "<group>"; };
		DEFF6D001E69717F0004CFE2 /* WQBannerLoopView.h */ = {isa = PBXFileReference; fileEncoding = 4; lastKnownFileType = sourcecode.c.h; path = WQBannerLoopView.h; sourceTree = "<group>"; };
		DEFF6D011E69717F0004CFE2 /* WQBannerLoopView.m */ = {isa = PBXFileReference; fileEncoding = 4; lastKnownFileType = sourcecode.c.objc; path = WQBannerLoopView.m; sourceTree = "<group>"; };
		DEFF6D031E69717F0004CFE2 /* ClendarDayUnit.h */ = {isa = PBXFileReference; fileEncoding = 4; lastKnownFileType = sourcecode.c.h; path = ClendarDayUnit.h; sourceTree = "<group>"; };
		DEFF6D041E69717F0004CFE2 /* ClendarDayUnit.m */ = {isa = PBXFileReference; fileEncoding = 4; lastKnownFileType = sourcecode.c.objc; path = ClendarDayUnit.m; sourceTree = "<group>"; };
		DEFF6D051E69717F0004CFE2 /* ClendarUnit.h */ = {isa = PBXFileReference; fileEncoding = 4; lastKnownFileType = sourcecode.c.h; path = ClendarUnit.h; sourceTree = "<group>"; };
		DEFF6D061E69717F0004CFE2 /* ClendarUnit.m */ = {isa = PBXFileReference; fileEncoding = 4; lastKnownFileType = sourcecode.c.objc; path = ClendarUnit.m; sourceTree = "<group>"; };
		DEFF6D071E69717F0004CFE2 /* WQClendarView.h */ = {isa = PBXFileReference; fileEncoding = 4; lastKnownFileType = sourcecode.c.h; path = WQClendarView.h; sourceTree = "<group>"; };
		DEFF6D081E69717F0004CFE2 /* WQClendarView.m */ = {isa = PBXFileReference; fileEncoding = 4; lastKnownFileType = sourcecode.c.objc; path = WQClendarView.m; sourceTree = "<group>"; };
		DEFF6D0A1E69717F0004CFE2 /* ExamineCell.h */ = {isa = PBXFileReference; fileEncoding = 4; lastKnownFileType = sourcecode.c.h; path = ExamineCell.h; sourceTree = "<group>"; };
		DEFF6D0B1E69717F0004CFE2 /* ExamineCell.m */ = {isa = PBXFileReference; fileEncoding = 4; lastKnownFileType = sourcecode.c.objc; path = ExamineCell.m; sourceTree = "<group>"; };
		DEFF6D0C1E69717F0004CFE2 /* ExamineCell.xib */ = {isa = PBXFileReference; fileEncoding = 4; lastKnownFileType = file.xib; path = ExamineCell.xib; sourceTree = "<group>"; };
		DEFF6D0D1E69717F0004CFE2 /* GuDExaminationItem.h */ = {isa = PBXFileReference; fileEncoding = 4; lastKnownFileType = sourcecode.c.h; path = GuDExaminationItem.h; sourceTree = "<group>"; };
		DEFF6D0E1E69717F0004CFE2 /* GuDExaminationItem.m */ = {isa = PBXFileReference; fileEncoding = 4; lastKnownFileType = sourcecode.c.objc; path = GuDExaminationItem.m; sourceTree = "<group>"; };
		DEFF6D0F1E69717F0004CFE2 /* GuDExamineDataViewController.h */ = {isa = PBXFileReference; fileEncoding = 4; lastKnownFileType = sourcecode.c.h; path = GuDExamineDataViewController.h; sourceTree = "<group>"; };
		DEFF6D101E69717F0004CFE2 /* GuDExamineDataViewController.m */ = {isa = PBXFileReference; fileEncoding = 4; lastKnownFileType = sourcecode.c.objc; path = GuDExamineDataViewController.m; sourceTree = "<group>"; };
		DEFF6D111E69717F0004CFE2 /* GuDExamineViewController.h */ = {isa = PBXFileReference; fileEncoding = 4; lastKnownFileType = sourcecode.c.h; path = GuDExamineViewController.h; sourceTree = "<group>"; };
		DEFF6D121E69717F0004CFE2 /* GuDExamineViewController.m */ = {isa = PBXFileReference; fileEncoding = 4; lastKnownFileType = sourcecode.c.objc; path = GuDExamineViewController.m; sourceTree = "<group>"; };
		DEFF6D141E69717F0004CFE2 /* WQTagCollectionViewCell.h */ = {isa = PBXFileReference; fileEncoding = 4; lastKnownFileType = sourcecode.c.h; path = WQTagCollectionViewCell.h; sourceTree = "<group>"; };
		DEFF6D151E69717F0004CFE2 /* WQTagCollectionViewCell.m */ = {isa = PBXFileReference; fileEncoding = 4; lastKnownFileType = sourcecode.c.objc; path = WQTagCollectionViewCell.m; sourceTree = "<group>"; };
		DEFF6D161E69717F0004CFE2 /* WQTagCollectionViewCell.xib */ = {isa = PBXFileReference; fileEncoding = 4; lastKnownFileType = file.xib; path = WQTagCollectionViewCell.xib; sourceTree = "<group>"; };
		DEFF6D171E69717F0004CFE2 /* WQTagsFlowLayout.h */ = {isa = PBXFileReference; fileEncoding = 4; lastKnownFileType = sourcecode.c.h; path = WQTagsFlowLayout.h; sourceTree = "<group>"; };
		DEFF6D181E69717F0004CFE2 /* WQTagsFlowLayout.m */ = {isa = PBXFileReference; fileEncoding = 4; lastKnownFileType = sourcecode.c.objc; path = WQTagsFlowLayout.m; sourceTree = "<group>"; };
		DEFF6D1A1E69717F0004CFE2 /* WQSelectPhotoViewController.h */ = {isa = PBXFileReference; fileEncoding = 4; lastKnownFileType = sourcecode.c.h; path = WQSelectPhotoViewController.h; sourceTree = "<group>"; };
		DEFF6D1B1E69717F0004CFE2 /* WQSelectPhotoViewController.m */ = {isa = PBXFileReference; fileEncoding = 4; lastKnownFileType = sourcecode.c.objc; path = WQSelectPhotoViewController.m; sourceTree = "<group>"; };
		DEFF6D1D1E69717F0004CFE2 /* WQSelectOptionsCell.h */ = {isa = PBXFileReference; fileEncoding = 4; lastKnownFileType = sourcecode.c.h; path = WQSelectOptionsCell.h; sourceTree = "<group>"; };
		DEFF6D1E1E69717F0004CFE2 /* WQSelectOptionsCell.m */ = {isa = PBXFileReference; fileEncoding = 4; lastKnownFileType = sourcecode.c.objc; path = WQSelectOptionsCell.m; sourceTree = "<group>"; };
		DEFF6D1F1E69717F0004CFE2 /* WQSelecOptionsView.h */ = {isa = PBXFileReference; fileEncoding = 4; lastKnownFileType = sourcecode.c.h; path = WQSelecOptionsView.h; sourceTree = "<group>"; };
		DEFF6D201E69717F0004CFE2 /* WQSelecOptionsView.m */ = {isa = PBXFileReference; fileEncoding = 4; lastKnownFileType = sourcecode.c.objc; path = WQSelecOptionsView.m; sourceTree = "<group>"; };
		DEFF6D221E69717F0004CFE2 /* WQShareActionCell.h */ = {isa = PBXFileReference; fileEncoding = 4; lastKnownFileType = sourcecode.c.h; path = WQShareActionCell.h; sourceTree = "<group>"; };
		DEFF6D231E69717F0004CFE2 /* WQShareActionCell.m */ = {isa = PBXFileReference; fileEncoding = 4; lastKnownFileType = sourcecode.c.objc; path = WQShareActionCell.m; sourceTree = "<group>"; };
		DEFF6D241E69717F0004CFE2 /* ShareActionCell.xib */ = {isa = PBXFileReference; fileEncoding = 4; lastKnownFileType = file.xib; path = ShareActionCell.xib; sourceTree = "<group>"; };
		DEFF6D251E69717F0004CFE2 /* WQShareActionItem.h */ = {isa = PBXFileReference; fileEncoding = 4; lastKnownFileType = sourcecode.c.h; path = WQShareActionItem.h; sourceTree = "<group>"; };
		DEFF6D261E69717F0004CFE2 /* WQShareActionItem.m */ = {isa = PBXFileReference; fileEncoding = 4; lastKnownFileType = sourcecode.c.objc; path = WQShareActionItem.m; sourceTree = "<group>"; };
		DEFF6D271E69717F0004CFE2 /* WQShareActionViewController.h */ = {isa = PBXFileReference; fileEncoding = 4; lastKnownFileType = sourcecode.c.h; path = WQShareActionViewController.h; sourceTree = "<group>"; };
		DEFF6D281E69717F0004CFE2 /* WQShareActionViewController.m */ = {isa = PBXFileReference; fileEncoding = 4; lastKnownFileType = sourcecode.c.objc; path = WQShareActionViewController.m; sourceTree = "<group>"; };
		DEFF6D2A1E6971800004CFE2 /* ContainerViewController.h */ = {isa = PBXFileReference; fileEncoding = 4; lastKnownFileType = sourcecode.c.h; path = ContainerViewController.h; sourceTree = "<group>"; };
		DEFF6D2B1E6971800004CFE2 /* ContainerViewController.m */ = {isa = PBXFileReference; fileEncoding = 4; lastKnownFileType = sourcecode.c.objc; path = ContainerViewController.m; sourceTree = "<group>"; };
		DEFF6D2C1E6971800004CFE2 /* MainNavController.h */ = {isa = PBXFileReference; fileEncoding = 4; lastKnownFileType = sourcecode.c.h; path = MainNavController.h; sourceTree = "<group>"; };
		DEFF6D2D1E6971800004CFE2 /* MainNavController.m */ = {isa = PBXFileReference; fileEncoding = 4; lastKnownFileType = sourcecode.c.objc; path = MainNavController.m; sourceTree = "<group>"; };
		DEFF6D2E1E6971800004CFE2 /* MainTabBarController.h */ = {isa = PBXFileReference; fileEncoding = 4; lastKnownFileType = sourcecode.c.h; path = MainTabBarController.h; sourceTree = "<group>"; };
		DEFF6D2F1E6971800004CFE2 /* MainTabBarController.m */ = {isa = PBXFileReference; fileEncoding = 4; lastKnownFileType = sourcecode.c.objc; path = MainTabBarController.m; sourceTree = "<group>"; };
		DEFF6D301E6971800004CFE2 /* MenuViewController.h */ = {isa = PBXFileReference; fileEncoding = 4; lastKnownFileType = sourcecode.c.h; path = MenuViewController.h; sourceTree = "<group>"; };
		DEFF6D311E6971800004CFE2 /* MenuViewController.m */ = {isa = PBXFileReference; fileEncoding = 4; lastKnownFileType = sourcecode.c.objc; path = MenuViewController.m; sourceTree = "<group>"; };
		DEFF6D331E6971800004CFE2 /* WQStarLevel.h */ = {isa = PBXFileReference; fileEncoding = 4; lastKnownFileType = sourcecode.c.h; path = WQStarLevel.h; sourceTree = "<group>"; };
		DEFF6D341E6971800004CFE2 /* WQStarLevel.m */ = {isa = PBXFileReference; fileEncoding = 4; lastKnownFileType = sourcecode.c.objc; path = WQStarLevel.m; sourceTree = "<group>"; };
		DEFF6D391E6971800004CFE2 /* GYChangeTextView.h */ = {isa = PBXFileReference; fileEncoding = 4; lastKnownFileType = sourcecode.c.h; path = GYChangeTextView.h; sourceTree = "<group>"; };
		DEFF6D3A1E6971800004CFE2 /* GYChangeTextView.m */ = {isa = PBXFileReference; fileEncoding = 4; lastKnownFileType = sourcecode.c.objc; path = GYChangeTextView.m; sourceTree = "<group>"; };
		DFA5B52A480A3EB1FB2C3F57 /* Pods-SomeUIKit.release.xcconfig */ = {isa = PBXFileReference; includeInIndex = 1; lastKnownFileType = text.xcconfig; name = "Pods-SomeUIKit.release.xcconfig"; path = "Pods/Target Support Files/Pods-SomeUIKit/Pods-SomeUIKit.release.xcconfig"; sourceTree = "<group>"; };
		E2E006F6D8D3D194833EABBA /* Pods-SomeUIKit.debug.xcconfig */ = {isa = PBXFileReference; includeInIndex = 1; lastKnownFileType = text.xcconfig; name = "Pods-SomeUIKit.debug.xcconfig"; path = "Pods/Target Support Files/Pods-SomeUIKit/Pods-SomeUIKit.debug.xcconfig"; sourceTree = "<group>"; };
/* End PBXFileReference section */

/* Begin PBXFrameworksBuildPhase section */
		DEC00AED1DB8BBC000A516A1 /* Frameworks */ = {
			isa = PBXFrameworksBuildPhase;
			buildActionMask = 2147483647;
			files = (
				8B43B7901A5066FFD774F34F /* libPods-SomeUIKit.a in Frameworks */,
				DED67AC21E71252A0061CABF /* libopencore-amrwb.a in Frameworks */,
				DED67AC11E71252A0061CABF /* libopencore-amrnb.a in Frameworks */,
			);
			runOnlyForDeploymentPostprocessing = 0;
		};
		DEC00B061DB8BBC000A516A1 /* Frameworks */ = {
			isa = PBXFrameworksBuildPhase;
			buildActionMask = 2147483647;
			files = (
			);
			runOnlyForDeploymentPostprocessing = 0;
		};
		DEC00B111DB8BBC000A516A1 /* Frameworks */ = {
			isa = PBXFrameworksBuildPhase;
			buildActionMask = 2147483647;
			files = (
			);
			runOnlyForDeploymentPostprocessing = 0;
		};
/* End PBXFrameworksBuildPhase section */

/* Begin PBXGroup section */
		9CE9924D14FA40B2692C7558 /* Pods */ = {
			isa = PBXGroup;
			children = (
				E2E006F6D8D3D194833EABBA /* Pods-SomeUIKit.debug.xcconfig */,
				DFA5B52A480A3EB1FB2C3F57 /* Pods-SomeUIKit.release.xcconfig */,
			);
			name = Pods;
			sourceTree = "<group>";
		};
		DE1FDD2E1E72A055008E6BA2 /* NetWorkTool */ = {
			isa = PBXGroup;
			children = (
				DE1FDD2F1E72A069008E6BA2 /* WQHttpTool.h */,
				DE1FDD301E72A069008E6BA2 /* WQHttpTool.m */,
				DE1FDD321E72A1AC008E6BA2 /* WQBaseAPI.h */,
				DE1FDD331E72A1AC008E6BA2 /* WQBaseAPI.m */,
				DE1FDD351E72AC51008E6BA2 /* UIImageView+SDWebImage.h */,
				DE1FDD361E72AC51008E6BA2 /* UIImageView+SDWebImage.m */,
			);
			path = NetWorkTool;
			sourceTree = "<group>";
		};
		DEC00AE71DB8BBC000A516A1 = {
			isa = PBXGroup;
			children = (
				DEFF6CA71E69717F0004CFE2 /* WQSomeUIKit */,
				DEC00AF21DB8BBC000A516A1 /* SomeUIKit */,
				DEC00B0C1DB8BBC000A516A1 /* SomeUIKitTests */,
				DEC00B171DB8BBC000A516A1 /* SomeUIKitUITests */,
				DEC00AF11DB8BBC000A516A1 /* Products */,
				9CE9924D14FA40B2692C7558 /* Pods */,
				E577C160D8780838F62A60D0 /* Frameworks */,
			);
			sourceTree = "<group>";
		};
		DEC00AF11DB8BBC000A516A1 /* Products */ = {
			isa = PBXGroup;
			children = (
				DEC00AF01DB8BBC000A516A1 /* SomeUIKit.app */,
				DEC00B091DB8BBC000A516A1 /* SomeUIKitTests.xctest */,
				DEC00B141DB8BBC000A516A1 /* SomeUIKitUITests.xctest */,
			);
			name = Products;
			sourceTree = "<group>";
		};
		DEC00AF21DB8BBC000A516A1 /* SomeUIKit */ = {
			isa = PBXGroup;
			children = (
				DEC00B261DB8BD1A00A516A1 /* Classes */,
				DEC00AF61DB8BBC000A516A1 /* AppDelegate.h */,
				DEC00AF71DB8BBC000A516A1 /* AppDelegate.m */,
				DEC00AF91DB8BBC000A516A1 /* ViewController.h */,
				DEC00AFA1DB8BBC000A516A1 /* ViewController.m */,
				DEC00AFF1DB8BBC000A516A1 /* Assets.xcassets */,
				DEC00B011DB8BBC000A516A1 /* LaunchScreen.storyboard */,
				DEC00B041DB8BBC000A516A1 /* Info.plist */,
				DEC00AF31DB8BBC000A516A1 /* Supporting Files */,
			);
			path = SomeUIKit;
			sourceTree = "<group>";
		};
		DEC00AF31DB8BBC000A516A1 /* Supporting Files */ = {
			isa = PBXGroup;
			children = (
				DEC00AF41DB8BBC000A516A1 /* main.m */,
				DEC00B361DB8C24400A516A1 /* PrefixHeader.pch */,
			);
			name = "Supporting Files";
			sourceTree = "<group>";
		};
		DEC00B0C1DB8BBC000A516A1 /* SomeUIKitTests */ = {
			isa = PBXGroup;
			children = (
				DEC00B0D1DB8BBC000A516A1 /* SomeUIKitTests.m */,
				DEC00B0F1DB8BBC000A516A1 /* Info.plist */,
			);
			path = SomeUIKitTests;
			sourceTree = "<group>";
		};
		DEC00B171DB8BBC000A516A1 /* SomeUIKitUITests */ = {
			isa = PBXGroup;
			children = (
				DEC00B181DB8BBC000A516A1 /* SomeUIKitUITests.m */,
				DEC00B1A1DB8BBC000A516A1 /* Info.plist */,
			);
			path = SomeUIKitUITests;
			sourceTree = "<group>";
		};
		DEC00B261DB8BD1A00A516A1 /* Classes */ = {
			isa = PBXGroup;
			children = (
				DEC00B291DB8BD1A00A516A1 /* ViewController */,
			);
			path = Classes;
			sourceTree = "<group>";
		};
		DEC00B291DB8BD1A00A516A1 /* ViewController */ = {
			isa = PBXGroup;
			children = (
				DE8537821DE0602400654C4D /* ReplicatorViewController.h */,
				DE8537831DE0602400654C4D /* ReplicatorViewController.m */,
				DEC00B311DB8C0D900A516A1 /* GetPictureViewController.h */,
				DEC00B321DB8C0D900A516A1 /* GetPictureViewController.m */,
				DEC00B331DB8C0D900A516A1 /* GetPictureViewController.xib */,
				DEC00B481DB8CA7400A516A1 /* DropDownViewController.h */,
				DEC00B491DB8CA7400A516A1 /* DropDownViewController.m */,
				DEC00B4A1DB8CA7400A516A1 /* DropDownViewController.xib */,
				DEC00B501DB8D1C400A516A1 /* ButtonTitleImageLayoutViewController.h */,
				DEC00B511DB8D1C400A516A1 /* ButtonTitleImageLayoutViewController.m */,
				DE55FF3A1DB9A48C0014C758 /* StarViewController.h */,
				DE55FF3B1DB9A48C0014C758 /* StarViewController.m */,
				DE55FF3C1DB9A48C0014C758 /* StarViewController.xib */,
				DE55FF451DBA08EB0014C758 /* VerticalScrollTextViewController.h */,
				DE55FF461DBA08EB0014C758 /* VerticalScrollTextViewController.m */,
				DE55FF5F1DBA10310014C758 /* TextViewPlacehodelViewController.h */,
				DE55FF601DBA10310014C758 /* TextViewPlacehodelViewController.m */,
				DE55FF611DBA10310014C758 /* TextViewPlacehodelViewController.xib */,
				DE056BA91DCD760F00E16D15 /* DateSelectViewController.h */,
				DE056BAA1DCD760F00E16D15 /* DateSelectViewController.m */,
				DE056BAB1DCD760F00E16D15 /* DateSelectViewController.xib */,
				DEFE2C661DD22716006BB614 /* WQLoopViewController.h */,
				DEFE2C671DD22716006BB614 /* WQLoopViewController.m */,
				DEFE2C681DD22716006BB614 /* WQLoopViewController.xib */,
				DEAFF1F51DDF142200CF8116 /* WQTabBarViewController.h */,
				DEAFF1F61DDF142200CF8116 /* WQTabBarViewController.m */,
				DE8537771DE0043800654C4D /* WQClanderViewController.h */,
				DE8537781DE0043800654C4D /* WQClanderViewController.m */,
				DE5C94D01DE6B8BC00EFA20F /* WQSelectedTagsViewController.h */,
				DE5C94D11DE6B8BC00EFA20F /* WQSelectedTagsViewController.m */,
				DE71DF9A1E6672C50061E374 /* WQKeyboardHandleViewController.h */,
				DE71DF9B1E6672C50061E374 /* WQKeyboardHandleViewController.m */,
				DE49E2B61E6D44DA0040A51A /* WQAnimationTrasitionViewController.h */,
				DE49E2B71E6D44DA0040A51A /* WQAnimationTrasitionViewController.m */,
				DE0A4DA91E6DAF0000281808 /* WQSubTransitionViewController.h */,
				DE0A4DAA1E6DAF0000281808 /* WQSubTransitionViewController.m */,
				DE1FDD2C1E72507C008E6BA2 /* WQAnimationTrasitionViewController.xib */,
			);
			path = ViewController;
			sourceTree = "<group>";
		};
		DED67AB41E71252A0061CABF /* VoiceTool */ = {
			isa = PBXGroup;
			children = (
				DED67AB51E71252A0061CABF /* amrwapper */,
				DED67ABE1E71252A0061CABF /* WQVoiceTool.h */,
				DED67ABF1E71252A0061CABF /* WQVoiceTool.m */,
			);
			path = VoiceTool;
			sourceTree = "<group>";
		};
		DED67AB51E71252A0061CABF /* amrwapper */ = {
			isa = PBXGroup;
			children = (
				DED67AB61E71252A0061CABF /* amrFileCodec.h */,
				DED67AB71E71252A0061CABF /* amrFileCodec.m */,
				DED67AB81E71252A0061CABF /* dec_if.h */,
				DED67AB91E71252A0061CABF /* if_rom.h */,
				DED67ABA1E71252A0061CABF /* interf_dec.h */,
				DED67ABB1E71252A0061CABF /* interf_enc.h */,
				DED67ABC1E71252A0061CABF /* libopencore-amrnb.a */,
				DED67ABD1E71252A0061CABF /* libopencore-amrwb.a */,
			);
			path = amrwapper;
			sourceTree = "<group>";
		};
		DED67AC81E71340B0061CABF /* Help */ = {
			isa = PBXGroup;
			children = (
				DED67AC91E71340B0061CABF /* APPHELP.h */,
				DED67ACA1E71340B0061CABF /* APPHELP.m */,
				DED67ACB1E71340B0061CABF /* WQBroserController.h */,
				DED67ACC1E71340B0061CABF /* WQBroserController.m */,
				DED67ACD1E71340B0061CABF /* WQBroserController.xib */,
				DED67ACE1E71340B0061CABF /* WQControllerTransition.h */,
				DED67ACF1E71340B0061CABF /* WQControllerTransition.m */,
			);
			path = Help;
			sourceTree = "<group>";
		};
		DEFF6CA71E69717F0004CFE2 /* WQSomeUIKit */ = {
			isa = PBXGroup;
			children = (
				DEFF6CA81E69717F0004CFE2 /* AnmationViews */,
				DEFF6CAC1E69717F0004CFE2 /* Category */,
				DEFF6CC31E69717F0004CFE2 /* Gloable */,
				DEFF6CC81E69717F0004CFE2 /* Resources */,
				DEFF6CDD1E69717F0004CFE2 /* Tool */,
				DEFF6CF51E69717F0004CFE2 /* UICustom */,
				DEFF6CFB1E69717F0004CFE2 /* UIHelp */,
			);
			path = WQSomeUIKit;
			sourceTree = "<group>";
		};
		DEFF6CA81E69717F0004CFE2 /* AnmationViews */ = {
			isa = PBXGroup;
			children = (
				DEFF6CA91E69717F0004CFE2 /* Animation */,
			);
			path = AnmationViews;
			sourceTree = "<group>";
		};
		DEFF6CA91E69717F0004CFE2 /* Animation */ = {
			isa = PBXGroup;
			children = (
				DEFF6CAA1E69717F0004CFE2 /* ZHAnimationView.h */,
				DEFF6CAB1E69717F0004CFE2 /* ZHAnimationView.m */,
			);
			path = Animation;
			sourceTree = "<group>";
		};
		DEFF6CAC1E69717F0004CFE2 /* Category */ = {
			isa = PBXGroup;
			children = (
				DEFF6CAD1E69717F0004CFE2 /* Category_Foundation */,
				DEFF6CBC1E69717F0004CFE2 /* Category_UIKit */,
			);
			path = Category;
			sourceTree = "<group>";
		};
		DEFF6CAD1E69717F0004CFE2 /* Category_Foundation */ = {
			isa = PBXGroup;
			children = (
				DEFF6CAE1E69717F0004CFE2 /* NSDate+Format.h */,
				DEFF6CAF1E69717F0004CFE2 /* NSDate+Format.m */,
				DEFF6CB41E69717F0004CFE2 /* NSString+Date.h */,
				DEFF6CB51E69717F0004CFE2 /* NSString+Date.m */,
				DEFF6CB81E69717F0004CFE2 /* NSString+Help.h */,
				DEFF6CB91E69717F0004CFE2 /* NSString+Help.m */,
				DEFF6CBA1E69717F0004CFE2 /* UIGestureRecognizer+Block.h */,
				DEFF6CBB1E69717F0004CFE2 /* UIGestureRecognizer+Block.m */,
			);
			path = Category_Foundation;
			sourceTree = "<group>";
		};
		DEFF6CBC1E69717F0004CFE2 /* Category_UIKit */ = {
			isa = PBXGroup;
			children = (
				DEFF6CBD1E69717F0004CFE2 /* UIButton+countDown.h */,
				DEFF6CBE1E69717F0004CFE2 /* UIButton+countDown.m */,
				DEFF6CBF1E69717F0004CFE2 /* UIImage+Extension.h */,
				DEFF6CC01E69717F0004CFE2 /* UIImage+Extension.m */,
				DE1FDD381E72B053008E6BA2 /* UIImageView+Animation.h */,
				DE1FDD391E72B053008E6BA2 /* UIImageView+Animation.m */,
			);
			path = Category_UIKit;
			sourceTree = "<group>";
		};
		DEFF6CC31E69717F0004CFE2 /* Gloable */ = {
			isa = PBXGroup;
			children = (
				DEFF6CC41E69717F0004CFE2 /* Header */,
			);
			path = Gloable;
			sourceTree = "<group>";
		};
		DEFF6CC41E69717F0004CFE2 /* Header */ = {
			isa = PBXGroup;
			children = (
				DEFF6CC51E69717F0004CFE2 /* Singleton.h */,
				DEFF6CC61E69717F0004CFE2 /* WQConstans.h */,
			);
			path = Header;
			sourceTree = "<group>";
		};
		DEFF6CC81E69717F0004CFE2 /* Resources */ = {
			isa = PBXGroup;
			children = (
				DEFF6CD21E69717F0004CFE2 /* images */,
				DEFF6CDB1E69717F0004CFE2 /* Sb */,
			);
			path = Resources;
			sourceTree = "<group>";
		};
		DEFF6CD21E69717F0004CFE2 /* images */ = {
			isa = PBXGroup;
			children = (
				DEFF6CD31E69717F0004CFE2 /* 00.jpg */,
				DEFF6CD41E69717F0004CFE2 /* 01.jpg */,
				DEFF6CD51E69717F0004CFE2 /* 02.jpg */,
				DEFF6CD61E69717F0004CFE2 /* 03.jpg */,
				DEFF6CD71E69717F0004CFE2 /* 04.jpg */,
				DEFF6CD81E69717F0004CFE2 /* 05.jpg */,
				DEFF6CD91E69717F0004CFE2 /* 06.jpg */,
				DEFF6CDA1E69717F0004CFE2 /* 07.jpg */,
			);
			path = images;
			sourceTree = "<group>";
		};
		DEFF6CDB1E69717F0004CFE2 /* Sb */ = {
			isa = PBXGroup;
			children = (
				DEFF6CDC1E69717F0004CFE2 /* TabbbarController.storyboard */,
			);
			path = Sb;
			sourceTree = "<group>";
		};
		DEFF6CDD1E69717F0004CFE2 /* Tool */ = {
			isa = PBXGroup;
			children = (
				DE1FDD2E1E72A055008E6BA2 /* NetWorkTool */,
				DED67AB41E71252A0061CABF /* VoiceTool */,
				DEFF6CDE1E69717F0004CFE2 /* BasicFoundation */,
				DEFF6CE31E69717F0004CFE2 /* BasicHelp */,
				DEFF6CEF1E69717F0004CFE2 /* FunctionHelp */,
			);
			path = Tool;
			sourceTree = "<group>";
		};
		DEFF6CDE1E69717F0004CFE2 /* BasicFoundation */ = {
			isa = PBXGroup;
			children = (
				DEFF6CDF1E69717F0004CFE2 /* WQCoderObject.h */,
				DEFF6CE01E69717F0004CFE2 /* WQCoderObject.m */,
				DEFF6CE11E69717F0004CFE2 /* WQError.h */,
				DEFF6CE21E69717F0004CFE2 /* WQError.m */,
			);
			path = BasicFoundation;
			sourceTree = "<group>";
		};
		DEFF6CE31E69717F0004CFE2 /* BasicHelp */ = {
			isa = PBXGroup;
			children = (
				DED67AD71E714E400061CABF /* NSFileManager+Path.h */,
				DED67AD81E714E400061CABF /* NSFileManager+Path.m */,
				DEFF6CE91E69717F0004CFE2 /* RuntimeKit.h */,
				DEFF6CEA1E69717F0004CFE2 /* RuntimeKit.m */,
				DEFF6CEB1E69717F0004CFE2 /* WQAppInfo.h */,
				DEFF6CEC1E69717F0004CFE2 /* WQAppInfo.m */,
				DEFF6CED1E69717F0004CFE2 /* WQCache.h */,
				DEFF6CEE1E69717F0004CFE2 /* WQCache.m */,
			);
			path = BasicHelp;
			sourceTree = "<group>";
		};
		DEFF6CEF1E69717F0004CFE2 /* FunctionHelp */ = {
			isa = PBXGroup;
			children = (
				DEFF6CF01E69717F0004CFE2 /* WQKeyboardAdjustHelp.h */,
				DEFF6CF11E69717F0004CFE2 /* WQKeyboardAdjustHelp.m */,
			);
			path = FunctionHelp;
			sourceTree = "<group>";
		};
		DEFF6CF51E69717F0004CFE2 /* UICustom */ = {
			isa = PBXGroup;
			children = (
				DEFF6CF61E69717F0004CFE2 /* ViewCustom */,
			);
			path = UICustom;
			sourceTree = "<group>";
		};
		DEFF6CF61E69717F0004CFE2 /* ViewCustom */ = {
			isa = PBXGroup;
			children = (
				DEFF6CF71E69717F0004CFE2 /* WQTextView.h */,
				DEFF6CF81E69717F0004CFE2 /* WQTextView.m */,
				DEFF6CF91E69717F0004CFE2 /* WQEdgeTitleButton.h */,
				DEFF6CFA1E69717F0004CFE2 /* WQEdgeTitleButton.m */,
			);
			path = ViewCustom;
			sourceTree = "<group>";
		};
		DEFF6CFB1E69717F0004CFE2 /* UIHelp */ = {
			isa = PBXGroup;
			children = (
				DED67AC81E71340B0061CABF /* Help */,
				DEFF6CFC1E69717F0004CFE2 /* AlertUI */,
				DEFF6CFF1E69717F0004CFE2 /* BannerLoop */,
				DEFF6D021E69717F0004CFE2 /* ClendarUI */,
				DEFF6D091E69717F0004CFE2 /* ExamineUI */,
				DEFF6D131E69717F0004CFE2 /* FlowTagUI */,
				DEFF6D191E69717F0004CFE2 /* PhotoUI */,
				DEFF6D1C1E69717F0004CFE2 /* PopSelectionsUI */,
				DEFF6D211E69717F0004CFE2 /* ShareUI */,
				DEFF6D291E69717F0004CFE2 /* SlideMenu */,
				DEFF6D321E6971800004CFE2 /* StarUI */,
				DEFF6D381E6971800004CFE2 /* VerticalLoopText */,
			);
			path = UIHelp;
			sourceTree = "<group>";
		};
		DEFF6CFC1E69717F0004CFE2 /* AlertUI */ = {
			isa = PBXGroup;
			children = (
				DEFF6CFD1E69717F0004CFE2 /* WQAlertController.h */,
				DEFF6CFE1E69717F0004CFE2 /* WQAlertController.m */,
			);
			path = AlertUI;
			sourceTree = "<group>";
		};
		DEFF6CFF1E69717F0004CFE2 /* BannerLoop */ = {
			isa = PBXGroup;
			children = (
				DEFF6D001E69717F0004CFE2 /* WQBannerLoopView.h */,
				DEFF6D011E69717F0004CFE2 /* WQBannerLoopView.m */,
			);
			path = BannerLoop;
			sourceTree = "<group>";
		};
		DEFF6D021E69717F0004CFE2 /* ClendarUI */ = {
			isa = PBXGroup;
			children = (
				DEFF6D031E69717F0004CFE2 /* ClendarDayUnit.h */,
				DEFF6D041E69717F0004CFE2 /* ClendarDayUnit.m */,
				DEFF6D051E69717F0004CFE2 /* ClendarUnit.h */,
				DEFF6D061E69717F0004CFE2 /* ClendarUnit.m */,
				DEFF6D071E69717F0004CFE2 /* WQClendarView.h */,
				DEFF6D081E69717F0004CFE2 /* WQClendarView.m */,
			);
			path = ClendarUI;
			sourceTree = "<group>";
		};
		DEFF6D091E69717F0004CFE2 /* ExamineUI */ = {
			isa = PBXGroup;
			children = (
				DEFF6D0A1E69717F0004CFE2 /* ExamineCell.h */,
				DEFF6D0B1E69717F0004CFE2 /* ExamineCell.m */,
				DEFF6D0C1E69717F0004CFE2 /* ExamineCell.xib */,
				DEFF6D0D1E69717F0004CFE2 /* GuDExaminationItem.h */,
				DEFF6D0E1E69717F0004CFE2 /* GuDExaminationItem.m */,
				DEFF6D0F1E69717F0004CFE2 /* GuDExamineDataViewController.h */,
				DEFF6D101E69717F0004CFE2 /* GuDExamineDataViewController.m */,
				DEFF6D111E69717F0004CFE2 /* GuDExamineViewController.h */,
				DEFF6D121E69717F0004CFE2 /* GuDExamineViewController.m */,
			);
			path = ExamineUI;
			sourceTree = "<group>";
		};
		DEFF6D131E69717F0004CFE2 /* FlowTagUI */ = {
			isa = PBXGroup;
			children = (
				DEFF6D141E69717F0004CFE2 /* WQTagCollectionViewCell.h */,
				DEFF6D151E69717F0004CFE2 /* WQTagCollectionViewCell.m */,
				DEFF6D161E69717F0004CFE2 /* WQTagCollectionViewCell.xib */,
				DEFF6D171E69717F0004CFE2 /* WQTagsFlowLayout.h */,
				DEFF6D181E69717F0004CFE2 /* WQTagsFlowLayout.m */,
			);
			path = FlowTagUI;
			sourceTree = "<group>";
		};
		DEFF6D191E69717F0004CFE2 /* PhotoUI */ = {
			isa = PBXGroup;
			children = (
				DEFF6D1A1E69717F0004CFE2 /* WQSelectPhotoViewController.h */,
				DEFF6D1B1E69717F0004CFE2 /* WQSelectPhotoViewController.m */,
			);
			path = PhotoUI;
			sourceTree = "<group>";
		};
		DEFF6D1C1E69717F0004CFE2 /* PopSelectionsUI */ = {
			isa = PBXGroup;
			children = (
				DEFF6D1D1E69717F0004CFE2 /* WQSelectOptionsCell.h */,
				DEFF6D1E1E69717F0004CFE2 /* WQSelectOptionsCell.m */,
				DEFF6D1F1E69717F0004CFE2 /* WQSelecOptionsView.h */,
				DEFF6D201E69717F0004CFE2 /* WQSelecOptionsView.m */,
			);
			path = PopSelectionsUI;
			sourceTree = "<group>";
		};
		DEFF6D211E69717F0004CFE2 /* ShareUI */ = {
			isa = PBXGroup;
			children = (
				DEFF6D221E69717F0004CFE2 /* WQShareActionCell.h */,
				DEFF6D231E69717F0004CFE2 /* WQShareActionCell.m */,
				DEFF6D241E69717F0004CFE2 /* ShareActionCell.xib */,
				DEFF6D251E69717F0004CFE2 /* WQShareActionItem.h */,
				DEFF6D261E69717F0004CFE2 /* WQShareActionItem.m */,
				DEFF6D271E69717F0004CFE2 /* WQShareActionViewController.h */,
				DEFF6D281E69717F0004CFE2 /* WQShareActionViewController.m */,
			);
			path = ShareUI;
			sourceTree = "<group>";
		};
		DEFF6D291E69717F0004CFE2 /* SlideMenu */ = {
			isa = PBXGroup;
			children = (
				DEFF6D2A1E6971800004CFE2 /* ContainerViewController.h */,
				DEFF6D2B1E6971800004CFE2 /* ContainerViewController.m */,
				DEFF6D2C1E6971800004CFE2 /* MainNavController.h */,
				DEFF6D2D1E6971800004CFE2 /* MainNavController.m */,
				DEFF6D2E1E6971800004CFE2 /* MainTabBarController.h */,
				DEFF6D2F1E6971800004CFE2 /* MainTabBarController.m */,
				DEFF6D301E6971800004CFE2 /* MenuViewController.h */,
				DEFF6D311E6971800004CFE2 /* MenuViewController.m */,
			);
			path = SlideMenu;
			sourceTree = "<group>";
		};
		DEFF6D321E6971800004CFE2 /* StarUI */ = {
			isa = PBXGroup;
			children = (
				DEFF6D331E6971800004CFE2 /* WQStarLevel.h */,
				DEFF6D341E6971800004CFE2 /* WQStarLevel.m */,
			);
			path = StarUI;
			sourceTree = "<group>";
		};
		DEFF6D381E6971800004CFE2 /* VerticalLoopText */ = {
			isa = PBXGroup;
			children = (
				DEFF6D391E6971800004CFE2 /* GYChangeTextView.h */,
				DEFF6D3A1E6971800004CFE2 /* GYChangeTextView.m */,
			);
			path = VerticalLoopText;
			sourceTree = "<group>";
		};
		E577C160D8780838F62A60D0 /* Frameworks */ = {
			isa = PBXGroup;
			children = (
				366E2D08C590E008A7E8429E /* libPods-SomeUIKit.a */,
			);
			name = Frameworks;
			sourceTree = "<group>";
		};
/* End PBXGroup section */

/* Begin PBXNativeTarget section */
		DEC00AEF1DB8BBC000A516A1 /* SomeUIKit */ = {
			isa = PBXNativeTarget;
			buildConfigurationList = DEC00B1D1DB8BBC000A516A1 /* Build configuration list for PBXNativeTarget "SomeUIKit" */;
			buildPhases = (
				775431099D0013AF2A029610 /* [CP] Check Pods Manifest.lock */,
				DEC00AEC1DB8BBC000A516A1 /* Sources */,
				DEC00AED1DB8BBC000A516A1 /* Frameworks */,
				DEC00AEE1DB8BBC000A516A1 /* Resources */,
				3417C4CABEEA89CB347CAC0E /* [CP] Embed Pods Frameworks */,
				C7A3E926A17615A84BED3C95 /* [CP] Copy Pods Resources */,
			);
			buildRules = (
			);
			dependencies = (
			);
			name = SomeUIKit;
			productName = SomeUIKit;
			productReference = DEC00AF01DB8BBC000A516A1 /* SomeUIKit.app */;
			productType = "com.apple.product-type.application";
		};
		DEC00B081DB8BBC000A516A1 /* SomeUIKitTests */ = {
			isa = PBXNativeTarget;
			buildConfigurationList = DEC00B201DB8BBC000A516A1 /* Build configuration list for PBXNativeTarget "SomeUIKitTests" */;
			buildPhases = (
				DEC00B051DB8BBC000A516A1 /* Sources */,
				DEC00B061DB8BBC000A516A1 /* Frameworks */,
				DEC00B071DB8BBC000A516A1 /* Resources */,
			);
			buildRules = (
			);
			dependencies = (
				DEC00B0B1DB8BBC000A516A1 /* PBXTargetDependency */,
			);
			name = SomeUIKitTests;
			productName = SomeUIKitTests;
			productReference = DEC00B091DB8BBC000A516A1 /* SomeUIKitTests.xctest */;
			productType = "com.apple.product-type.bundle.unit-test";
		};
		DEC00B131DB8BBC000A516A1 /* SomeUIKitUITests */ = {
			isa = PBXNativeTarget;
			buildConfigurationList = DEC00B231DB8BBC000A516A1 /* Build configuration list for PBXNativeTarget "SomeUIKitUITests" */;
			buildPhases = (
				DEC00B101DB8BBC000A516A1 /* Sources */,
				DEC00B111DB8BBC000A516A1 /* Frameworks */,
				DEC00B121DB8BBC000A516A1 /* Resources */,
			);
			buildRules = (
			);
			dependencies = (
				DEC00B161DB8BBC000A516A1 /* PBXTargetDependency */,
			);
			name = SomeUIKitUITests;
			productName = SomeUIKitUITests;
			productReference = DEC00B141DB8BBC000A516A1 /* SomeUIKitUITests.xctest */;
			productType = "com.apple.product-type.bundle.ui-testing";
		};
/* End PBXNativeTarget section */

/* Begin PBXProject section */
		DEC00AE81DB8BBC000A516A1 /* Project object */ = {
			isa = PBXProject;
			attributes = {
				CLASSPREFIX = WQ;
				LastUpgradeCheck = 0810;
				ORGANIZATIONNAME = WangQiang;
				TargetAttributes = {
					DEC00AEF1DB8BBC000A516A1 = {
						CreatedOnToolsVersion = 8.0;
						ProvisioningStyle = Automatic;
					};
					DEC00B081DB8BBC000A516A1 = {
						CreatedOnToolsVersion = 8.0;
						ProvisioningStyle = Automatic;
						TestTargetID = DEC00AEF1DB8BBC000A516A1;
					};
					DEC00B131DB8BBC000A516A1 = {
						CreatedOnToolsVersion = 8.0;
						ProvisioningStyle = Automatic;
						TestTargetID = DEC00AEF1DB8BBC000A516A1;
					};
				};
			};
			buildConfigurationList = DEC00AEB1DB8BBC000A516A1 /* Build configuration list for PBXProject "SomeUIKit" */;
			compatibilityVersion = "Xcode 3.2";
			developmentRegion = English;
			hasScannedForEncodings = 0;
			knownRegions = (
				en,
				Base,
			);
			mainGroup = DEC00AE71DB8BBC000A516A1;
			productRefGroup = DEC00AF11DB8BBC000A516A1 /* Products */;
			projectDirPath = "";
			projectRoot = "";
			targets = (
				DEC00AEF1DB8BBC000A516A1 /* SomeUIKit */,
				DEC00B081DB8BBC000A516A1 /* SomeUIKitTests */,
				DEC00B131DB8BBC000A516A1 /* SomeUIKitUITests */,
			);
		};
/* End PBXProject section */

/* Begin PBXResourcesBuildPhase section */
		DEC00AEE1DB8BBC000A516A1 /* Resources */ = {
			isa = PBXResourcesBuildPhase;
			buildActionMask = 2147483647;
			files = (
				DEFF6D6F1E6971800004CFE2 /* ShareActionCell.xib in Resources */,
				DE1FDD2D1E72507C008E6BA2 /* WQAnimationTrasitionViewController.xib in Resources */,
				DEFF6D4F1E6971800004CFE2 /* 06.jpg in Resources */,
				DEFF6D4D1E6971800004CFE2 /* 04.jpg in Resources */,
				DEFF6D4C1E6971800004CFE2 /* 03.jpg in Resources */,
				DEFF6D4A1E6971800004CFE2 /* 01.jpg in Resources */,
				DEFF6D491E6971800004CFE2 /* 00.jpg in Resources */,
				DEC00B351DB8C0D900A516A1 /* GetPictureViewController.xib in Resources */,
				DE55FF3E1DB9A48C0014C758 /* StarViewController.xib in Resources */,
				DEFF6D641E6971800004CFE2 /* ExamineCell.xib in Resources */,
				DE056BAD1DCD760F00E16D15 /* DateSelectViewController.xib in Resources */,
				DEC00B031DB8BBC000A516A1 /* LaunchScreen.storyboard in Resources */,
				DEFF6D4E1E6971800004CFE2 /* 05.jpg in Resources */,
				DEFE2C6A1DD22716006BB614 /* WQLoopViewController.xib in Resources */,
				DEC00B001DB8BBC000A516A1 /* Assets.xcassets in Resources */,
				DEFF6D511E6971800004CFE2 /* TabbbarController.storyboard in Resources */,
				DED67AD21E71340B0061CABF /* WQBroserController.xib in Resources */,
				DEFF6D691E6971800004CFE2 /* WQTagCollectionViewCell.xib in Resources */,
				DEFF6D501E6971800004CFE2 /* 07.jpg in Resources */,
				DE55FF631DBA10310014C758 /* TextViewPlacehodelViewController.xib in Resources */,
				DEFF6D4B1E6971800004CFE2 /* 02.jpg in Resources */,
				DEC00B4C1DB8CA7400A516A1 /* DropDownViewController.xib in Resources */,
			);
			runOnlyForDeploymentPostprocessing = 0;
		};
		DEC00B071DB8BBC000A516A1 /* Resources */ = {
			isa = PBXResourcesBuildPhase;
			buildActionMask = 2147483647;
			files = (
			);
			runOnlyForDeploymentPostprocessing = 0;
		};
		DEC00B121DB8BBC000A516A1 /* Resources */ = {
			isa = PBXResourcesBuildPhase;
			buildActionMask = 2147483647;
			files = (
			);
			runOnlyForDeploymentPostprocessing = 0;
		};
/* End PBXResourcesBuildPhase section */

/* Begin PBXShellScriptBuildPhase section */
		3417C4CABEEA89CB347CAC0E /* [CP] Embed Pods Frameworks */ = {
			isa = PBXShellScriptBuildPhase;
			buildActionMask = 2147483647;
			files = (
			);
			inputPaths = (
			);
			name = "[CP] Embed Pods Frameworks";
			outputPaths = (
			);
			runOnlyForDeploymentPostprocessing = 0;
			shellPath = /bin/sh;
			shellScript = "\"${SRCROOT}/Pods/Target Support Files/Pods-SomeUIKit/Pods-SomeUIKit-frameworks.sh\"\n";
			showEnvVarsInLog = 0;
		};
		775431099D0013AF2A029610 /* [CP] Check Pods Manifest.lock */ = {
			isa = PBXShellScriptBuildPhase;
			buildActionMask = 2147483647;
			files = (
			);
			inputPaths = (
			);
			name = "[CP] Check Pods Manifest.lock";
			outputPaths = (
			);
			runOnlyForDeploymentPostprocessing = 0;
			shellPath = /bin/sh;
			shellScript = "diff \"${PODS_ROOT}/../Podfile.lock\" \"${PODS_ROOT}/Manifest.lock\" > /dev/null\nif [ $? != 0 ] ; then\n    # print error to STDERR\n    echo \"error: The sandbox is not in sync with the Podfile.lock. Run 'pod install' or update your CocoaPods installation.\" >&2\n    exit 1\nfi\n";
			showEnvVarsInLog = 0;
		};
		C7A3E926A17615A84BED3C95 /* [CP] Copy Pods Resources */ = {
			isa = PBXShellScriptBuildPhase;
			buildActionMask = 2147483647;
			files = (
			);
			inputPaths = (
			);
			name = "[CP] Copy Pods Resources";
			outputPaths = (
			);
			runOnlyForDeploymentPostprocessing = 0;
			shellPath = /bin/sh;
			shellScript = "\"${SRCROOT}/Pods/Target Support Files/Pods-SomeUIKit/Pods-SomeUIKit-resources.sh\"\n";
			showEnvVarsInLog = 0;
		};
/* End PBXShellScriptBuildPhase section */

/* Begin PBXSourcesBuildPhase section */
		DEC00AEC1DB8BBC000A516A1 /* Sources */ = {
			isa = PBXSourcesBuildPhase;
			buildActionMask = 2147483647;
			files = (
				DEFF6D411E6971800004CFE2 /* NSString+Help.m in Sources */,
				DE1FDD311E72A069008E6BA2 /* WQHttpTool.m in Sources */,
				DEFF6D631E6971800004CFE2 /* ExamineCell.m in Sources */,
				DEFF6D741E6971800004CFE2 /* MainTabBarController.m in Sources */,
				DEFF6D5E1E6971800004CFE2 /* WQAlertController.m in Sources */,
				DEFF6D431E6971800004CFE2 /* UIButton+countDown.m in Sources */,
				DEC00AFB1DB8BBC000A516A1 /* ViewController.m in Sources */,
				DED67AD31E71340B0061CABF /* WQControllerTransition.m in Sources */,
				DEFF6D661E6971800004CFE2 /* GuDExamineDataViewController.m in Sources */,
				DEFF6D611E6971800004CFE2 /* ClendarUnit.m in Sources */,
				DE1FDD371E72AC51008E6BA2 /* UIImageView+SDWebImage.m in Sources */,
				DEFF6D761E6971800004CFE2 /* WQStarLevel.m in Sources */,
				DEFF6D581E6971800004CFE2 /* WQAppInfo.m in Sources */,
				DED67AD11E71340B0061CABF /* WQBroserController.m in Sources */,
				DEFF6D6A1E6971800004CFE2 /* WQTagsFlowLayout.m in Sources */,
				DEFF6D521E6971800004CFE2 /* WQCoderObject.m in Sources */,
				DE49E2B81E6D44DA0040A51A /* WQAnimationTrasitionViewController.m in Sources */,
				DEFF6D5C1E6971800004CFE2 /* WQTextView.m in Sources */,
				DE8537791DE0043800654C4D /* WQClanderViewController.m in Sources */,
				DE5C94D21DE6B8BC00EFA20F /* WQSelectedTagsViewController.m in Sources */,
				DEFF6D5D1E6971800004CFE2 /* WQEdgeTitleButton.m in Sources */,
				DE55FF471DBA08EB0014C758 /* VerticalScrollTextViewController.m in Sources */,
				DEFF6D751E6971800004CFE2 /* MenuViewController.m in Sources */,
				DEC00B341DB8C0D900A516A1 /* GetPictureViewController.m in Sources */,
				DEFF6D3C1E6971800004CFE2 /* NSDate+Format.m in Sources */,
				DEC00B531DB8D1C400A516A1 /* ButtonTitleImageLayoutViewController.m in Sources */,
				DED67AD01E71340B0061CABF /* APPHELP.m in Sources */,
				DEFF6D711E6971800004CFE2 /* WQShareActionViewController.m in Sources */,
				DEFF6D781E6971800004CFE2 /* GYChangeTextView.m in Sources */,
				DE71DF9C1E6672C50061E374 /* WQKeyboardHandleViewController.m in Sources */,
				DEFF6D591E6971800004CFE2 /* WQCache.m in Sources */,
				DEFF6D5F1E6971800004CFE2 /* WQBannerLoopView.m in Sources */,
				DEFF6D6E1E6971800004CFE2 /* WQShareActionCell.m in Sources */,
				DEFF6D6D1E6971800004CFE2 /* WQSelecOptionsView.m in Sources */,
				DEFF6D701E6971800004CFE2 /* WQShareActionItem.m in Sources */,
				DE0A4DAB1E6DAF0000281808 /* WQSubTransitionViewController.m in Sources */,
				DE1FDD341E72A1AC008E6BA2 /* WQBaseAPI.m in Sources */,
				DE1FDD3A1E72B053008E6BA2 /* UIImageView+Animation.m in Sources */,
				DEFF6D3B1E6971800004CFE2 /* ZHAnimationView.m in Sources */,
				DEC00AF81DB8BBC000A516A1 /* AppDelegate.m in Sources */,
				DEFE2C691DD22716006BB614 /* WQLoopViewController.m in Sources */,
				DEFF6D721E6971800004CFE2 /* ContainerViewController.m in Sources */,
				DE55FF621DBA10310014C758 /* TextViewPlacehodelViewController.m in Sources */,
				DEFF6D651E6971800004CFE2 /* GuDExaminationItem.m in Sources */,
				DEFF6D3F1E6971800004CFE2 /* NSString+Date.m in Sources */,
				DEFF6D601E6971800004CFE2 /* ClendarDayUnit.m in Sources */,
				DEC00B4B1DB8CA7400A516A1 /* DropDownViewController.m in Sources */,
				DEFF6D731E6971800004CFE2 /* MainNavController.m in Sources */,
				DEFF6D6B1E6971800004CFE2 /* WQSelectPhotoViewController.m in Sources */,
				DEFF6D421E6971800004CFE2 /* UIGestureRecognizer+Block.m in Sources */,
				DEC00AF51DB8BBC000A516A1 /* main.m in Sources */,
				DEFF6D681E6971800004CFE2 /* WQTagCollectionViewCell.m in Sources */,
				DEFF6D5A1E6971800004CFE2 /* WQKeyboardAdjustHelp.m in Sources */,
				DEFF6D571E6971800004CFE2 /* RuntimeKit.m in Sources */,
				DEFF6D441E6971800004CFE2 /* UIImage+Extension.m in Sources */,
				DED67AC31E71252A0061CABF /* WQVoiceTool.m in Sources */,
				DEFF6D531E6971800004CFE2 /* WQError.m in Sources */,
				DEFF6D621E6971800004CFE2 /* WQClendarView.m in Sources */,
				DE55FF3D1DB9A48C0014C758 /* StarViewController.m in Sources */,
				DED67AD91E714E400061CABF /* NSFileManager+Path.m in Sources */,
				DEFF6D671E6971800004CFE2 /* GuDExamineViewController.m in Sources */,
				DE056BAC1DCD760F00E16D15 /* DateSelectViewController.m in Sources */,
				DED67AC01E71252A0061CABF /* amrFileCodec.m in Sources */,
				DEFF6D6C1E6971800004CFE2 /* WQSelectOptionsCell.m in Sources */,
				DE8537841DE0602400654C4D /* ReplicatorViewController.m in Sources */,
				DEAFF1F71DDF142200CF8116 /* WQTabBarViewController.m in Sources */,
			);
			runOnlyForDeploymentPostprocessing = 0;
		};
		DEC00B051DB8BBC000A516A1 /* Sources */ = {
			isa = PBXSourcesBuildPhase;
			buildActionMask = 2147483647;
			files = (
				DEC00B0E1DB8BBC000A516A1 /* SomeUIKitTests.m in Sources */,
			);
			runOnlyForDeploymentPostprocessing = 0;
		};
		DEC00B101DB8BBC000A516A1 /* Sources */ = {
			isa = PBXSourcesBuildPhase;
			buildActionMask = 2147483647;
			files = (
				DEC00B191DB8BBC000A516A1 /* SomeUIKitUITests.m in Sources */,
			);
			runOnlyForDeploymentPostprocessing = 0;
		};
/* End PBXSourcesBuildPhase section */

/* Begin PBXTargetDependency section */
		DEC00B0B1DB8BBC000A516A1 /* PBXTargetDependency */ = {
			isa = PBXTargetDependency;
			target = DEC00AEF1DB8BBC000A516A1 /* SomeUIKit */;
			targetProxy = DEC00B0A1DB8BBC000A516A1 /* PBXContainerItemProxy */;
		};
		DEC00B161DB8BBC000A516A1 /* PBXTargetDependency */ = {
			isa = PBXTargetDependency;
			target = DEC00AEF1DB8BBC000A516A1 /* SomeUIKit */;
			targetProxy = DEC00B151DB8BBC000A516A1 /* PBXContainerItemProxy */;
		};
/* End PBXTargetDependency section */

/* Begin PBXVariantGroup section */
		DEC00B011DB8BBC000A516A1 /* LaunchScreen.storyboard */ = {
			isa = PBXVariantGroup;
			children = (
				DEC00B021DB8BBC000A516A1 /* Base */,
			);
			name = LaunchScreen.storyboard;
			sourceTree = "<group>";
		};
/* End PBXVariantGroup section */

/* Begin XCBuildConfiguration section */
		DEC00B1B1DB8BBC000A516A1 /* Debug */ = {
			isa = XCBuildConfiguration;
			buildSettings = {
				ALWAYS_SEARCH_USER_PATHS = NO;
				CLANG_ANALYZER_NONNULL = YES;
				CLANG_CXX_LANGUAGE_STANDARD = "gnu++0x";
				CLANG_CXX_LIBRARY = "libc++";
				CLANG_ENABLE_MODULES = YES;
				CLANG_ENABLE_OBJC_ARC = YES;
				CLANG_WARN_BOOL_CONVERSION = YES;
				CLANG_WARN_CONSTANT_CONVERSION = YES;
				CLANG_WARN_DIRECT_OBJC_ISA_USAGE = YES_ERROR;
				CLANG_WARN_DOCUMENTATION_COMMENTS = YES;
				CLANG_WARN_EMPTY_BODY = YES;
				CLANG_WARN_ENUM_CONVERSION = YES;
				CLANG_WARN_INFINITE_RECURSION = YES;
				CLANG_WARN_INT_CONVERSION = YES;
				CLANG_WARN_OBJC_ROOT_CLASS = YES_ERROR;
				CLANG_WARN_SUSPICIOUS_MOVE = YES;
				CLANG_WARN_SUSPICIOUS_MOVES = YES;
				CLANG_WARN_UNREACHABLE_CODE = YES;
				CLANG_WARN__DUPLICATE_METHOD_MATCH = YES;
				"CODE_SIGN_IDENTITY[sdk=iphoneos*]" = "iPhone Developer";
				COPY_PHASE_STRIP = NO;
				DEBUG_INFORMATION_FORMAT = dwarf;
				ENABLE_STRICT_OBJC_MSGSEND = YES;
				ENABLE_TESTABILITY = YES;
				GCC_C_LANGUAGE_STANDARD = gnu99;
				GCC_DYNAMIC_NO_PIC = NO;
				GCC_NO_COMMON_BLOCKS = YES;
				GCC_OPTIMIZATION_LEVEL = 0;
				GCC_PREFIX_HEADER = "$(SRCROOT)/SomeUIKit/PrefixHeader.pch";
				GCC_PREPROCESSOR_DEFINITIONS = (
					"DEBUG=1",
					"$(inherited)",
				);
				GCC_WARN_64_TO_32_BIT_CONVERSION = YES;
				GCC_WARN_ABOUT_RETURN_TYPE = YES_ERROR;
				GCC_WARN_UNDECLARED_SELECTOR = YES;
				GCC_WARN_UNINITIALIZED_AUTOS = YES_AGGRESSIVE;
				GCC_WARN_UNUSED_FUNCTION = YES;
				GCC_WARN_UNUSED_VARIABLE = YES;
				IPHONEOS_DEPLOYMENT_TARGET = 10.0;
				MTL_ENABLE_DEBUG_INFO = YES;
				ONLY_ACTIVE_ARCH = YES;
				SDKROOT = iphoneos;
			};
			name = Debug;
		};
		DEC00B1C1DB8BBC000A516A1 /* Release */ = {
			isa = XCBuildConfiguration;
			buildSettings = {
				ALWAYS_SEARCH_USER_PATHS = NO;
				CLANG_ANALYZER_NONNULL = YES;
				CLANG_CXX_LANGUAGE_STANDARD = "gnu++0x";
				CLANG_CXX_LIBRARY = "libc++";
				CLANG_ENABLE_MODULES = YES;
				CLANG_ENABLE_OBJC_ARC = YES;
				CLANG_WARN_BOOL_CONVERSION = YES;
				CLANG_WARN_CONSTANT_CONVERSION = YES;
				CLANG_WARN_DIRECT_OBJC_ISA_USAGE = YES_ERROR;
				CLANG_WARN_DOCUMENTATION_COMMENTS = YES;
				CLANG_WARN_EMPTY_BODY = YES;
				CLANG_WARN_ENUM_CONVERSION = YES;
				CLANG_WARN_INFINITE_RECURSION = YES;
				CLANG_WARN_INT_CONVERSION = YES;
				CLANG_WARN_OBJC_ROOT_CLASS = YES_ERROR;
				CLANG_WARN_SUSPICIOUS_MOVE = YES;
				CLANG_WARN_SUSPICIOUS_MOVES = YES;
				CLANG_WARN_UNREACHABLE_CODE = YES;
				CLANG_WARN__DUPLICATE_METHOD_MATCH = YES;
				"CODE_SIGN_IDENTITY[sdk=iphoneos*]" = "iPhone Developer";
				COPY_PHASE_STRIP = NO;
				DEBUG_INFORMATION_FORMAT = "dwarf-with-dsym";
				ENABLE_NS_ASSERTIONS = NO;
				ENABLE_STRICT_OBJC_MSGSEND = YES;
				GCC_C_LANGUAGE_STANDARD = gnu99;
				GCC_NO_COMMON_BLOCKS = YES;
				GCC_PREFIX_HEADER = "$(SRCROOT)/SomeUIKit/PrefixHeader.pch";
				GCC_WARN_64_TO_32_BIT_CONVERSION = YES;
				GCC_WARN_ABOUT_RETURN_TYPE = YES_ERROR;
				GCC_WARN_UNDECLARED_SELECTOR = YES;
				GCC_WARN_UNINITIALIZED_AUTOS = YES_AGGRESSIVE;
				GCC_WARN_UNUSED_FUNCTION = YES;
				GCC_WARN_UNUSED_VARIABLE = YES;
				IPHONEOS_DEPLOYMENT_TARGET = 10.0;
				MTL_ENABLE_DEBUG_INFO = NO;
				SDKROOT = iphoneos;
				VALIDATE_PRODUCT = YES;
			};
			name = Release;
		};
		DEC00B1E1DB8BBC000A516A1 /* Debug */ = {
			isa = XCBuildConfiguration;
			baseConfigurationReference = E2E006F6D8D3D194833EABBA /* Pods-SomeUIKit.debug.xcconfig */;
			buildSettings = {
				ASSETCATALOG_COMPILER_APPICON_NAME = AppIcon;
				CLANG_WARN_SUSPICIOUS_MOVES = YES;
				GCC_PREFIX_HEADER = "$(SRCROOT)/SomeUIKit/PrefixHeader.pch";
				INFOPLIST_FILE = SomeUIKit/Info.plist;
				IPHONEOS_DEPLOYMENT_TARGET = 8.0;
				LD_RUNPATH_SEARCH_PATHS = "$(inherited) @executable_path/Frameworks";
				LIBRARY_SEARCH_PATHS = (
					"$(inherited)",
					"$(PROJECT_DIR)/WQSomeUIKit/Resources/amrwapper/opencore-amrnb",
					"$(PROJECT_DIR)/WQSomeUIKit/Resources/amrwapper/opencore-amrwb",
					"$(PROJECT_DIR)/WQSomeUIKit/Resources/amrwapper",
					"$(PROJECT_DIR)/WQSomeUIKit/Tool/VoiceTool/amrwapper",
				);
				PRODUCT_BUNDLE_IDENTIFIER = WANG.SomeUIKit;
				PRODUCT_NAME = "$(TARGET_NAME)";
			};
			name = Debug;
		};
		DEC00B1F1DB8BBC000A516A1 /* Release */ = {
			isa = XCBuildConfiguration;
			baseConfigurationReference = DFA5B52A480A3EB1FB2C3F57 /* Pods-SomeUIKit.release.xcconfig */;
			buildSettings = {
				ASSETCATALOG_COMPILER_APPICON_NAME = AppIcon;
				CLANG_WARN_SUSPICIOUS_MOVES = YES;
				GCC_PREFIX_HEADER = "$(SRCROOT)/SomeUIKit/PrefixHeader.pch";
				INFOPLIST_FILE = SomeUIKit/Info.plist;
				IPHONEOS_DEPLOYMENT_TARGET = 8.0;
				LD_RUNPATH_SEARCH_PATHS = "$(inherited) @executable_path/Frameworks";
				LIBRARY_SEARCH_PATHS = (
					"$(inherited)",
					"$(PROJECT_DIR)/WQSomeUIKit/Resources/amrwapper/opencore-amrnb",
					"$(PROJECT_DIR)/WQSomeUIKit/Resources/amrwapper/opencore-amrwb",
					"$(PROJECT_DIR)/WQSomeUIKit/Resources/amrwapper",
					"$(PROJECT_DIR)/WQSomeUIKit/Tool/VoiceTool/amrwapper",
				);
				PRODUCT_BUNDLE_IDENTIFIER = WANG.SomeUIKit;
				PRODUCT_NAME = "$(TARGET_NAME)";
			};
			name = Release;
		};
		DEC00B211DB8BBC000A516A1 /* Debug */ = {
			isa = XCBuildConfiguration;
			buildSettings = {
				BUNDLE_LOADER = "$(TEST_HOST)";
				INFOPLIST_FILE = SomeUIKitTests/Info.plist;
				LD_RUNPATH_SEARCH_PATHS = "$(inherited) @executable_path/Frameworks @loader_path/Frameworks";
				PRODUCT_BUNDLE_IDENTIFIER = WANG.SomeUIKitTests;
				PRODUCT_NAME = "$(TARGET_NAME)";
				TEST_HOST = "$(BUILT_PRODUCTS_DIR)/SomeUIKit.app/SomeUIKit";
			};
			name = Debug;
		};
		DEC00B221DB8BBC000A516A1 /* Release */ = {
			isa = XCBuildConfiguration;
			buildSettings = {
				BUNDLE_LOADER = "$(TEST_HOST)";
				INFOPLIST_FILE = SomeUIKitTests/Info.plist;
				LD_RUNPATH_SEARCH_PATHS = "$(inherited) @executable_path/Frameworks @loader_path/Frameworks";
				PRODUCT_BUNDLE_IDENTIFIER = WANG.SomeUIKitTests;
				PRODUCT_NAME = "$(TARGET_NAME)";
				TEST_HOST = "$(BUILT_PRODUCTS_DIR)/SomeUIKit.app/SomeUIKit";
			};
			name = Release;
		};
		DEC00B241DB8BBC000A516A1 /* Debug */ = {
			isa = XCBuildConfiguration;
			buildSettings = {
				INFOPLIST_FILE = SomeUIKitUITests/Info.plist;
				LD_RUNPATH_SEARCH_PATHS = "$(inherited) @executable_path/Frameworks @loader_path/Frameworks";
				PRODUCT_BUNDLE_IDENTIFIER = WANG.SomeUIKitUITests;
				PRODUCT_NAME = "$(TARGET_NAME)";
				TEST_TARGET_NAME = SomeUIKit;
			};
			name = Debug;
		};
		DEC00B251DB8BBC000A516A1 /* Release */ = {
			isa = XCBuildConfiguration;
			buildSettings = {
				INFOPLIST_FILE = SomeUIKitUITests/Info.plist;
				LD_RUNPATH_SEARCH_PATHS = "$(inherited) @executable_path/Frameworks @loader_path/Frameworks";
				PRODUCT_BUNDLE_IDENTIFIER = WANG.SomeUIKitUITests;
				PRODUCT_NAME = "$(TARGET_NAME)";
				TEST_TARGET_NAME = SomeUIKit;
			};
			name = Release;
		};
/* End XCBuildConfiguration section */

/* Begin XCConfigurationList section */
		DEC00AEB1DB8BBC000A516A1 /* Build configuration list for PBXProject "SomeUIKit" */ = {
			isa = XCConfigurationList;
			buildConfigurations = (
				DEC00B1B1DB8BBC000A516A1 /* Debug */,
				DEC00B1C1DB8BBC000A516A1 /* Release */,
			);
			defaultConfigurationIsVisible = 0;
			defaultConfigurationName = Release;
		};
		DEC00B1D1DB8BBC000A516A1 /* Build configuration list for PBXNativeTarget "SomeUIKit" */ = {
			isa = XCConfigurationList;
			buildConfigurations = (
				DEC00B1E1DB8BBC000A516A1 /* Debug */,
				DEC00B1F1DB8BBC000A516A1 /* Release */,
			);
			defaultConfigurationIsVisible = 0;
			defaultConfigurationName = Release;
		};
		DEC00B201DB8BBC000A516A1 /* Build configuration list for PBXNativeTarget "SomeUIKitTests" */ = {
			isa = XCConfigurationList;
			buildConfigurations = (
				DEC00B211DB8BBC000A516A1 /* Debug */,
				DEC00B221DB8BBC000A516A1 /* Release */,
			);
			defaultConfigurationIsVisible = 0;
			defaultConfigurationName = Release;
		};
		DEC00B231DB8BBC000A516A1 /* Build configuration list for PBXNativeTarget "SomeUIKitUITests" */ = {
			isa = XCConfigurationList;
			buildConfigurations = (
				DEC00B241DB8BBC000A516A1 /* Debug */,
				DEC00B251DB8BBC000A516A1 /* Release */,
			);
			defaultConfigurationIsVisible = 0;
			defaultConfigurationName = Release;
		};
/* End XCConfigurationList section */
	};
	rootObject = DEC00AE81DB8BBC000A516A1 /* Project object */;
}
