// !$*UTF8*$!
{
	archiveVersion = 1;
	classes = {
	};
	objectVersion = 46;
	objects = {

/* Begin PBXBuildFile section */
		DE056BAC1DCD760F00E16D15 /* DateSelectViewController.m in Sources */ = {isa = PBXBuildFile; fileRef = DE056BAA1DCD760F00E16D15 /* DateSelectViewController.m */; };
		DE056BAD1DCD760F00E16D15 /* DateSelectViewController.xib in Resources */ = {isa = PBXBuildFile; fileRef = DE056BAB1DCD760F00E16D15 /* DateSelectViewController.xib */; };
		DE55FF3D1DB9A48C0014C758 /* StarViewController.m in Sources */ = {isa = PBXBuildFile; fileRef = DE55FF3B1DB9A48C0014C758 /* StarViewController.m */; };
		DE55FF3E1DB9A48C0014C758 /* StarViewController.xib in Resources */ = {isa = PBXBuildFile; fileRef = DE55FF3C1DB9A48C0014C758 /* StarViewController.xib */; };
		DE55FF471DBA08EB0014C758 /* VerticalScrollTextViewController.m in Sources */ = {isa = PBXBuildFile; fileRef = DE55FF461DBA08EB0014C758 /* VerticalScrollTextViewController.m */; };
		DE55FF621DBA10310014C758 /* TextViewPlacehodelViewController.m in Sources */ = {isa = PBXBuildFile; fileRef = DE55FF601DBA10310014C758 /* TextViewPlacehodelViewController.m */; };
		DE55FF631DBA10310014C758 /* TextViewPlacehodelViewController.xib in Resources */ = {isa = PBXBuildFile; fileRef = DE55FF611DBA10310014C758 /* TextViewPlacehodelViewController.xib */; };
		DE5C94D21DE6B8BC00EFA20F /* WQSelectedTagsViewController.m in Sources */ = {isa = PBXBuildFile; fileRef = DE5C94D11DE6B8BC00EFA20F /* WQSelectedTagsViewController.m */; };
		DE71DF9C1E6672C50061E374 /* WQKeyboardHandleViewController.m in Sources */ = {isa = PBXBuildFile; fileRef = DE71DF9B1E6672C50061E374 /* WQKeyboardHandleViewController.m */; };
		DE8537791DE0043800654C4D /* WQClanderViewController.m in Sources */ = {isa = PBXBuildFile; fileRef = DE8537781DE0043800654C4D /* WQClanderViewController.m */; };
		DE8537841DE0602400654C4D /* ReplicatorViewController.m in Sources */ = {isa = PBXBuildFile; fileRef = DE8537831DE0602400654C4D /* ReplicatorViewController.m */; };
		DEAFF1F71DDF142200CF8116 /* WQTabBarViewController.m in Sources */ = {isa = PBXBuildFile; fileRef = DEAFF1F61DDF142200CF8116 /* WQTabBarViewController.m */; };
		DEC00AF51DB8BBC000A516A1 /* main.m in Sources */ = {isa = PBXBuildFile; fileRef = DEC00AF41DB8BBC000A516A1 /* main.m */; };
		DEC00AF81DB8BBC000A516A1 /* AppDelegate.m in Sources */ = {isa = PBXBuildFile; fileRef = DEC00AF71DB8BBC000A516A1 /* AppDelegate.m */; };
		DEC00AFB1DB8BBC000A516A1 /* ViewController.m in Sources */ = {isa = PBXBuildFile; fileRef = DEC00AFA1DB8BBC000A516A1 /* ViewController.m */; };
		DEC00B001DB8BBC000A516A1 /* Assets.xcassets in Resources */ = {isa = PBXBuildFile; fileRef = DEC00AFF1DB8BBC000A516A1 /* Assets.xcassets */; };
		DEC00B031DB8BBC000A516A1 /* LaunchScreen.storyboard in Resources */ = {isa = PBXBuildFile; fileRef = DEC00B011DB8BBC000A516A1 /* LaunchScreen.storyboard */; };
		DEC00B0E1DB8BBC000A516A1 /* SomeUIKitTests.m in Sources */ = {isa = PBXBuildFile; fileRef = DEC00B0D1DB8BBC000A516A1 /* SomeUIKitTests.m */; };
		DEC00B191DB8BBC000A516A1 /* SomeUIKitUITests.m in Sources */ = {isa = PBXBuildFile; fileRef = DEC00B181DB8BBC000A516A1 /* SomeUIKitUITests.m */; };
		DEC00B341DB8C0D900A516A1 /* GetPictureViewController.m in Sources */ = {isa = PBXBuildFile; fileRef = DEC00B321DB8C0D900A516A1 /* GetPictureViewController.m */; };
		DEC00B351DB8C0D900A516A1 /* GetPictureViewController.xib in Resources */ = {isa = PBXBuildFile; fileRef = DEC00B331DB8C0D900A516A1 /* GetPictureViewController.xib */; };
		DEC00B4B1DB8CA7400A516A1 /* DropDownViewController.m in Sources */ = {isa = PBXBuildFile; fileRef = DEC00B491DB8CA7400A516A1 /* DropDownViewController.m */; };
		DEC00B4C1DB8CA7400A516A1 /* DropDownViewController.xib in Resources */ = {isa = PBXBuildFile; fileRef = DEC00B4A1DB8CA7400A516A1 /* DropDownViewController.xib */; };
		DEC00B531DB8D1C400A516A1 /* ButtonTitleImageLayoutViewController.m in Sources */ = {isa = PBXBuildFile; fileRef = DEC00B511DB8D1C400A516A1 /* ButtonTitleImageLayoutViewController.m */; };
		DEFE2C691DD22716006BB614 /* WQLoopViewController.m in Sources */ = {isa = PBXBuildFile; fileRef = DEFE2C671DD22716006BB614 /* WQLoopViewController.m */; };
		DEFE2C6A1DD22716006BB614 /* WQLoopViewController.xib in Resources */ = {isa = PBXBuildFile; fileRef = DEFE2C681DD22716006BB614 /* WQLoopViewController.xib */; };
		DEFF6B941E694AB40004CFE2 /* ZHAnimationView.m in Sources */ = {isa = PBXBuildFile; fileRef = DEFF6B001E694AB40004CFE2 /* ZHAnimationView.m */; };
		DEFF6B951E694AB40004CFE2 /* NSDate+Format.m in Sources */ = {isa = PBXBuildFile; fileRef = DEFF6B041E694AB40004CFE2 /* NSDate+Format.m */; };
		DEFF6B961E694AB40004CFE2 /* NSDate+FormatStringExtension.m in Sources */ = {isa = PBXBuildFile; fileRef = DEFF6B061E694AB40004CFE2 /* NSDate+FormatStringExtension.m */; };
		DEFF6B971E694AB40004CFE2 /* NSFileManager+Path.m in Sources */ = {isa = PBXBuildFile; fileRef = DEFF6B081E694AB40004CFE2 /* NSFileManager+Path.m */; };
		DEFF6B981E694AB40004CFE2 /* NSString+Date.m in Sources */ = {isa = PBXBuildFile; fileRef = DEFF6B0A1E694AB40004CFE2 /* NSString+Date.m */; };
		DEFF6B991E694AB40004CFE2 /* NSString+DateFormatExtension.m in Sources */ = {isa = PBXBuildFile; fileRef = DEFF6B0C1E694AB40004CFE2 /* NSString+DateFormatExtension.m */; };
		DEFF6B9A1E694AB40004CFE2 /* NSString+Help.m in Sources */ = {isa = PBXBuildFile; fileRef = DEFF6B0E1E694AB40004CFE2 /* NSString+Help.m */; };
		DEFF6B9B1E694AB40004CFE2 /* UIGestureRecognizer+Block.m in Sources */ = {isa = PBXBuildFile; fileRef = DEFF6B101E694AB40004CFE2 /* UIGestureRecognizer+Block.m */; };
		DEFF6B9C1E694AB40004CFE2 /* UIButton+countDown.m in Sources */ = {isa = PBXBuildFile; fileRef = DEFF6B131E694AB40004CFE2 /* UIButton+countDown.m */; };
		DEFF6B9D1E694AB40004CFE2 /* UIImage+Extension.m in Sources */ = {isa = PBXBuildFile; fileRef = DEFF6B151E694AB40004CFE2 /* UIImage+Extension.m */; };
		DEFF6B9E1E694AB40004CFE2 /* UIView+Extension.m in Sources */ = {isa = PBXBuildFile; fileRef = DEFF6B171E694AB40004CFE2 /* UIView+Extension.m */; };
		DEFF6B9F1E694AB40004CFE2 /* amrFileCodec.m in Sources */ = {isa = PBXBuildFile; fileRef = DEFF6B1B1E694AB40004CFE2 /* amrFileCodec.m */; settings = {COMPILER_FLAGS = "-fno-objc-arc"; }; };
		DEFF6BA01E694AB40004CFE2 /* libopencore-amrnb.a in Frameworks */ = {isa = PBXBuildFile; fileRef = DEFF6B1F1E694AB40004CFE2 /* libopencore-amrnb.a */; };
		DEFF6BA11E694AB40004CFE2 /* libopencore-amrwb.a in Frameworks */ = {isa = PBXBuildFile; fileRef = DEFF6B231E694AB40004CFE2 /* libopencore-amrwb.a */; };
		DEFF6BA21E694AB40004CFE2 /* 00.jpg in Resources */ = {isa = PBXBuildFile; fileRef = DEFF6B251E694AB40004CFE2 /* 00.jpg */; };
		DEFF6BA31E694AB40004CFE2 /* 01.jpg in Resources */ = {isa = PBXBuildFile; fileRef = DEFF6B261E694AB40004CFE2 /* 01.jpg */; };
		DEFF6BA41E694AB40004CFE2 /* 02.jpg in Resources */ = {isa = PBXBuildFile; fileRef = DEFF6B271E694AB40004CFE2 /* 02.jpg */; };
		DEFF6BA51E694AB40004CFE2 /* 03.jpg in Resources */ = {isa = PBXBuildFile; fileRef = DEFF6B281E694AB40004CFE2 /* 03.jpg */; };
		DEFF6BA61E694AB40004CFE2 /* 04.jpg in Resources */ = {isa = PBXBuildFile; fileRef = DEFF6B291E694AB40004CFE2 /* 04.jpg */; };
		DEFF6BA71E694AB40004CFE2 /* 05.jpg in Resources */ = {isa = PBXBuildFile; fileRef = DEFF6B2A1E694AB40004CFE2 /* 05.jpg */; };
		DEFF6BA81E694AB40004CFE2 /* 06.jpg in Resources */ = {isa = PBXBuildFile; fileRef = DEFF6B2B1E694AB40004CFE2 /* 06.jpg */; };
		DEFF6BA91E694AB40004CFE2 /* 07.jpg in Resources */ = {isa = PBXBuildFile; fileRef = DEFF6B2C1E694AB40004CFE2 /* 07.jpg */; };
		DEFF6BAA1E694AB40004CFE2 /* TabbbarController.storyboard in Resources */ = {isa = PBXBuildFile; fileRef = DEFF6B2E1E694AB40004CFE2 /* TabbbarController.storyboard */; };
		DEFF6BAB1E694AB40004CFE2 /* NSCoderObject.m in Sources */ = {isa = PBXBuildFile; fileRef = DEFF6B321E694AB40004CFE2 /* NSCoderObject.m */; };
		DEFF6BAC1E694AB40004CFE2 /* WQError.m in Sources */ = {isa = PBXBuildFile; fileRef = DEFF6B341E694AB40004CFE2 /* WQError.m */; };
		DEFF6BAD1E694AB40004CFE2 /* APPHELP.m in Sources */ = {isa = PBXBuildFile; fileRef = DEFF6B371E694AB40004CFE2 /* APPHELP.m */; };
		DEFF6BAE1E694AB40004CFE2 /* BroserController.m in Sources */ = {isa = PBXBuildFile; fileRef = DEFF6B391E694AB40004CFE2 /* BroserController.m */; };
		DEFF6BAF1E694AB40004CFE2 /* BroserController.xib in Resources */ = {isa = PBXBuildFile; fileRef = DEFF6B3A1E694AB40004CFE2 /* BroserController.xib */; };
		DEFF6BB01E694AB40004CFE2 /* RuntimeKit.m in Sources */ = {isa = PBXBuildFile; fileRef = DEFF6B3C1E694AB40004CFE2 /* RuntimeKit.m */; };
		DEFF6BB11E694AB40004CFE2 /* WQAppInfo.m in Sources */ = {isa = PBXBuildFile; fileRef = DEFF6B3E1E694AB40004CFE2 /* WQAppInfo.m */; };
		DEFF6BB21E694AB40004CFE2 /* WQCache.m in Sources */ = {isa = PBXBuildFile; fileRef = DEFF6B401E694AB40004CFE2 /* WQCache.m */; };
		DEFF6BB31E694AB40004CFE2 /* WQKeyboardAdjustHelp.m in Sources */ = {isa = PBXBuildFile; fileRef = DEFF6B431E694AB40004CFE2 /* WQKeyboardAdjustHelp.m */; };
		DEFF6BB41E694AB40004CFE2 /* WQVoiceTool.m in Sources */ = {isa = PBXBuildFile; fileRef = DEFF6B461E694AB40004CFE2 /* WQVoiceTool.m */; };
		DEFF6BB51E694AB40004CFE2 /* PlaceholderTextView.m in Sources */ = {isa = PBXBuildFile; fileRef = DEFF6B4B1E694AB40004CFE2 /* PlaceholderTextView.m */; };
		DEFF6BB61E694AB40004CFE2 /* WQEdgeTitleButton.m in Sources */ = {isa = PBXBuildFile; fileRef = DEFF6B4D1E694AB40004CFE2 /* WQEdgeTitleButton.m */; };
		DEFF6BB71E694AB40004CFE2 /* AlertBottomView.m in Sources */ = {isa = PBXBuildFile; fileRef = DEFF6B511E694AB40004CFE2 /* AlertBottomView.m */; };
		DEFF6BB81E694AB40004CFE2 /* AlertTitleView.m in Sources */ = {isa = PBXBuildFile; fileRef = DEFF6B531E694AB40004CFE2 /* AlertTitleView.m */; };
		DEFF6BB91E694AB40004CFE2 /* WQAlertViewController.m in Sources */ = {isa = PBXBuildFile; fileRef = DEFF6B551E694AB40004CFE2 /* WQAlertViewController.m */; };
		DEFF6BBA1E694AB40004CFE2 /* BannerLoopView.m in Sources */ = {isa = PBXBuildFile; fileRef = DEFF6B581E694AB40004CFE2 /* BannerLoopView.m */; };
		DEFF6BBB1E694AB40004CFE2 /* ClendarDayUnit.m in Sources */ = {isa = PBXBuildFile; fileRef = DEFF6B5B1E694AB40004CFE2 /* ClendarDayUnit.m */; };
		DEFF6BBC1E694AB40004CFE2 /* ClendarUnit.m in Sources */ = {isa = PBXBuildFile; fileRef = DEFF6B5D1E694AB40004CFE2 /* ClendarUnit.m */; };
		DEFF6BBD1E694AB40004CFE2 /* WQClendarView.m in Sources */ = {isa = PBXBuildFile; fileRef = DEFF6B5F1E694AB40004CFE2 /* WQClendarView.m */; };
		DEFF6BBE1E694AB40004CFE2 /* ExamineCell.m in Sources */ = {isa = PBXBuildFile; fileRef = DEFF6B621E694AB40004CFE2 /* ExamineCell.m */; };
		DEFF6BBF1E694AB40004CFE2 /* ExamineCell.xib in Resources */ = {isa = PBXBuildFile; fileRef = DEFF6B631E694AB40004CFE2 /* ExamineCell.xib */; };
		DEFF6BC01E694AB40004CFE2 /* GuDExaminationItem.m in Sources */ = {isa = PBXBuildFile; fileRef = DEFF6B651E694AB40004CFE2 /* GuDExaminationItem.m */; };
		DEFF6BC11E694AB40004CFE2 /* GuDExamineDataViewController.m in Sources */ = {isa = PBXBuildFile; fileRef = DEFF6B671E694AB40004CFE2 /* GuDExamineDataViewController.m */; };
		DEFF6BC21E694AB40004CFE2 /* GuDExamineViewController.m in Sources */ = {isa = PBXBuildFile; fileRef = DEFF6B691E694AB40004CFE2 /* GuDExamineViewController.m */; };
		DEFF6BC31E694AB40004CFE2 /* WQTagCollectionViewCell.m in Sources */ = {isa = PBXBuildFile; fileRef = DEFF6B6D1E694AB40004CFE2 /* WQTagCollectionViewCell.m */; };
		DEFF6BC41E694AB40004CFE2 /* WQTagCollectionViewCell.xib in Resources */ = {isa = PBXBuildFile; fileRef = DEFF6B6E1E694AB40004CFE2 /* WQTagCollectionViewCell.xib */; };
		DEFF6BC51E694AB40004CFE2 /* WQTagsFlowLayout.m in Sources */ = {isa = PBXBuildFile; fileRef = DEFF6B711E694AB40004CFE2 /* WQTagsFlowLayout.m */; };
		DEFF6BC61E694AB40004CFE2 /* SelectPhotoViewController.m in Sources */ = {isa = PBXBuildFile; fileRef = DEFF6B741E694AB40004CFE2 /* SelectPhotoViewController.m */; };
		DEFF6BC71E694AB40004CFE2 /* SelectedTimeViewCell.m in Sources */ = {isa = PBXBuildFile; fileRef = DEFF6B771E694AB40004CFE2 /* SelectedTimeViewCell.m */; };
		DEFF6BC81E694AB40004CFE2 /* SelectTimeView.m in Sources */ = {isa = PBXBuildFile; fileRef = DEFF6B791E694AB40004CFE2 /* SelectTimeView.m */; };
		DEFF6BC91E694AB40004CFE2 /* ShareActionCell.m in Sources */ = {isa = PBXBuildFile; fileRef = DEFF6B7C1E694AB40004CFE2 /* ShareActionCell.m */; };
		DEFF6BCA1E694AB40004CFE2 /* ShareActionCell.xib in Resources */ = {isa = PBXBuildFile; fileRef = DEFF6B7D1E694AB40004CFE2 /* ShareActionCell.xib */; };
		DEFF6BCB1E694AB40004CFE2 /* ShareActionItem.m in Sources */ = {isa = PBXBuildFile; fileRef = DEFF6B7F1E694AB40004CFE2 /* ShareActionItem.m */; };
		DEFF6BCC1E694AB40004CFE2 /* ShareActionViewController.m in Sources */ = {isa = PBXBuildFile; fileRef = DEFF6B811E694AB40004CFE2 /* ShareActionViewController.m */; };
		DEFF6BCD1E694AB40004CFE2 /* ContainerViewController.m in Sources */ = {isa = PBXBuildFile; fileRef = DEFF6B841E694AB40004CFE2 /* ContainerViewController.m */; };
		DEFF6BCE1E694AB40004CFE2 /* MainNavController.m in Sources */ = {isa = PBXBuildFile; fileRef = DEFF6B861E694AB40004CFE2 /* MainNavController.m */; };
		DEFF6BCF1E694AB40004CFE2 /* MainTabBarController.m in Sources */ = {isa = PBXBuildFile; fileRef = DEFF6B881E694AB40004CFE2 /* MainTabBarController.m */; };
		DEFF6BD01E694AB40004CFE2 /* MenuViewController.m in Sources */ = {isa = PBXBuildFile; fileRef = DEFF6B8A1E694AB40004CFE2 /* MenuViewController.m */; };
		DEFF6BD11E694AB40004CFE2 /* StarLevel.m in Sources */ = {isa = PBXBuildFile; fileRef = DEFF6B8D1E694AB40004CFE2 /* StarLevel.m */; };
		DEFF6BD21E694AB40004CFE2 /* ViewControllerTransition.m in Sources */ = {isa = PBXBuildFile; fileRef = DEFF6B901E694AB40004CFE2 /* ViewControllerTransition.m */; };
		DEFF6BD31E694AB40004CFE2 /* GYChangeTextView.m in Sources */ = {isa = PBXBuildFile; fileRef = DEFF6B931E694AB40004CFE2 /* GYChangeTextView.m */; };
/* End PBXBuildFile section */

/* Begin PBXContainerItemProxy section */
		DEC00B0A1DB8BBC000A516A1 /* PBXContainerItemProxy */ = {
			isa = PBXContainerItemProxy;
			containerPortal = DEC00AE81DB8BBC000A516A1 /* Project object */;
			proxyType = 1;
			remoteGlobalIDString = DEC00AEF1DB8BBC000A516A1;
			remoteInfo = SomeUIKit;
		};
		DEC00B151DB8BBC000A516A1 /* PBXContainerItemProxy */ = {
			isa = PBXContainerItemProxy;
			containerPortal = DEC00AE81DB8BBC000A516A1 /* Project object */;
			proxyType = 1;
			remoteGlobalIDString = DEC00AEF1DB8BBC000A516A1;
			remoteInfo = SomeUIKit;
		};
/* End PBXContainerItemProxy section */

/* Begin PBXFileReference section */
		DE056BA91DCD760F00E16D15 /* DateSelectViewController.h */ = {isa = PBXFileReference; fileEncoding = 4; lastKnownFileType = sourcecode.c.h; path = DateSelectViewController.h; sourceTree = "<group>"; };
		DE056BAA1DCD760F00E16D15 /* DateSelectViewController.m */ = {isa = PBXFileReference; fileEncoding = 4; lastKnownFileType = sourcecode.c.objc; path = DateSelectViewController.m; sourceTree = "<group>"; };
		DE056BAB1DCD760F00E16D15 /* DateSelectViewController.xib */ = {isa = PBXFileReference; fileEncoding = 4; lastKnownFileType = file.xib; path = DateSelectViewController.xib; sourceTree = "<group>"; };
		DE55FF3A1DB9A48C0014C758 /* StarViewController.h */ = {isa = PBXFileReference; fileEncoding = 4; lastKnownFileType = sourcecode.c.h; path = StarViewController.h; sourceTree = "<group>"; };
		DE55FF3B1DB9A48C0014C758 /* StarViewController.m */ = {isa = PBXFileReference; fileEncoding = 4; lastKnownFileType = sourcecode.c.objc; path = StarViewController.m; sourceTree = "<group>"; };
		DE55FF3C1DB9A48C0014C758 /* StarViewController.xib */ = {isa = PBXFileReference; fileEncoding = 4; lastKnownFileType = file.xib; path = StarViewController.xib; sourceTree = "<group>"; };
		DE55FF451DBA08EB0014C758 /* VerticalScrollTextViewController.h */ = {isa = PBXFileReference; fileEncoding = 4; lastKnownFileType = sourcecode.c.h; path = VerticalScrollTextViewController.h; sourceTree = "<group>"; };
		DE55FF461DBA08EB0014C758 /* VerticalScrollTextViewController.m */ = {isa = PBXFileReference; fileEncoding = 4; lastKnownFileType = sourcecode.c.objc; path = VerticalScrollTextViewController.m; sourceTree = "<group>"; };
		DE55FF5F1DBA10310014C758 /* TextViewPlacehodelViewController.h */ = {isa = PBXFileReference; fileEncoding = 4; lastKnownFileType = sourcecode.c.h; path = TextViewPlacehodelViewController.h; sourceTree = "<group>"; };
		DE55FF601DBA10310014C758 /* TextViewPlacehodelViewController.m */ = {isa = PBXFileReference; fileEncoding = 4; lastKnownFileType = sourcecode.c.objc; path = TextViewPlacehodelViewController.m; sourceTree = "<group>"; };
		DE55FF611DBA10310014C758 /* TextViewPlacehodelViewController.xib */ = {isa = PBXFileReference; fileEncoding = 4; lastKnownFileType = file.xib; path = TextViewPlacehodelViewController.xib; sourceTree = "<group>"; };
		DE5C94D01DE6B8BC00EFA20F /* WQSelectedTagsViewController.h */ = {isa = PBXFileReference; fileEncoding = 4; lastKnownFileType = sourcecode.c.h; path = WQSelectedTagsViewController.h; sourceTree = "<group>"; };
		DE5C94D11DE6B8BC00EFA20F /* WQSelectedTagsViewController.m */ = {isa = PBXFileReference; fileEncoding = 4; lastKnownFileType = sourcecode.c.objc; path = WQSelectedTagsViewController.m; sourceTree = "<group>"; };
		DE71DF9A1E6672C50061E374 /* WQKeyboardHandleViewController.h */ = {isa = PBXFileReference; fileEncoding = 4; lastKnownFileType = sourcecode.c.h; path = WQKeyboardHandleViewController.h; sourceTree = "<group>"; };
		DE71DF9B1E6672C50061E374 /* WQKeyboardHandleViewController.m */ = {isa = PBXFileReference; fileEncoding = 4; lastKnownFileType = sourcecode.c.objc; path = WQKeyboardHandleViewController.m; sourceTree = "<group>"; };
		DE8537771DE0043800654C4D /* WQClanderViewController.h */ = {isa = PBXFileReference; fileEncoding = 4; lastKnownFileType = sourcecode.c.h; path = WQClanderViewController.h; sourceTree = "<group>"; };
		DE8537781DE0043800654C4D /* WQClanderViewController.m */ = {isa = PBXFileReference; fileEncoding = 4; lastKnownFileType = sourcecode.c.objc; path = WQClanderViewController.m; sourceTree = "<group>"; };
		DE8537821DE0602400654C4D /* ReplicatorViewController.h */ = {isa = PBXFileReference; fileEncoding = 4; lastKnownFileType = sourcecode.c.h; path = ReplicatorViewController.h; sourceTree = "<group>"; };
		DE8537831DE0602400654C4D /* ReplicatorViewController.m */ = {isa = PBXFileReference; fileEncoding = 4; lastKnownFileType = sourcecode.c.objc; path = ReplicatorViewController.m; sourceTree = "<group>"; };
		DEAFF1F51DDF142200CF8116 /* WQTabBarViewController.h */ = {isa = PBXFileReference; fileEncoding = 4; lastKnownFileType = sourcecode.c.h; path = WQTabBarViewController.h; sourceTree = "<group>"; };
		DEAFF1F61DDF142200CF8116 /* WQTabBarViewController.m */ = {isa = PBXFileReference; fileEncoding = 4; lastKnownFileType = sourcecode.c.objc; path = WQTabBarViewController.m; sourceTree = "<group>"; };
		DEC00AF01DB8BBC000A516A1 /* SomeUIKit.app */ = {isa = PBXFileReference; explicitFileType = wrapper.application; includeInIndex = 0; path = SomeUIKit.app; sourceTree = BUILT_PRODUCTS_DIR; };
		DEC00AF41DB8BBC000A516A1 /* main.m */ = {isa = PBXFileReference; lastKnownFileType = sourcecode.c.objc; path = main.m; sourceTree = "<group>"; };
		DEC00AF61DB8BBC000A516A1 /* AppDelegate.h */ = {isa = PBXFileReference; lastKnownFileType = sourcecode.c.h; path = AppDelegate.h; sourceTree = "<group>"; };
		DEC00AF71DB8BBC000A516A1 /* AppDelegate.m */ = {isa = PBXFileReference; lastKnownFileType = sourcecode.c.objc; path = AppDelegate.m; sourceTree = "<group>"; };
		DEC00AF91DB8BBC000A516A1 /* ViewController.h */ = {isa = PBXFileReference; lastKnownFileType = sourcecode.c.h; path = ViewController.h; sourceTree = "<group>"; };
		DEC00AFA1DB8BBC000A516A1 /* ViewController.m */ = {isa = PBXFileReference; lastKnownFileType = sourcecode.c.objc; path = ViewController.m; sourceTree = "<group>"; };
		DEC00AFF1DB8BBC000A516A1 /* Assets.xcassets */ = {isa = PBXFileReference; lastKnownFileType = folder.assetcatalog; path = Assets.xcassets; sourceTree = "<group>"; };
		DEC00B021DB8BBC000A516A1 /* Base */ = {isa = PBXFileReference; lastKnownFileType = file.storyboard; name = Base; path = Base.lproj/LaunchScreen.storyboard; sourceTree = "<group>"; };
		DEC00B041DB8BBC000A516A1 /* Info.plist */ = {isa = PBXFileReference; lastKnownFileType = text.plist.xml; path = Info.plist; sourceTree = "<group>"; };
		DEC00B091DB8BBC000A516A1 /* SomeUIKitTests.xctest */ = {isa = PBXFileReference; explicitFileType = wrapper.cfbundle; includeInIndex = 0; path = SomeUIKitTests.xctest; sourceTree = BUILT_PRODUCTS_DIR; };
		DEC00B0D1DB8BBC000A516A1 /* SomeUIKitTests.m */ = {isa = PBXFileReference; lastKnownFileType = sourcecode.c.objc; path = SomeUIKitTests.m; sourceTree = "<group>"; };
		DEC00B0F1DB8BBC000A516A1 /* Info.plist */ = {isa = PBXFileReference; lastKnownFileType = text.plist.xml; path = Info.plist; sourceTree = "<group>"; };
		DEC00B141DB8BBC000A516A1 /* SomeUIKitUITests.xctest */ = {isa = PBXFileReference; explicitFileType = wrapper.cfbundle; includeInIndex = 0; path = SomeUIKitUITests.xctest; sourceTree = BUILT_PRODUCTS_DIR; };
		DEC00B181DB8BBC000A516A1 /* SomeUIKitUITests.m */ = {isa = PBXFileReference; lastKnownFileType = sourcecode.c.objc; path = SomeUIKitUITests.m; sourceTree = "<group>"; };
		DEC00B1A1DB8BBC000A516A1 /* Info.plist */ = {isa = PBXFileReference; lastKnownFileType = text.plist.xml; path = Info.plist; sourceTree = "<group>"; };
		DEC00B311DB8C0D900A516A1 /* GetPictureViewController.h */ = {isa = PBXFileReference; fileEncoding = 4; lastKnownFileType = sourcecode.c.h; path = GetPictureViewController.h; sourceTree = "<group>"; };
		DEC00B321DB8C0D900A516A1 /* GetPictureViewController.m */ = {isa = PBXFileReference; fileEncoding = 4; lastKnownFileType = sourcecode.c.objc; path = GetPictureViewController.m; sourceTree = "<group>"; };
		DEC00B331DB8C0D900A516A1 /* GetPictureViewController.xib */ = {isa = PBXFileReference; fileEncoding = 4; lastKnownFileType = file.xib; path = GetPictureViewController.xib; sourceTree = "<group>"; };
		DEC00B361DB8C24400A516A1 /* PrefixHeader.pch */ = {isa = PBXFileReference; fileEncoding = 4; lastKnownFileType = sourcecode.c.h; path = PrefixHeader.pch; sourceTree = "<group>"; };
		DEC00B371DB8C25D00A516A1 /* Constans.h */ = {isa = PBXFileReference; lastKnownFileType = sourcecode.c.h; path = Constans.h; sourceTree = "<group>"; };
		DEC00B481DB8CA7400A516A1 /* DropDownViewController.h */ = {isa = PBXFileReference; fileEncoding = 4; lastKnownFileType = sourcecode.c.h; path = DropDownViewController.h; sourceTree = "<group>"; };
		DEC00B491DB8CA7400A516A1 /* DropDownViewController.m */ = {isa = PBXFileReference; fileEncoding = 4; lastKnownFileType = sourcecode.c.objc; path = DropDownViewController.m; sourceTree = "<group>"; };
		DEC00B4A1DB8CA7400A516A1 /* DropDownViewController.xib */ = {isa = PBXFileReference; fileEncoding = 4; lastKnownFileType = file.xib; path = DropDownViewController.xib; sourceTree = "<group>"; };
		DEC00B501DB8D1C400A516A1 /* ButtonTitleImageLayoutViewController.h */ = {isa = PBXFileReference; fileEncoding = 4; lastKnownFileType = sourcecode.c.h; path = ButtonTitleImageLayoutViewController.h; sourceTree = "<group>"; };
		DEC00B511DB8D1C400A516A1 /* ButtonTitleImageLayoutViewController.m */ = {isa = PBXFileReference; fileEncoding = 4; lastKnownFileType = sourcecode.c.objc; path = ButtonTitleImageLayoutViewController.m; sourceTree = "<group>"; };
		DEFE2C661DD22716006BB614 /* WQLoopViewController.h */ = {isa = PBXFileReference; fileEncoding = 4; lastKnownFileType = sourcecode.c.h; path = WQLoopViewController.h; sourceTree = "<group>"; };
		DEFE2C671DD22716006BB614 /* WQLoopViewController.m */ = {isa = PBXFileReference; fileEncoding = 4; lastKnownFileType = sourcecode.c.objc; path = WQLoopViewController.m; sourceTree = "<group>"; };
		DEFE2C681DD22716006BB614 /* WQLoopViewController.xib */ = {isa = PBXFileReference; fileEncoding = 4; lastKnownFileType = file.xib; path = WQLoopViewController.xib; sourceTree = "<group>"; };
		DEFF6AFF1E694AB40004CFE2 /* ZHAnimationView.h */ = {isa = PBXFileReference; fileEncoding = 4; lastKnownFileType = sourcecode.c.h; path = ZHAnimationView.h; sourceTree = "<group>"; };
		DEFF6B001E694AB40004CFE2 /* ZHAnimationView.m */ = {isa = PBXFileReference; fileEncoding = 4; lastKnownFileType = sourcecode.c.objc; path = ZHAnimationView.m; sourceTree = "<group>"; };
		DEFF6B031E694AB40004CFE2 /* NSDate+Format.h */ = {isa = PBXFileReference; fileEncoding = 4; lastKnownFileType = sourcecode.c.h; path = "NSDate+Format.h"; sourceTree = "<group>"; };
		DEFF6B041E694AB40004CFE2 /* NSDate+Format.m */ = {isa = PBXFileReference; fileEncoding = 4; lastKnownFileType = sourcecode.c.objc; path = "NSDate+Format.m"; sourceTree = "<group>"; };
		DEFF6B051E694AB40004CFE2 /* NSDate+FormatStringExtension.h */ = {isa = PBXFileReference; fileEncoding = 4; lastKnownFileType = sourcecode.c.h; path = "NSDate+FormatStringExtension.h"; sourceTree = "<group>"; };
		DEFF6B061E694AB40004CFE2 /* NSDate+FormatStringExtension.m */ = {isa = PBXFileReference; fileEncoding = 4; lastKnownFileType = sourcecode.c.objc; path = "NSDate+FormatStringExtension.m"; sourceTree = "<group>"; };
		DEFF6B071E694AB40004CFE2 /* NSFileManager+Path.h */ = {isa = PBXFileReference; fileEncoding = 4; lastKnownFileType = sourcecode.c.h; path = "NSFileManager+Path.h"; sourceTree = "<group>"; };
		DEFF6B081E694AB40004CFE2 /* NSFileManager+Path.m */ = {isa = PBXFileReference; fileEncoding = 4; lastKnownFileType = sourcecode.c.objc; path = "NSFileManager+Path.m"; sourceTree = "<group>"; };
		DEFF6B091E694AB40004CFE2 /* NSString+Date.h */ = {isa = PBXFileReference; fileEncoding = 4; lastKnownFileType = sourcecode.c.h; path = "NSString+Date.h"; sourceTree = "<group>"; };
		DEFF6B0A1E694AB40004CFE2 /* NSString+Date.m */ = {isa = PBXFileReference; fileEncoding = 4; lastKnownFileType = sourcecode.c.objc; path = "NSString+Date.m"; sourceTree = "<group>"; };
		DEFF6B0B1E694AB40004CFE2 /* NSString+DateFormatExtension.h */ = {isa = PBXFileReference; fileEncoding = 4; lastKnownFileType = sourcecode.c.h; path = "NSString+DateFormatExtension.h"; sourceTree = "<group>"; };
		DEFF6B0C1E694AB40004CFE2 /* NSString+DateFormatExtension.m */ = {isa = PBXFileReference; fileEncoding = 4; lastKnownFileType = sourcecode.c.objc; path = "NSString+DateFormatExtension.m"; sourceTree = "<group>"; };
		DEFF6B0D1E694AB40004CFE2 /* NSString+Help.h */ = {isa = PBXFileReference; fileEncoding = 4; lastKnownFileType = sourcecode.c.h; path = "NSString+Help.h"; sourceTree = "<group>"; };
		DEFF6B0E1E694AB40004CFE2 /* NSString+Help.m */ = {isa = PBXFileReference; fileEncoding = 4; lastKnownFileType = sourcecode.c.objc; path = "NSString+Help.m"; sourceTree = "<group>"; };
		DEFF6B0F1E694AB40004CFE2 /* UIGestureRecognizer+Block.h */ = {isa = PBXFileReference; fileEncoding = 4; lastKnownFileType = sourcecode.c.h; path = "UIGestureRecognizer+Block.h"; sourceTree = "<group>"; };
		DEFF6B101E694AB40004CFE2 /* UIGestureRecognizer+Block.m */ = {isa = PBXFileReference; fileEncoding = 4; lastKnownFileType = sourcecode.c.objc; path = "UIGestureRecognizer+Block.m"; sourceTree = "<group>"; };
		DEFF6B121E694AB40004CFE2 /* UIButton+countDown.h */ = {isa = PBXFileReference; fileEncoding = 4; lastKnownFileType = sourcecode.c.h; path = "UIButton+countDown.h"; sourceTree = "<group>"; };
		DEFF6B131E694AB40004CFE2 /* UIButton+countDown.m */ = {isa = PBXFileReference; fileEncoding = 4; lastKnownFileType = sourcecode.c.objc; path = "UIButton+countDown.m"; sourceTree = "<group>"; };
		DEFF6B141E694AB40004CFE2 /* UIImage+Extension.h */ = {isa = PBXFileReference; fileEncoding = 4; lastKnownFileType = sourcecode.c.h; path = "UIImage+Extension.h"; sourceTree = "<group>"; };
		DEFF6B151E694AB40004CFE2 /* UIImage+Extension.m */ = {isa = PBXFileReference; fileEncoding = 4; lastKnownFileType = sourcecode.c.objc; path = "UIImage+Extension.m"; sourceTree = "<group>"; };
		DEFF6B161E694AB40004CFE2 /* UIView+Extension.h */ = {isa = PBXFileReference; fileEncoding = 4; lastKnownFileType = sourcecode.c.h; path = "UIView+Extension.h"; sourceTree = "<group>"; };
		DEFF6B171E694AB40004CFE2 /* UIView+Extension.m */ = {isa = PBXFileReference; fileEncoding = 4; lastKnownFileType = sourcecode.c.objc; path = "UIView+Extension.m"; sourceTree = "<group>"; };
		DEFF6B1A1E694AB40004CFE2 /* amrFileCodec.h */ = {isa = PBXFileReference; fileEncoding = 4; lastKnownFileType = sourcecode.c.h; path = amrFileCodec.h; sourceTree = "<group>"; };
		DEFF6B1B1E694AB40004CFE2 /* amrFileCodec.m */ = {isa = PBXFileReference; fileEncoding = 4; lastKnownFileType = sourcecode.c.objc; path = amrFileCodec.m; sourceTree = "<group>"; };
		DEFF6B1D1E694AB40004CFE2 /* interf_dec.h */ = {isa = PBXFileReference; fileEncoding = 4; lastKnownFileType = sourcecode.c.h; path = interf_dec.h; sourceTree = "<group>"; };
		DEFF6B1E1E694AB40004CFE2 /* interf_enc.h */ = {isa = PBXFileReference; fileEncoding = 4; lastKnownFileType = sourcecode.c.h; path = interf_enc.h; sourceTree = "<group>"; };
		DEFF6B1F1E694AB40004CFE2 /* libopencore-amrnb.a */ = {isa = PBXFileReference; lastKnownFileType = archive.ar; path = "libopencore-amrnb.a"; sourceTree = "<group>"; };
		DEFF6B211E694AB40004CFE2 /* dec_if.h */ = {isa = PBXFileReference; fileEncoding = 4; lastKnownFileType = sourcecode.c.h; path = dec_if.h; sourceTree = "<group>"; };
		DEFF6B221E694AB40004CFE2 /* if_rom.h */ = {isa = PBXFileReference; fileEncoding = 4; lastKnownFileType = sourcecode.c.h; path = if_rom.h; sourceTree = "<group>"; };
		DEFF6B231E694AB40004CFE2 /* libopencore-amrwb.a */ = {isa = PBXFileReference; lastKnownFileType = archive.ar; path = "libopencore-amrwb.a"; sourceTree = "<group>"; };
		DEFF6B251E694AB40004CFE2 /* 00.jpg */ = {isa = PBXFileReference; lastKnownFileType = image.jpeg; path = 00.jpg; sourceTree = "<group>"; };
		DEFF6B261E694AB40004CFE2 /* 01.jpg */ = {isa = PBXFileReference; lastKnownFileType = image.jpeg; path = 01.jpg; sourceTree = "<group>"; };
		DEFF6B271E694AB40004CFE2 /* 02.jpg */ = {isa = PBXFileReference; lastKnownFileType = image.jpeg; path = 02.jpg; sourceTree = "<group>"; };
		DEFF6B281E694AB40004CFE2 /* 03.jpg */ = {isa = PBXFileReference; lastKnownFileType = image.jpeg; path = 03.jpg; sourceTree = "<group>"; };
		DEFF6B291E694AB40004CFE2 /* 04.jpg */ = {isa = PBXFileReference; lastKnownFileType = image.jpeg; path = 04.jpg; sourceTree = "<group>"; };
		DEFF6B2A1E694AB40004CFE2 /* 05.jpg */ = {isa = PBXFileReference; lastKnownFileType = image.jpeg; path = 05.jpg; sourceTree = "<group>"; };
		DEFF6B2B1E694AB40004CFE2 /* 06.jpg */ = {isa = PBXFileReference; lastKnownFileType = image.jpeg; path = 06.jpg; sourceTree = "<group>"; };
		DEFF6B2C1E694AB40004CFE2 /* 07.jpg */ = {isa = PBXFileReference; lastKnownFileType = image.jpeg; path = 07.jpg; sourceTree = "<group>"; };
		DEFF6B2E1E694AB40004CFE2 /* TabbbarController.storyboard */ = {isa = PBXFileReference; fileEncoding = 4; lastKnownFileType = file.storyboard; path = TabbbarController.storyboard; sourceTree = "<group>"; };
		DEFF6B311E694AB40004CFE2 /* NSCoderObject.h */ = {isa = PBXFileReference; fileEncoding = 4; lastKnownFileType = sourcecode.c.h; path = NSCoderObject.h; sourceTree = "<group>"; };
		DEFF6B321E694AB40004CFE2 /* NSCoderObject.m */ = {isa = PBXFileReference; fileEncoding = 4; lastKnownFileType = sourcecode.c.objc; path = NSCoderObject.m; sourceTree = "<group>"; };
		DEFF6B331E694AB40004CFE2 /* WQError.h */ = {isa = PBXFileReference; fileEncoding = 4; lastKnownFileType = sourcecode.c.h; path = WQError.h; sourceTree = "<group>"; };
		DEFF6B341E694AB40004CFE2 /* WQError.m */ = {isa = PBXFileReference; fileEncoding = 4; lastKnownFileType = sourcecode.c.objc; path = WQError.m; sourceTree = "<group>"; };
		DEFF6B361E694AB40004CFE2 /* APPHELP.h */ = {isa = PBXFileReference; fileEncoding = 4; lastKnownFileType = sourcecode.c.h; path = APPHELP.h; sourceTree = "<group>"; };
		DEFF6B371E694AB40004CFE2 /* APPHELP.m */ = {isa = PBXFileReference; fileEncoding = 4; lastKnownFileType = sourcecode.c.objc; path = APPHELP.m; sourceTree = "<group>"; };
		DEFF6B381E694AB40004CFE2 /* BroserController.h */ = {isa = PBXFileReference; fileEncoding = 4; lastKnownFileType = sourcecode.c.h; path = BroserController.h; sourceTree = "<group>"; };
		DEFF6B391E694AB40004CFE2 /* BroserController.m */ = {isa = PBXFileReference; fileEncoding = 4; lastKnownFileType = sourcecode.c.objc; path = BroserController.m; sourceTree = "<group>"; };
		DEFF6B3A1E694AB40004CFE2 /* BroserController.xib */ = {isa = PBXFileReference; fileEncoding = 4; lastKnownFileType = file.xib; path = BroserController.xib; sourceTree = "<group>"; };
		DEFF6B3B1E694AB40004CFE2 /* RuntimeKit.h */ = {isa = PBXFileReference; fileEncoding = 4; lastKnownFileType = sourcecode.c.h; path = RuntimeKit.h; sourceTree = "<group>"; };
		DEFF6B3C1E694AB40004CFE2 /* RuntimeKit.m */ = {isa = PBXFileReference; fileEncoding = 4; lastKnownFileType = sourcecode.c.objc; path = RuntimeKit.m; sourceTree = "<group>"; };
		DEFF6B3D1E694AB40004CFE2 /* WQAppInfo.h */ = {isa = PBXFileReference; fileEncoding = 4; lastKnownFileType = sourcecode.c.h; path = WQAppInfo.h; sourceTree = "<group>"; };
		DEFF6B3E1E694AB40004CFE2 /* WQAppInfo.m */ = {isa = PBXFileReference; fileEncoding = 4; lastKnownFileType = sourcecode.c.objc; path = WQAppInfo.m; sourceTree = "<group>"; };
		DEFF6B3F1E694AB40004CFE2 /* WQCache.h */ = {isa = PBXFileReference; fileEncoding = 4; lastKnownFileType = sourcecode.c.h; path = WQCache.h; sourceTree = "<group>"; };
		DEFF6B401E694AB40004CFE2 /* WQCache.m */ = {isa = PBXFileReference; fileEncoding = 4; lastKnownFileType = sourcecode.c.objc; path = WQCache.m; sourceTree = "<group>"; };
		DEFF6B421E694AB40004CFE2 /* WQKeyboardAdjustHelp.h */ = {isa = PBXFileReference; fileEncoding = 4; lastKnownFileType = sourcecode.c.h; path = WQKeyboardAdjustHelp.h; sourceTree = "<group>"; };
		DEFF6B431E694AB40004CFE2 /* WQKeyboardAdjustHelp.m */ = {isa = PBXFileReference; fileEncoding = 4; lastKnownFileType = sourcecode.c.objc; path = WQKeyboardAdjustHelp.m; sourceTree = "<group>"; };
		DEFF6B451E694AB40004CFE2 /* WQVoiceTool.h */ = {isa = PBXFileReference; fileEncoding = 4; lastKnownFileType = sourcecode.c.h; path = WQVoiceTool.h; sourceTree = "<group>"; };
		DEFF6B461E694AB40004CFE2 /* WQVoiceTool.m */ = {isa = PBXFileReference; fileEncoding = 4; lastKnownFileType = sourcecode.c.objc; path = WQVoiceTool.m; sourceTree = "<group>"; };
		DEFF6B471E694AB40004CFE2 /* Singleton.h */ = {isa = PBXFileReference; fileEncoding = 4; lastKnownFileType = sourcecode.c.h; path = Singleton.h; sourceTree = "<group>"; };
		DEFF6B4A1E694AB40004CFE2 /* PlaceholderTextView.h */ = {isa = PBXFileReference; fileEncoding = 4; lastKnownFileType = sourcecode.c.h; path = PlaceholderTextView.h; sourceTree = "<group>"; };
		DEFF6B4B1E694AB40004CFE2 /* PlaceholderTextView.m */ = {isa = PBXFileReference; fileEncoding = 4; lastKnownFileType = sourcecode.c.objc; path = PlaceholderTextView.m; sourceTree = "<group>"; };
		DEFF6B4C1E694AB40004CFE2 /* WQEdgeTitleButton.h */ = {isa = PBXFileReference; fileEncoding = 4; lastKnownFileType = sourcecode.c.h; path = WQEdgeTitleButton.h; sourceTree = "<group>"; };
		DEFF6B4D1E694AB40004CFE2 /* WQEdgeTitleButton.m */ = {isa = PBXFileReference; fileEncoding = 4; lastKnownFileType = sourcecode.c.objc; path = WQEdgeTitleButton.m; sourceTree = "<group>"; };
		DEFF6B501E694AB40004CFE2 /* AlertBottomView.h */ = {isa = PBXFileReference; fileEncoding = 4; lastKnownFileType = sourcecode.c.h; path = AlertBottomView.h; sourceTree = "<group>"; };
		DEFF6B511E694AB40004CFE2 /* AlertBottomView.m */ = {isa = PBXFileReference; fileEncoding = 4; lastKnownFileType = sourcecode.c.objc; path = AlertBottomView.m; sourceTree = "<group>"; };
		DEFF6B521E694AB40004CFE2 /* AlertTitleView.h */ = {isa = PBXFileReference; fileEncoding = 4; lastKnownFileType = sourcecode.c.h; path = AlertTitleView.h; sourceTree = "<group>"; };
		DEFF6B531E694AB40004CFE2 /* AlertTitleView.m */ = {isa = PBXFileReference; fileEncoding = 4; lastKnownFileType = sourcecode.c.objc; path = AlertTitleView.m; sourceTree = "<group>"; };
		DEFF6B541E694AB40004CFE2 /* WQAlertViewController.h */ = {isa = PBXFileReference; fileEncoding = 4; lastKnownFileType = sourcecode.c.h; path = WQAlertViewController.h; sourceTree = "<group>"; };
		DEFF6B551E694AB40004CFE2 /* WQAlertViewController.m */ = {isa = PBXFileReference; fileEncoding = 4; lastKnownFileType = sourcecode.c.objc; path = WQAlertViewController.m; sourceTree = "<group>"; };
		DEFF6B571E694AB40004CFE2 /* BannerLoopView.h */ = {isa = PBXFileReference; fileEncoding = 4; lastKnownFileType = sourcecode.c.h; path = BannerLoopView.h; sourceTree = "<group>"; };
		DEFF6B581E694AB40004CFE2 /* BannerLoopView.m */ = {isa = PBXFileReference; fileEncoding = 4; lastKnownFileType = sourcecode.c.objc; path = BannerLoopView.m; sourceTree = "<group>"; };
		DEFF6B5A1E694AB40004CFE2 /* ClendarDayUnit.h */ = {isa = PBXFileReference; fileEncoding = 4; lastKnownFileType = sourcecode.c.h; path = ClendarDayUnit.h; sourceTree = "<group>"; };
		DEFF6B5B1E694AB40004CFE2 /* ClendarDayUnit.m */ = {isa = PBXFileReference; fileEncoding = 4; lastKnownFileType = sourcecode.c.objc; path = ClendarDayUnit.m; sourceTree = "<group>"; };
		DEFF6B5C1E694AB40004CFE2 /* ClendarUnit.h */ = {isa = PBXFileReference; fileEncoding = 4; lastKnownFileType = sourcecode.c.h; path = ClendarUnit.h; sourceTree = "<group>"; };
		DEFF6B5D1E694AB40004CFE2 /* ClendarUnit.m */ = {isa = PBXFileReference; fileEncoding = 4; lastKnownFileType = sourcecode.c.objc; path = ClendarUnit.m; sourceTree = "<group>"; };
		DEFF6B5E1E694AB40004CFE2 /* WQClendarView.h */ = {isa = PBXFileReference; fileEncoding = 4; lastKnownFileType = sourcecode.c.h; path = WQClendarView.h; sourceTree = "<group>"; };
		DEFF6B5F1E694AB40004CFE2 /* WQClendarView.m */ = {isa = PBXFileReference; fileEncoding = 4; lastKnownFileType = sourcecode.c.objc; path = WQClendarView.m; sourceTree = "<group>"; };
		DEFF6B611E694AB40004CFE2 /* ExamineCell.h */ = {isa = PBXFileReference; fileEncoding = 4; lastKnownFileType = sourcecode.c.h; path = ExamineCell.h; sourceTree = "<group>"; };
		DEFF6B621E694AB40004CFE2 /* ExamineCell.m */ = {isa = PBXFileReference; fileEncoding = 4; lastKnownFileType = sourcecode.c.objc; path = ExamineCell.m; sourceTree = "<group>"; };
		DEFF6B631E694AB40004CFE2 /* ExamineCell.xib */ = {isa = PBXFileReference; fileEncoding = 4; lastKnownFileType = file.xib; path = ExamineCell.xib; sourceTree = "<group>"; };
		DEFF6B641E694AB40004CFE2 /* GuDExaminationItem.h */ = {isa = PBXFileReference; fileEncoding = 4; lastKnownFileType = sourcecode.c.h; path = GuDExaminationItem.h; sourceTree = "<group>"; };
		DEFF6B651E694AB40004CFE2 /* GuDExaminationItem.m */ = {isa = PBXFileReference; fileEncoding = 4; lastKnownFileType = sourcecode.c.objc; path = GuDExaminationItem.m; sourceTree = "<group>"; };
		DEFF6B661E694AB40004CFE2 /* GuDExamineDataViewController.h */ = {isa = PBXFileReference; fileEncoding = 4; lastKnownFileType = sourcecode.c.h; path = GuDExamineDataViewController.h; sourceTree = "<group>"; };
		DEFF6B671E694AB40004CFE2 /* GuDExamineDataViewController.m */ = {isa = PBXFileReference; fileEncoding = 4; lastKnownFileType = sourcecode.c.objc; path = GuDExamineDataViewController.m; sourceTree = "<group>"; };
		DEFF6B681E694AB40004CFE2 /* GuDExamineViewController.h */ = {isa = PBXFileReference; fileEncoding = 4; lastKnownFileType = sourcecode.c.h; path = GuDExamineViewController.h; sourceTree = "<group>"; };
		DEFF6B691E694AB40004CFE2 /* GuDExamineViewController.m */ = {isa = PBXFileReference; fileEncoding = 4; lastKnownFileType = sourcecode.c.objc; path = GuDExamineViewController.m; sourceTree = "<group>"; };
		DEFF6B6C1E694AB40004CFE2 /* WQTagCollectionViewCell.h */ = {isa = PBXFileReference; fileEncoding = 4; lastKnownFileType = sourcecode.c.h; path = WQTagCollectionViewCell.h; sourceTree = "<group>"; };
		DEFF6B6D1E694AB40004CFE2 /* WQTagCollectionViewCell.m */ = {isa = PBXFileReference; fileEncoding = 4; lastKnownFileType = sourcecode.c.objc; path = WQTagCollectionViewCell.m; sourceTree = "<group>"; };
		DEFF6B6E1E694AB40004CFE2 /* WQTagCollectionViewCell.xib */ = {isa = PBXFileReference; fileEncoding = 4; lastKnownFileType = file.xib; path = WQTagCollectionViewCell.xib; sourceTree = "<group>"; };
		DEFF6B701E694AB40004CFE2 /* WQTagsFlowLayout.h */ = {isa = PBXFileReference; fileEncoding = 4; lastKnownFileType = sourcecode.c.h; path = WQTagsFlowLayout.h; sourceTree = "<group>"; };
		DEFF6B711E694AB40004CFE2 /* WQTagsFlowLayout.m */ = {isa = PBXFileReference; fileEncoding = 4; lastKnownFileType = sourcecode.c.objc; path = WQTagsFlowLayout.m; sourceTree = "<group>"; };
		DEFF6B731E694AB40004CFE2 /* SelectPhotoViewController.h */ = {isa = PBXFileReference; fileEncoding = 4; lastKnownFileType = sourcecode.c.h; path = SelectPhotoViewController.h; sourceTree = "<group>"; };
		DEFF6B741E694AB40004CFE2 /* SelectPhotoViewController.m */ = {isa = PBXFileReference; fileEncoding = 4; lastKnownFileType = sourcecode.c.objc; path = SelectPhotoViewController.m; sourceTree = "<group>"; };
		DEFF6B761E694AB40004CFE2 /* SelectedTimeViewCell.h */ = {isa = PBXFileReference; fileEncoding = 4; lastKnownFileType = sourcecode.c.h; path = SelectedTimeViewCell.h; sourceTree = "<group>"; };
		DEFF6B771E694AB40004CFE2 /* SelectedTimeViewCell.m */ = {isa = PBXFileReference; fileEncoding = 4; lastKnownFileType = sourcecode.c.objc; path = SelectedTimeViewCell.m; sourceTree = "<group>"; };
		DEFF6B781E694AB40004CFE2 /* SelectTimeView.h */ = {isa = PBXFileReference; fileEncoding = 4; lastKnownFileType = sourcecode.c.h; path = SelectTimeView.h; sourceTree = "<group>"; };
		DEFF6B791E694AB40004CFE2 /* SelectTimeView.m */ = {isa = PBXFileReference; fileEncoding = 4; lastKnownFileType = sourcecode.c.objc; path = SelectTimeView.m; sourceTree = "<group>"; };
		DEFF6B7B1E694AB40004CFE2 /* ShareActionCell.h */ = {isa = PBXFileReference; fileEncoding = 4; lastKnownFileType = sourcecode.c.h; path = ShareActionCell.h; sourceTree = "<group>"; };
		DEFF6B7C1E694AB40004CFE2 /* ShareActionCell.m */ = {isa = PBXFileReference; fileEncoding = 4; lastKnownFileType = sourcecode.c.objc; path = ShareActionCell.m; sourceTree = "<group>"; };
		DEFF6B7D1E694AB40004CFE2 /* ShareActionCell.xib */ = {isa = PBXFileReference; fileEncoding = 4; lastKnownFileType = file.xib; path = ShareActionCell.xib; sourceTree = "<group>"; };
		DEFF6B7E1E694AB40004CFE2 /* ShareActionItem.h */ = {isa = PBXFileReference; fileEncoding = 4; lastKnownFileType = sourcecode.c.h; path = ShareActionItem.h; sourceTree = "<group>"; };
		DEFF6B7F1E694AB40004CFE2 /* ShareActionItem.m */ = {isa = PBXFileReference; fileEncoding = 4; lastKnownFileType = sourcecode.c.objc; path = ShareActionItem.m; sourceTree = "<group>"; };
		DEFF6B801E694AB40004CFE2 /* ShareActionViewController.h */ = {isa = PBXFileReference; fileEncoding = 4; lastKnownFileType = sourcecode.c.h; path = ShareActionViewController.h; sourceTree = "<group>"; };
		DEFF6B811E694AB40004CFE2 /* ShareActionViewController.m */ = {isa = PBXFileReference; fileEncoding = 4; lastKnownFileType = sourcecode.c.objc; path = ShareActionViewController.m; sourceTree = "<group>"; };
		DEFF6B831E694AB40004CFE2 /* ContainerViewController.h */ = {isa = PBXFileReference; fileEncoding = 4; lastKnownFileType = sourcecode.c.h; path = ContainerViewController.h; sourceTree = "<group>"; };
		DEFF6B841E694AB40004CFE2 /* ContainerViewController.m */ = {isa = PBXFileReference; fileEncoding = 4; lastKnownFileType = sourcecode.c.objc; path = ContainerViewController.m; sourceTree = "<group>"; };
		DEFF6B851E694AB40004CFE2 /* MainNavController.h */ = {isa = PBXFileReference; fileEncoding = 4; lastKnownFileType = sourcecode.c.h; path = MainNavController.h; sourceTree = "<group>"; };
		DEFF6B861E694AB40004CFE2 /* MainNavController.m */ = {isa = PBXFileReference; fileEncoding = 4; lastKnownFileType = sourcecode.c.objc; path = MainNavController.m; sourceTree = "<group>"; };
		DEFF6B871E694AB40004CFE2 /* MainTabBarController.h */ = {isa = PBXFileReference; fileEncoding = 4; lastKnownFileType = sourcecode.c.h; path = MainTabBarController.h; sourceTree = "<group>"; };
		DEFF6B881E694AB40004CFE2 /* MainTabBarController.m */ = {isa = PBXFileReference; fileEncoding = 4; lastKnownFileType = sourcecode.c.objc; path = MainTabBarController.m; sourceTree = "<group>"; };
		DEFF6B891E694AB40004CFE2 /* MenuViewController.h */ = {isa = PBXFileReference; fileEncoding = 4; lastKnownFileType = sourcecode.c.h; path = MenuViewController.h; sourceTree = "<group>"; };
		DEFF6B8A1E694AB40004CFE2 /* MenuViewController.m */ = {isa = PBXFileReference; fileEncoding = 4; lastKnownFileType = sourcecode.c.objc; path = MenuViewController.m; sourceTree = "<group>"; };
		DEFF6B8C1E694AB40004CFE2 /* StarLevel.h */ = {isa = PBXFileReference; fileEncoding = 4; lastKnownFileType = sourcecode.c.h; path = StarLevel.h; sourceTree = "<group>"; };
		DEFF6B8D1E694AB40004CFE2 /* StarLevel.m */ = {isa = PBXFileReference; fileEncoding = 4; lastKnownFileType = sourcecode.c.objc; path = StarLevel.m; sourceTree = "<group>"; };
		DEFF6B8F1E694AB40004CFE2 /* ViewControllerTransition.h */ = {isa = PBXFileReference; fileEncoding = 4; lastKnownFileType = sourcecode.c.h; path = ViewControllerTransition.h; sourceTree = "<group>"; };
		DEFF6B901E694AB40004CFE2 /* ViewControllerTransition.m */ = {isa = PBXFileReference; fileEncoding = 4; lastKnownFileType = sourcecode.c.objc; path = ViewControllerTransition.m; sourceTree = "<group>"; };
		DEFF6B921E694AB40004CFE2 /* GYChangeTextView.h */ = {isa = PBXFileReference; fileEncoding = 4; lastKnownFileType = sourcecode.c.h; path = GYChangeTextView.h; sourceTree = "<group>"; };
		DEFF6B931E694AB40004CFE2 /* GYChangeTextView.m */ = {isa = PBXFileReference; fileEncoding = 4; lastKnownFileType = sourcecode.c.objc; path = GYChangeTextView.m; sourceTree = "<group>"; };
/* End PBXFileReference section */

/* Begin PBXFrameworksBuildPhase section */
		DEC00AED1DB8BBC000A516A1 /* Frameworks */ = {
			isa = PBXFrameworksBuildPhase;
			buildActionMask = 2147483647;
			files = (
				DEFF6BA11E694AB40004CFE2 /* libopencore-amrwb.a in Frameworks */,
				DEFF6BA01E694AB40004CFE2 /* libopencore-amrnb.a in Frameworks */,
			);
			runOnlyForDeploymentPostprocessing = 0;
		};
		DEC00B061DB8BBC000A516A1 /* Frameworks */ = {
			isa = PBXFrameworksBuildPhase;
			buildActionMask = 2147483647;
			files = (
			);
			runOnlyForDeploymentPostprocessing = 0;
		};
		DEC00B111DB8BBC000A516A1 /* Frameworks */ = {
			isa = PBXFrameworksBuildPhase;
			buildActionMask = 2147483647;
			files = (
			);
			runOnlyForDeploymentPostprocessing = 0;
		};
/* End PBXFrameworksBuildPhase section */

/* Begin PBXGroup section */
		DEC00AE71DB8BBC000A516A1 = {
			isa = PBXGroup;
			children = (
				DEFF6AFD1E694AB40004CFE2 /* WQSomeUIKit */,
				DEC00AF21DB8BBC000A516A1 /* SomeUIKit */,
				DEC00B0C1DB8BBC000A516A1 /* SomeUIKitTests */,
				DEC00B171DB8BBC000A516A1 /* SomeUIKitUITests */,
				DEC00AF11DB8BBC000A516A1 /* Products */,
			);
			sourceTree = "<group>";
		};
		DEC00AF11DB8BBC000A516A1 /* Products */ = {
			isa = PBXGroup;
			children = (
				DEC00AF01DB8BBC000A516A1 /* SomeUIKit.app */,
				DEC00B091DB8BBC000A516A1 /* SomeUIKitTests.xctest */,
				DEC00B141DB8BBC000A516A1 /* SomeUIKitUITests.xctest */,
			);
			name = Products;
			sourceTree = "<group>";
		};
		DEC00AF21DB8BBC000A516A1 /* SomeUIKit */ = {
			isa = PBXGroup;
			children = (
				DEC00B261DB8BD1A00A516A1 /* Classes */,
				DEC00AF61DB8BBC000A516A1 /* AppDelegate.h */,
				DEC00AF71DB8BBC000A516A1 /* AppDelegate.m */,
				DEC00AF91DB8BBC000A516A1 /* ViewController.h */,
				DEC00AFA1DB8BBC000A516A1 /* ViewController.m */,
				DEC00AFF1DB8BBC000A516A1 /* Assets.xcassets */,
				DEC00B011DB8BBC000A516A1 /* LaunchScreen.storyboard */,
				DEC00B041DB8BBC000A516A1 /* Info.plist */,
				DEC00AF31DB8BBC000A516A1 /* Supporting Files */,
			);
			path = SomeUIKit;
			sourceTree = "<group>";
		};
		DEC00AF31DB8BBC000A516A1 /* Supporting Files */ = {
			isa = PBXGroup;
			children = (
				DEC00AF41DB8BBC000A516A1 /* main.m */,
				DEC00B361DB8C24400A516A1 /* PrefixHeader.pch */,
				DEC00B371DB8C25D00A516A1 /* Constans.h */,
			);
			name = "Supporting Files";
			sourceTree = "<group>";
		};
		DEC00B0C1DB8BBC000A516A1 /* SomeUIKitTests */ = {
			isa = PBXGroup;
			children = (
				DEC00B0D1DB8BBC000A516A1 /* SomeUIKitTests.m */,
				DEC00B0F1DB8BBC000A516A1 /* Info.plist */,
			);
			path = SomeUIKitTests;
			sourceTree = "<group>";
		};
		DEC00B171DB8BBC000A516A1 /* SomeUIKitUITests */ = {
			isa = PBXGroup;
			children = (
				DEC00B181DB8BBC000A516A1 /* SomeUIKitUITests.m */,
				DEC00B1A1DB8BBC000A516A1 /* Info.plist */,
			);
			path = SomeUIKitUITests;
			sourceTree = "<group>";
		};
		DEC00B261DB8BD1A00A516A1 /* Classes */ = {
			isa = PBXGroup;
			children = (
				DEC00B291DB8BD1A00A516A1 /* ViewController */,
			);
			path = Classes;
			sourceTree = "<group>";
		};
		DEC00B291DB8BD1A00A516A1 /* ViewController */ = {
			isa = PBXGroup;
			children = (
				DE8537821DE0602400654C4D /* ReplicatorViewController.h */,
				DE8537831DE0602400654C4D /* ReplicatorViewController.m */,
				DEC00B311DB8C0D900A516A1 /* GetPictureViewController.h */,
				DEC00B321DB8C0D900A516A1 /* GetPictureViewController.m */,
				DEC00B331DB8C0D900A516A1 /* GetPictureViewController.xib */,
				DEC00B481DB8CA7400A516A1 /* DropDownViewController.h */,
				DEC00B491DB8CA7400A516A1 /* DropDownViewController.m */,
				DEC00B4A1DB8CA7400A516A1 /* DropDownViewController.xib */,
				DEC00B501DB8D1C400A516A1 /* ButtonTitleImageLayoutViewController.h */,
				DEC00B511DB8D1C400A516A1 /* ButtonTitleImageLayoutViewController.m */,
				DE55FF3A1DB9A48C0014C758 /* StarViewController.h */,
				DE55FF3B1DB9A48C0014C758 /* StarViewController.m */,
				DE55FF3C1DB9A48C0014C758 /* StarViewController.xib */,
				DE55FF451DBA08EB0014C758 /* VerticalScrollTextViewController.h */,
				DE55FF461DBA08EB0014C758 /* VerticalScrollTextViewController.m */,
				DE55FF5F1DBA10310014C758 /* TextViewPlacehodelViewController.h */,
				DE55FF601DBA10310014C758 /* TextViewPlacehodelViewController.m */,
				DE55FF611DBA10310014C758 /* TextViewPlacehodelViewController.xib */,
				DE056BA91DCD760F00E16D15 /* DateSelectViewController.h */,
				DE056BAA1DCD760F00E16D15 /* DateSelectViewController.m */,
				DE056BAB1DCD760F00E16D15 /* DateSelectViewController.xib */,
				DEFE2C661DD22716006BB614 /* WQLoopViewController.h */,
				DEFE2C671DD22716006BB614 /* WQLoopViewController.m */,
				DEFE2C681DD22716006BB614 /* WQLoopViewController.xib */,
				DEAFF1F51DDF142200CF8116 /* WQTabBarViewController.h */,
				DEAFF1F61DDF142200CF8116 /* WQTabBarViewController.m */,
				DE8537771DE0043800654C4D /* WQClanderViewController.h */,
				DE8537781DE0043800654C4D /* WQClanderViewController.m */,
				DE5C94D01DE6B8BC00EFA20F /* WQSelectedTagsViewController.h */,
				DE5C94D11DE6B8BC00EFA20F /* WQSelectedTagsViewController.m */,
				DE71DF9A1E6672C50061E374 /* WQKeyboardHandleViewController.h */,
				DE71DF9B1E6672C50061E374 /* WQKeyboardHandleViewController.m */,
			);
			path = ViewController;
			sourceTree = "<group>";
		};
		DEFF6AFD1E694AB40004CFE2 /* WQSomeUIKit */ = {
			isa = PBXGroup;
			children = (
				DEFF6AFE1E694AB40004CFE2 /* AnmationViews */,
				DEFF6B011E694AB40004CFE2 /* Category */,
				DEFF6B181E694AB40004CFE2 /* Resources */,
				DEFF6B2F1E694AB40004CFE2 /* Tool */,
				DEFF6B481E694AB40004CFE2 /* Utils */,
			);
			name = WQSomeUIKit;
			path = ../WQSomeUIKit;
			sourceTree = "<group>";
		};
		DEFF6AFE1E694AB40004CFE2 /* AnmationViews */ = {
			isa = PBXGroup;
			children = (
				DEFF6AFF1E694AB40004CFE2 /* ZHAnimationView.h */,
				DEFF6B001E694AB40004CFE2 /* ZHAnimationView.m */,
			);
			path = AnmationViews;
			sourceTree = "<group>";
		};
		DEFF6B011E694AB40004CFE2 /* Category */ = {
			isa = PBXGroup;
			children = (
				DEFF6B021E694AB40004CFE2 /* Category_Foundation */,
				DEFF6B111E694AB40004CFE2 /* Category_UIKit */,
			);
			path = Category;
			sourceTree = "<group>";
		};
		DEFF6B021E694AB40004CFE2 /* Category_Foundation */ = {
			isa = PBXGroup;
			children = (
				DEFF6B031E694AB40004CFE2 /* NSDate+Format.h */,
				DEFF6B041E694AB40004CFE2 /* NSDate+Format.m */,
				DEFF6B051E694AB40004CFE2 /* NSDate+FormatStringExtension.h */,
				DEFF6B061E694AB40004CFE2 /* NSDate+FormatStringExtension.m */,
				DEFF6B071E694AB40004CFE2 /* NSFileManager+Path.h */,
				DEFF6B081E694AB40004CFE2 /* NSFileManager+Path.m */,
				DEFF6B091E694AB40004CFE2 /* NSString+Date.h */,
				DEFF6B0A1E694AB40004CFE2 /* NSString+Date.m */,
				DEFF6B0B1E694AB40004CFE2 /* NSString+DateFormatExtension.h */,
				DEFF6B0C1E694AB40004CFE2 /* NSString+DateFormatExtension.m */,
				DEFF6B0D1E694AB40004CFE2 /* NSString+Help.h */,
				DEFF6B0E1E694AB40004CFE2 /* NSString+Help.m */,
				DEFF6B0F1E694AB40004CFE2 /* UIGestureRecognizer+Block.h */,
				DEFF6B101E694AB40004CFE2 /* UIGestureRecognizer+Block.m */,
			);
			path = Category_Foundation;
			sourceTree = "<group>";
		};
		DEFF6B111E694AB40004CFE2 /* Category_UIKit */ = {
			isa = PBXGroup;
			children = (
				DEFF6B121E694AB40004CFE2 /* UIButton+countDown.h */,
				DEFF6B131E694AB40004CFE2 /* UIButton+countDown.m */,
				DEFF6B141E694AB40004CFE2 /* UIImage+Extension.h */,
				DEFF6B151E694AB40004CFE2 /* UIImage+Extension.m */,
				DEFF6B161E694AB40004CFE2 /* UIView+Extension.h */,
				DEFF6B171E694AB40004CFE2 /* UIView+Extension.m */,
			);
			path = Category_UIKit;
			sourceTree = "<group>";
		};
		DEFF6B181E694AB40004CFE2 /* Resources */ = {
			isa = PBXGroup;
			children = (
				DEFF6B191E694AB40004CFE2 /* amrwapper */,
				DEFF6B241E694AB40004CFE2 /* images */,
				DEFF6B2D1E694AB40004CFE2 /* Sb */,
			);
			path = Resources;
			sourceTree = "<group>";
		};
		DEFF6B191E694AB40004CFE2 /* amrwapper */ = {
			isa = PBXGroup;
			children = (
				DEFF6B1A1E694AB40004CFE2 /* amrFileCodec.h */,
				DEFF6B1B1E694AB40004CFE2 /* amrFileCodec.m */,
				DEFF6B1C1E694AB40004CFE2 /* opencore-amrnb */,
				DEFF6B201E694AB40004CFE2 /* opencore-amrwb */,
			);
			path = amrwapper;
			sourceTree = "<group>";
		};
		DEFF6B1C1E694AB40004CFE2 /* opencore-amrnb */ = {
			isa = PBXGroup;
			children = (
				DEFF6B1D1E694AB40004CFE2 /* interf_dec.h */,
				DEFF6B1E1E694AB40004CFE2 /* interf_enc.h */,
				DEFF6B1F1E694AB40004CFE2 /* libopencore-amrnb.a */,
			);
			path = "opencore-amrnb";
			sourceTree = "<group>";
		};
		DEFF6B201E694AB40004CFE2 /* opencore-amrwb */ = {
			isa = PBXGroup;
			children = (
				DEFF6B211E694AB40004CFE2 /* dec_if.h */,
				DEFF6B221E694AB40004CFE2 /* if_rom.h */,
				DEFF6B231E694AB40004CFE2 /* libopencore-amrwb.a */,
			);
			path = "opencore-amrwb";
			sourceTree = "<group>";
		};
		DEFF6B241E694AB40004CFE2 /* images */ = {
			isa = PBXGroup;
			children = (
				DEFF6B251E694AB40004CFE2 /* 00.jpg */,
				DEFF6B261E694AB40004CFE2 /* 01.jpg */,
				DEFF6B271E694AB40004CFE2 /* 02.jpg */,
				DEFF6B281E694AB40004CFE2 /* 03.jpg */,
				DEFF6B291E694AB40004CFE2 /* 04.jpg */,
				DEFF6B2A1E694AB40004CFE2 /* 05.jpg */,
				DEFF6B2B1E694AB40004CFE2 /* 06.jpg */,
				DEFF6B2C1E694AB40004CFE2 /* 07.jpg */,
			);
			path = images;
			sourceTree = "<group>";
		};
		DEFF6B2D1E694AB40004CFE2 /* Sb */ = {
			isa = PBXGroup;
			children = (
				DEFF6B2E1E694AB40004CFE2 /* TabbbarController.storyboard */,
			);
			path = Sb;
			sourceTree = "<group>";
		};
		DEFF6B2F1E694AB40004CFE2 /* Tool */ = {
			isa = PBXGroup;
			children = (
				DEFF6B301E694AB40004CFE2 /* BasicFoundation */,
				DEFF6B351E694AB40004CFE2 /* BasicHelp */,
				DEFF6B411E694AB40004CFE2 /* FunctionHelp */,
				DEFF6B441E694AB40004CFE2 /* FunctionTool */,
				DEFF6B471E694AB40004CFE2 /* Singleton.h */,
			);
			path = Tool;
			sourceTree = "<group>";
		};
		DEFF6B301E694AB40004CFE2 /* BasicFoundation */ = {
			isa = PBXGroup;
			children = (
				DEFF6B311E694AB40004CFE2 /* NSCoderObject.h */,
				DEFF6B321E694AB40004CFE2 /* NSCoderObject.m */,
				DEFF6B331E694AB40004CFE2 /* WQError.h */,
				DEFF6B341E694AB40004CFE2 /* WQError.m */,
			);
			path = BasicFoundation;
			sourceTree = "<group>";
		};
		DEFF6B351E694AB40004CFE2 /* BasicHelp */ = {
			isa = PBXGroup;
			children = (
				DEFF6B361E694AB40004CFE2 /* APPHELP.h */,
				DEFF6B371E694AB40004CFE2 /* APPHELP.m */,
				DEFF6B381E694AB40004CFE2 /* BroserController.h */,
				DEFF6B391E694AB40004CFE2 /* BroserController.m */,
				DEFF6B3A1E694AB40004CFE2 /* BroserController.xib */,
				DEFF6B3B1E694AB40004CFE2 /* RuntimeKit.h */,
				DEFF6B3C1E694AB40004CFE2 /* RuntimeKit.m */,
				DEFF6B3D1E694AB40004CFE2 /* WQAppInfo.h */,
				DEFF6B3E1E694AB40004CFE2 /* WQAppInfo.m */,
				DEFF6B3F1E694AB40004CFE2 /* WQCache.h */,
				DEFF6B401E694AB40004CFE2 /* WQCache.m */,
			);
			path = BasicHelp;
			sourceTree = "<group>";
		};
		DEFF6B411E694AB40004CFE2 /* FunctionHelp */ = {
			isa = PBXGroup;
			children = (
				DEFF6B421E694AB40004CFE2 /* WQKeyboardAdjustHelp.h */,
				DEFF6B431E694AB40004CFE2 /* WQKeyboardAdjustHelp.m */,
			);
			path = FunctionHelp;
			sourceTree = "<group>";
		};
		DEFF6B441E694AB40004CFE2 /* FunctionTool */ = {
			isa = PBXGroup;
			children = (
				DEFF6B451E694AB40004CFE2 /* WQVoiceTool.h */,
				DEFF6B461E694AB40004CFE2 /* WQVoiceTool.m */,
			);
			path = FunctionTool;
			sourceTree = "<group>";
		};
		DEFF6B481E694AB40004CFE2 /* Utils */ = {
			isa = PBXGroup;
			children = (
				DEFF6B491E694AB40004CFE2 /* UICustom */,
				DEFF6B4E1E694AB40004CFE2 /* UIHelp */,
			);
			path = Utils;
			sourceTree = "<group>";
		};
		DEFF6B491E694AB40004CFE2 /* UICustom */ = {
			isa = PBXGroup;
			children = (
				DEFF6B4A1E694AB40004CFE2 /* PlaceholderTextView.h */,
				DEFF6B4B1E694AB40004CFE2 /* PlaceholderTextView.m */,
				DEFF6B4C1E694AB40004CFE2 /* WQEdgeTitleButton.h */,
				DEFF6B4D1E694AB40004CFE2 /* WQEdgeTitleButton.m */,
			);
			path = UICustom;
			sourceTree = "<group>";
		};
		DEFF6B4E1E694AB40004CFE2 /* UIHelp */ = {
			isa = PBXGroup;
			children = (
				DEFF6B4F1E694AB40004CFE2 /* AlertUI */,
				DEFF6B561E694AB40004CFE2 /* BannerLoop */,
				DEFF6B591E694AB40004CFE2 /* ClendarUI */,
				DEFF6B601E694AB40004CFE2 /* ExamineUI */,
				DEFF6B6A1E694AB40004CFE2 /* FlowTagUI */,
				DEFF6B721E694AB40004CFE2 /* PhotoUI */,
				DEFF6B751E694AB40004CFE2 /* PopSelectionsUI */,
				DEFF6B7A1E694AB40004CFE2 /* ShareUI */,
				DEFF6B821E694AB40004CFE2 /* SlideMenu */,
				DEFF6B8B1E694AB40004CFE2 /* StarUI */,
				DEFF6B8E1E694AB40004CFE2 /* UIViewControllerTransition */,
				DEFF6B911E694AB40004CFE2 /* VerticalLoopText */,
			);
			path = UIHelp;
			sourceTree = "<group>";
		};
		DEFF6B4F1E694AB40004CFE2 /* AlertUI */ = {
			isa = PBXGroup;
			children = (
				DEFF6B501E694AB40004CFE2 /* AlertBottomView.h */,
				DEFF6B511E694AB40004CFE2 /* AlertBottomView.m */,
				DEFF6B521E694AB40004CFE2 /* AlertTitleView.h */,
				DEFF6B531E694AB40004CFE2 /* AlertTitleView.m */,
				DEFF6B541E694AB40004CFE2 /* WQAlertViewController.h */,
				DEFF6B551E694AB40004CFE2 /* WQAlertViewController.m */,
			);
			path = AlertUI;
			sourceTree = "<group>";
		};
		DEFF6B561E694AB40004CFE2 /* BannerLoop */ = {
			isa = PBXGroup;
			children = (
				DEFF6B571E694AB40004CFE2 /* BannerLoopView.h */,
				DEFF6B581E694AB40004CFE2 /* BannerLoopView.m */,
			);
			path = BannerLoop;
			sourceTree = "<group>";
		};
		DEFF6B591E694AB40004CFE2 /* ClendarUI */ = {
			isa = PBXGroup;
			children = (
				DEFF6B5A1E694AB40004CFE2 /* ClendarDayUnit.h */,
				DEFF6B5B1E694AB40004CFE2 /* ClendarDayUnit.m */,
				DEFF6B5C1E694AB40004CFE2 /* ClendarUnit.h */,
				DEFF6B5D1E694AB40004CFE2 /* ClendarUnit.m */,
				DEFF6B5E1E694AB40004CFE2 /* WQClendarView.h */,
				DEFF6B5F1E694AB40004CFE2 /* WQClendarView.m */,
			);
			path = ClendarUI;
			sourceTree = "<group>";
		};
		DEFF6B601E694AB40004CFE2 /* ExamineUI */ = {
			isa = PBXGroup;
			children = (
				DEFF6B611E694AB40004CFE2 /* ExamineCell.h */,
				DEFF6B621E694AB40004CFE2 /* ExamineCell.m */,
				DEFF6B631E694AB40004CFE2 /* ExamineCell.xib */,
				DEFF6B641E694AB40004CFE2 /* GuDExaminationItem.h */,
				DEFF6B651E694AB40004CFE2 /* GuDExaminationItem.m */,
				DEFF6B661E694AB40004CFE2 /* GuDExamineDataViewController.h */,
				DEFF6B671E694AB40004CFE2 /* GuDExamineDataViewController.m */,
				DEFF6B681E694AB40004CFE2 /* GuDExamineViewController.h */,
				DEFF6B691E694AB40004CFE2 /* GuDExamineViewController.m */,
			);
			path = ExamineUI;
			sourceTree = "<group>";
		};
		DEFF6B6A1E694AB40004CFE2 /* FlowTagUI */ = {
			isa = PBXGroup;
			children = (
				DEFF6B6B1E694AB40004CFE2 /* View */,
				DEFF6B6F1E694AB40004CFE2 /* ViewModel */,
			);
			path = FlowTagUI;
			sourceTree = "<group>";
		};
		DEFF6B6B1E694AB40004CFE2 /* View */ = {
			isa = PBXGroup;
			children = (
				DEFF6B6C1E694AB40004CFE2 /* WQTagCollectionViewCell.h */,
				DEFF6B6D1E694AB40004CFE2 /* WQTagCollectionViewCell.m */,
				DEFF6B6E1E694AB40004CFE2 /* WQTagCollectionViewCell.xib */,
			);
			path = View;
			sourceTree = "<group>";
		};
		DEFF6B6F1E694AB40004CFE2 /* ViewModel */ = {
			isa = PBXGroup;
			children = (
				DEFF6B701E694AB40004CFE2 /* WQTagsFlowLayout.h */,
				DEFF6B711E694AB40004CFE2 /* WQTagsFlowLayout.m */,
			);
			path = ViewModel;
			sourceTree = "<group>";
		};
		DEFF6B721E694AB40004CFE2 /* PhotoUI */ = {
			isa = PBXGroup;
			children = (
				DEFF6B731E694AB40004CFE2 /* SelectPhotoViewController.h */,
				DEFF6B741E694AB40004CFE2 /* SelectPhotoViewController.m */,
			);
			path = PhotoUI;
			sourceTree = "<group>";
		};
		DEFF6B751E694AB40004CFE2 /* PopSelectionsUI */ = {
			isa = PBXGroup;
			children = (
				DEFF6B761E694AB40004CFE2 /* SelectedTimeViewCell.h */,
				DEFF6B771E694AB40004CFE2 /* SelectedTimeViewCell.m */,
				DEFF6B781E694AB40004CFE2 /* SelectTimeView.h */,
				DEFF6B791E694AB40004CFE2 /* SelectTimeView.m */,
			);
			path = PopSelectionsUI;
			sourceTree = "<group>";
		};
		DEFF6B7A1E694AB40004CFE2 /* ShareUI */ = {
			isa = PBXGroup;
			children = (
				DEFF6B7B1E694AB40004CFE2 /* ShareActionCell.h */,
				DEFF6B7C1E694AB40004CFE2 /* ShareActionCell.m */,
				DEFF6B7D1E694AB40004CFE2 /* ShareActionCell.xib */,
				DEFF6B7E1E694AB40004CFE2 /* ShareActionItem.h */,
				DEFF6B7F1E694AB40004CFE2 /* ShareActionItem.m */,
				DEFF6B801E694AB40004CFE2 /* ShareActionViewController.h */,
				DEFF6B811E694AB40004CFE2 /* ShareActionViewController.m */,
			);
			path = ShareUI;
			sourceTree = "<group>";
		};
		DEFF6B821E694AB40004CFE2 /* SlideMenu */ = {
			isa = PBXGroup;
			children = (
				DEFF6B831E694AB40004CFE2 /* ContainerViewController.h */,
				DEFF6B841E694AB40004CFE2 /* ContainerViewController.m */,
				DEFF6B851E694AB40004CFE2 /* MainNavController.h */,
				DEFF6B861E694AB40004CFE2 /* MainNavController.m */,
				DEFF6B871E694AB40004CFE2 /* MainTabBarController.h */,
				DEFF6B881E694AB40004CFE2 /* MainTabBarController.m */,
				DEFF6B891E694AB40004CFE2 /* MenuViewController.h */,
				DEFF6B8A1E694AB40004CFE2 /* MenuViewController.m */,
			);
			path = SlideMenu;
			sourceTree = "<group>";
		};
		DEFF6B8B1E694AB40004CFE2 /* StarUI */ = {
			isa = PBXGroup;
			children = (
				DEFF6B8C1E694AB40004CFE2 /* StarLevel.h */,
				DEFF6B8D1E694AB40004CFE2 /* StarLevel.m */,
			);
			path = StarUI;
			sourceTree = "<group>";
		};
		DEFF6B8E1E694AB40004CFE2 /* UIViewControllerTransition */ = {
			isa = PBXGroup;
			children = (
				DEFF6B8F1E694AB40004CFE2 /* ViewControllerTransition.h */,
				DEFF6B901E694AB40004CFE2 /* ViewControllerTransition.m */,
			);
			path = UIViewControllerTransition;
			sourceTree = "<group>";
		};
		DEFF6B911E694AB40004CFE2 /* VerticalLoopText */ = {
			isa = PBXGroup;
			children = (
				DEFF6B921E694AB40004CFE2 /* GYChangeTextView.h */,
				DEFF6B931E694AB40004CFE2 /* GYChangeTextView.m */,
			);
			path = VerticalLoopText;
			sourceTree = "<group>";
		};
/* End PBXGroup section */

/* Begin PBXNativeTarget section */
		DEC00AEF1DB8BBC000A516A1 /* SomeUIKit */ = {
			isa = PBXNativeTarget;
			buildConfigurationList = DEC00B1D1DB8BBC000A516A1 /* Build configuration list for PBXNativeTarget "SomeUIKit" */;
			buildPhases = (
				DEC00AEC1DB8BBC000A516A1 /* Sources */,
				DEC00AED1DB8BBC000A516A1 /* Frameworks */,
				DEC00AEE1DB8BBC000A516A1 /* Resources */,
			);
			buildRules = (
			);
			dependencies = (
			);
			name = SomeUIKit;
			productName = SomeUIKit;
			productReference = DEC00AF01DB8BBC000A516A1 /* SomeUIKit.app */;
			productType = "com.apple.product-type.application";
		};
		DEC00B081DB8BBC000A516A1 /* SomeUIKitTests */ = {
			isa = PBXNativeTarget;
			buildConfigurationList = DEC00B201DB8BBC000A516A1 /* Build configuration list for PBXNativeTarget "SomeUIKitTests" */;
			buildPhases = (
				DEC00B051DB8BBC000A516A1 /* Sources */,
				DEC00B061DB8BBC000A516A1 /* Frameworks */,
				DEC00B071DB8BBC000A516A1 /* Resources */,
			);
			buildRules = (
			);
			dependencies = (
				DEC00B0B1DB8BBC000A516A1 /* PBXTargetDependency */,
			);
			name = SomeUIKitTests;
			productName = SomeUIKitTests;
			productReference = DEC00B091DB8BBC000A516A1 /* SomeUIKitTests.xctest */;
			productType = "com.apple.product-type.bundle.unit-test";
		};
		DEC00B131DB8BBC000A516A1 /* SomeUIKitUITests */ = {
			isa = PBXNativeTarget;
			buildConfigurationList = DEC00B231DB8BBC000A516A1 /* Build configuration list for PBXNativeTarget "SomeUIKitUITests" */;
			buildPhases = (
				DEC00B101DB8BBC000A516A1 /* Sources */,
				DEC00B111DB8BBC000A516A1 /* Frameworks */,
				DEC00B121DB8BBC000A516A1 /* Resources */,
			);
			buildRules = (
			);
			dependencies = (
				DEC00B161DB8BBC000A516A1 /* PBXTargetDependency */,
			);
			name = SomeUIKitUITests;
			productName = SomeUIKitUITests;
			productReference = DEC00B141DB8BBC000A516A1 /* SomeUIKitUITests.xctest */;
			productType = "com.apple.product-type.bundle.ui-testing";
		};
/* End PBXNativeTarget section */

/* Begin PBXProject section */
		DEC00AE81DB8BBC000A516A1 /* Project object */ = {
			isa = PBXProject;
			attributes = {
				CLASSPREFIX = WQ;
				LastUpgradeCheck = 0810;
				ORGANIZATIONNAME = WangQiang;
				TargetAttributes = {
					DEC00AEF1DB8BBC000A516A1 = {
						CreatedOnToolsVersion = 8.0;
						ProvisioningStyle = Automatic;
					};
					DEC00B081DB8BBC000A516A1 = {
						CreatedOnToolsVersion = 8.0;
						ProvisioningStyle = Automatic;
						TestTargetID = DEC00AEF1DB8BBC000A516A1;
					};
					DEC00B131DB8BBC000A516A1 = {
						CreatedOnToolsVersion = 8.0;
						ProvisioningStyle = Automatic;
						TestTargetID = DEC00AEF1DB8BBC000A516A1;
					};
				};
			};
			buildConfigurationList = DEC00AEB1DB8BBC000A516A1 /* Build configuration list for PBXProject "SomeUIKit" */;
			compatibilityVersion = "Xcode 3.2";
			developmentRegion = English;
			hasScannedForEncodings = 0;
			knownRegions = (
				en,
				Base,
			);
			mainGroup = DEC00AE71DB8BBC000A516A1;
			productRefGroup = DEC00AF11DB8BBC000A516A1 /* Products */;
			projectDirPath = "";
			projectRoot = "";
			targets = (
				DEC00AEF1DB8BBC000A516A1 /* SomeUIKit */,
				DEC00B081DB8BBC000A516A1 /* SomeUIKitTests */,
				DEC00B131DB8BBC000A516A1 /* SomeUIKitUITests */,
			);
		};
/* End PBXProject section */

/* Begin PBXResourcesBuildPhase section */
		DEC00AEE1DB8BBC000A516A1 /* Resources */ = {
			isa = PBXResourcesBuildPhase;
			buildActionMask = 2147483647;
			files = (
				DEFF6BA51E694AB40004CFE2 /* 03.jpg in Resources */,
				DEC00B351DB8C0D900A516A1 /* GetPictureViewController.xib in Resources */,
				DEFF6BA31E694AB40004CFE2 /* 01.jpg in Resources */,
				DE55FF3E1DB9A48C0014C758 /* StarViewController.xib in Resources */,
				DE056BAD1DCD760F00E16D15 /* DateSelectViewController.xib in Resources */,
				DEC00B031DB8BBC000A516A1 /* LaunchScreen.storyboard in Resources */,
				DEFF6BA21E694AB40004CFE2 /* 00.jpg in Resources */,
				DEFF6BA41E694AB40004CFE2 /* 02.jpg in Resources */,
				DEFF6BAF1E694AB40004CFE2 /* BroserController.xib in Resources */,
				DEFE2C6A1DD22716006BB614 /* WQLoopViewController.xib in Resources */,
				DEFF6BA71E694AB40004CFE2 /* 05.jpg in Resources */,
				DEFF6BA91E694AB40004CFE2 /* 07.jpg in Resources */,
				DEFF6BA81E694AB40004CFE2 /* 06.jpg in Resources */,
				DEC00B001DB8BBC000A516A1 /* Assets.xcassets in Resources */,
				DEFF6BBF1E694AB40004CFE2 /* ExamineCell.xib in Resources */,
				DEFF6BA61E694AB40004CFE2 /* 04.jpg in Resources */,
				DEFF6BAA1E694AB40004CFE2 /* TabbbarController.storyboard in Resources */,
				DEFF6BC41E694AB40004CFE2 /* WQTagCollectionViewCell.xib in Resources */,
				DEFF6BCA1E694AB40004CFE2 /* ShareActionCell.xib in Resources */,
				DE55FF631DBA10310014C758 /* TextViewPlacehodelViewController.xib in Resources */,
				DEC00B4C1DB8CA7400A516A1 /* DropDownViewController.xib in Resources */,
			);
			runOnlyForDeploymentPostprocessing = 0;
		};
		DEC00B071DB8BBC000A516A1 /* Resources */ = {
			isa = PBXResourcesBuildPhase;
			buildActionMask = 2147483647;
			files = (
			);
			runOnlyForDeploymentPostprocessing = 0;
		};
		DEC00B121DB8BBC000A516A1 /* Resources */ = {
			isa = PBXResourcesBuildPhase;
			buildActionMask = 2147483647;
			files = (
			);
			runOnlyForDeploymentPostprocessing = 0;
		};
/* End PBXResourcesBuildPhase section */

/* Begin PBXSourcesBuildPhase section */
		DEC00AEC1DB8BBC000A516A1 /* Sources */ = {
			isa = PBXSourcesBuildPhase;
			buildActionMask = 2147483647;
			files = (
				DEFF6BB21E694AB40004CFE2 /* WQCache.m in Sources */,
				DEFF6BBD1E694AB40004CFE2 /* WQClendarView.m in Sources */,
				DEFF6BC71E694AB40004CFE2 /* SelectedTimeViewCell.m in Sources */,
				DEFF6BAE1E694AB40004CFE2 /* BroserController.m in Sources */,
				DEFF6BB91E694AB40004CFE2 /* WQAlertViewController.m in Sources */,
				DEFF6B991E694AB40004CFE2 /* NSString+DateFormatExtension.m in Sources */,
				DEC00AFB1DB8BBC000A516A1 /* ViewController.m in Sources */,
				DEFF6BBC1E694AB40004CFE2 /* ClendarUnit.m in Sources */,
				DEFF6BC61E694AB40004CFE2 /* SelectPhotoViewController.m in Sources */,
				DE8537791DE0043800654C4D /* WQClanderViewController.m in Sources */,
				DEFF6BB31E694AB40004CFE2 /* WQKeyboardAdjustHelp.m in Sources */,
				DEFF6BB71E694AB40004CFE2 /* AlertBottomView.m in Sources */,
				DEFF6B9C1E694AB40004CFE2 /* UIButton+countDown.m in Sources */,
				DEFF6BC81E694AB40004CFE2 /* SelectTimeView.m in Sources */,
				DEFF6BCD1E694AB40004CFE2 /* ContainerViewController.m in Sources */,
				DE5C94D21DE6B8BC00EFA20F /* WQSelectedTagsViewController.m in Sources */,
				DEFF6B9B1E694AB40004CFE2 /* UIGestureRecognizer+Block.m in Sources */,
				DEFF6B9D1E694AB40004CFE2 /* UIImage+Extension.m in Sources */,
				DEFF6BAB1E694AB40004CFE2 /* NSCoderObject.m in Sources */,
				DEFF6BC31E694AB40004CFE2 /* WQTagCollectionViewCell.m in Sources */,
				DEFF6B981E694AB40004CFE2 /* NSString+Date.m in Sources */,
				DEFF6B941E694AB40004CFE2 /* ZHAnimationView.m in Sources */,
				DE55FF471DBA08EB0014C758 /* VerticalScrollTextViewController.m in Sources */,
				DEFF6BCB1E694AB40004CFE2 /* ShareActionItem.m in Sources */,
				DEFF6B9E1E694AB40004CFE2 /* UIView+Extension.m in Sources */,
				DEFF6BC51E694AB40004CFE2 /* WQTagsFlowLayout.m in Sources */,
				DEFF6BB01E694AB40004CFE2 /* RuntimeKit.m in Sources */,
				DEC00B341DB8C0D900A516A1 /* GetPictureViewController.m in Sources */,
				DEFF6BB61E694AB40004CFE2 /* WQEdgeTitleButton.m in Sources */,
				DEFF6B9F1E694AB40004CFE2 /* amrFileCodec.m in Sources */,
				DEFF6BCF1E694AB40004CFE2 /* MainTabBarController.m in Sources */,
				DEFF6BAD1E694AB40004CFE2 /* APPHELP.m in Sources */,
				DEC00B531DB8D1C400A516A1 /* ButtonTitleImageLayoutViewController.m in Sources */,
				DEFF6BB81E694AB40004CFE2 /* AlertTitleView.m in Sources */,
				DE71DF9C1E6672C50061E374 /* WQKeyboardHandleViewController.m in Sources */,
				DEC00AF81DB8BBC000A516A1 /* AppDelegate.m in Sources */,
				DEFF6BBB1E694AB40004CFE2 /* ClendarDayUnit.m in Sources */,
				DEFF6BCE1E694AB40004CFE2 /* MainNavController.m in Sources */,
				DEFE2C691DD22716006BB614 /* WQLoopViewController.m in Sources */,
				DEFF6BB51E694AB40004CFE2 /* PlaceholderTextView.m in Sources */,
				DEFF6BBE1E694AB40004CFE2 /* ExamineCell.m in Sources */,
				DE55FF621DBA10310014C758 /* TextViewPlacehodelViewController.m in Sources */,
				DEFF6BB11E694AB40004CFE2 /* WQAppInfo.m in Sources */,
				DEFF6B951E694AB40004CFE2 /* NSDate+Format.m in Sources */,
				DEFF6BB41E694AB40004CFE2 /* WQVoiceTool.m in Sources */,
				DEFF6B961E694AB40004CFE2 /* NSDate+FormatStringExtension.m in Sources */,
				DEFF6BD01E694AB40004CFE2 /* MenuViewController.m in Sources */,
				DEC00B4B1DB8CA7400A516A1 /* DropDownViewController.m in Sources */,
				DEFF6BAC1E694AB40004CFE2 /* WQError.m in Sources */,
				DEC00AF51DB8BBC000A516A1 /* main.m in Sources */,
				DE55FF3D1DB9A48C0014C758 /* StarViewController.m in Sources */,
				DEFF6BC11E694AB40004CFE2 /* GuDExamineDataViewController.m in Sources */,
				DE056BAC1DCD760F00E16D15 /* DateSelectViewController.m in Sources */,
				DEFF6BD31E694AB40004CFE2 /* GYChangeTextView.m in Sources */,
				DEFF6BCC1E694AB40004CFE2 /* ShareActionViewController.m in Sources */,
				DEFF6BC21E694AB40004CFE2 /* GuDExamineViewController.m in Sources */,
				DEFF6BD21E694AB40004CFE2 /* ViewControllerTransition.m in Sources */,
				DEFF6BBA1E694AB40004CFE2 /* BannerLoopView.m in Sources */,
				DEFF6BD11E694AB40004CFE2 /* StarLevel.m in Sources */,
				DE8537841DE0602400654C4D /* ReplicatorViewController.m in Sources */,
				DEAFF1F71DDF142200CF8116 /* WQTabBarViewController.m in Sources */,
				DEFF6B9A1E694AB40004CFE2 /* NSString+Help.m in Sources */,
				DEFF6B971E694AB40004CFE2 /* NSFileManager+Path.m in Sources */,
				DEFF6BC91E694AB40004CFE2 /* ShareActionCell.m in Sources */,
				DEFF6BC01E694AB40004CFE2 /* GuDExaminationItem.m in Sources */,
			);
			runOnlyForDeploymentPostprocessing = 0;
		};
		DEC00B051DB8BBC000A516A1 /* Sources */ = {
			isa = PBXSourcesBuildPhase;
			buildActionMask = 2147483647;
			files = (
				DEC00B0E1DB8BBC000A516A1 /* SomeUIKitTests.m in Sources */,
			);
			runOnlyForDeploymentPostprocessing = 0;
		};
		DEC00B101DB8BBC000A516A1 /* Sources */ = {
			isa = PBXSourcesBuildPhase;
			buildActionMask = 2147483647;
			files = (
				DEC00B191DB8BBC000A516A1 /* SomeUIKitUITests.m in Sources */,
			);
			runOnlyForDeploymentPostprocessing = 0;
		};
/* End PBXSourcesBuildPhase section */

/* Begin PBXTargetDependency section */
		DEC00B0B1DB8BBC000A516A1 /* PBXTargetDependency */ = {
			isa = PBXTargetDependency;
			target = DEC00AEF1DB8BBC000A516A1 /* SomeUIKit */;
			targetProxy = DEC00B0A1DB8BBC000A516A1 /* PBXContainerItemProxy */;
		};
		DEC00B161DB8BBC000A516A1 /* PBXTargetDependency */ = {
			isa = PBXTargetDependency;
			target = DEC00AEF1DB8BBC000A516A1 /* SomeUIKit */;
			targetProxy = DEC00B151DB8BBC000A516A1 /* PBXContainerItemProxy */;
		};
/* End PBXTargetDependency section */

/* Begin PBXVariantGroup section */
		DEC00B011DB8BBC000A516A1 /* LaunchScreen.storyboard */ = {
			isa = PBXVariantGroup;
			children = (
				DEC00B021DB8BBC000A516A1 /* Base */,
			);
			name = LaunchScreen.storyboard;
			sourceTree = "<group>";
		};
/* End PBXVariantGroup section */

/* Begin XCBuildConfiguration section */
		DEC00B1B1DB8BBC000A516A1 /* Debug */ = {
			isa = XCBuildConfiguration;
			buildSettings = {
				ALWAYS_SEARCH_USER_PATHS = NO;
				CLANG_ANALYZER_NONNULL = YES;
				CLANG_CXX_LANGUAGE_STANDARD = "gnu++0x";
				CLANG_CXX_LIBRARY = "libc++";
				CLANG_ENABLE_MODULES = YES;
				CLANG_ENABLE_OBJC_ARC = YES;
				CLANG_WARN_BOOL_CONVERSION = YES;
				CLANG_WARN_CONSTANT_CONVERSION = YES;
				CLANG_WARN_DIRECT_OBJC_ISA_USAGE = YES_ERROR;
				CLANG_WARN_DOCUMENTATION_COMMENTS = YES;
				CLANG_WARN_EMPTY_BODY = YES;
				CLANG_WARN_ENUM_CONVERSION = YES;
				CLANG_WARN_INFINITE_RECURSION = YES;
				CLANG_WARN_INT_CONVERSION = YES;
				CLANG_WARN_OBJC_ROOT_CLASS = YES_ERROR;
				CLANG_WARN_SUSPICIOUS_MOVE = YES;
				CLANG_WARN_SUSPICIOUS_MOVES = YES;
				CLANG_WARN_UNREACHABLE_CODE = YES;
				CLANG_WARN__DUPLICATE_METHOD_MATCH = YES;
				"CODE_SIGN_IDENTITY[sdk=iphoneos*]" = "iPhone Developer";
				COPY_PHASE_STRIP = NO;
				DEBUG_INFORMATION_FORMAT = dwarf;
				ENABLE_STRICT_OBJC_MSGSEND = YES;
				ENABLE_TESTABILITY = YES;
				GCC_C_LANGUAGE_STANDARD = gnu99;
				GCC_DYNAMIC_NO_PIC = NO;
				GCC_NO_COMMON_BLOCKS = YES;
				GCC_OPTIMIZATION_LEVEL = 0;
				GCC_PREFIX_HEADER = "$(SRCROOT)/SomeUIKit/PrefixHeader.pch";
				GCC_PREPROCESSOR_DEFINITIONS = (
					"DEBUG=1",
					"$(inherited)",
				);
				GCC_WARN_64_TO_32_BIT_CONVERSION = YES;
				GCC_WARN_ABOUT_RETURN_TYPE = YES_ERROR;
				GCC_WARN_UNDECLARED_SELECTOR = YES;
				GCC_WARN_UNINITIALIZED_AUTOS = YES_AGGRESSIVE;
				GCC_WARN_UNUSED_FUNCTION = YES;
				GCC_WARN_UNUSED_VARIABLE = YES;
				IPHONEOS_DEPLOYMENT_TARGET = 10.0;
				MTL_ENABLE_DEBUG_INFO = YES;
				ONLY_ACTIVE_ARCH = YES;
				SDKROOT = iphoneos;
			};
			name = Debug;
		};
		DEC00B1C1DB8BBC000A516A1 /* Release */ = {
			isa = XCBuildConfiguration;
			buildSettings = {
				ALWAYS_SEARCH_USER_PATHS = NO;
				CLANG_ANALYZER_NONNULL = YES;
				CLANG_CXX_LANGUAGE_STANDARD = "gnu++0x";
				CLANG_CXX_LIBRARY = "libc++";
				CLANG_ENABLE_MODULES = YES;
				CLANG_ENABLE_OBJC_ARC = YES;
				CLANG_WARN_BOOL_CONVERSION = YES;
				CLANG_WARN_CONSTANT_CONVERSION = YES;
				CLANG_WARN_DIRECT_OBJC_ISA_USAGE = YES_ERROR;
				CLANG_WARN_DOCUMENTATION_COMMENTS = YES;
				CLANG_WARN_EMPTY_BODY = YES;
				CLANG_WARN_ENUM_CONVERSION = YES;
				CLANG_WARN_INFINITE_RECURSION = YES;
				CLANG_WARN_INT_CONVERSION = YES;
				CLANG_WARN_OBJC_ROOT_CLASS = YES_ERROR;
				CLANG_WARN_SUSPICIOUS_MOVE = YES;
				CLANG_WARN_SUSPICIOUS_MOVES = YES;
				CLANG_WARN_UNREACHABLE_CODE = YES;
				CLANG_WARN__DUPLICATE_METHOD_MATCH = YES;
				"CODE_SIGN_IDENTITY[sdk=iphoneos*]" = "iPhone Developer";
				COPY_PHASE_STRIP = NO;
				DEBUG_INFORMATION_FORMAT = "dwarf-with-dsym";
				ENABLE_NS_ASSERTIONS = NO;
				ENABLE_STRICT_OBJC_MSGSEND = YES;
				GCC_C_LANGUAGE_STANDARD = gnu99;
				GCC_NO_COMMON_BLOCKS = YES;
				GCC_PREFIX_HEADER = "$(SRCROOT)/SomeUIKit/PrefixHeader.pch";
				GCC_WARN_64_TO_32_BIT_CONVERSION = YES;
				GCC_WARN_ABOUT_RETURN_TYPE = YES_ERROR;
				GCC_WARN_UNDECLARED_SELECTOR = YES;
				GCC_WARN_UNINITIALIZED_AUTOS = YES_AGGRESSIVE;
				GCC_WARN_UNUSED_FUNCTION = YES;
				GCC_WARN_UNUSED_VARIABLE = YES;
				IPHONEOS_DEPLOYMENT_TARGET = 10.0;
				MTL_ENABLE_DEBUG_INFO = NO;
				SDKROOT = iphoneos;
				VALIDATE_PRODUCT = YES;
			};
			name = Release;
		};
		DEC00B1E1DB8BBC000A516A1 /* Debug */ = {
			isa = XCBuildConfiguration;
			buildSettings = {
				ASSETCATALOG_COMPILER_APPICON_NAME = AppIcon;
				GCC_PREFIX_HEADER = "$(SRCROOT)/SomeUIKit/PrefixHeader.pch";
				INFOPLIST_FILE = SomeUIKit/Info.plist;
				IPHONEOS_DEPLOYMENT_TARGET = 8.0;
				LD_RUNPATH_SEARCH_PATHS = "$(inherited) @executable_path/Frameworks";
				LIBRARY_SEARCH_PATHS = (
					"$(inherited)",
					"$(PROJECT_DIR)/SomeUIKit/Classes/Utils/InputView/amrwapper/opencore-amrnb",
					"$(PROJECT_DIR)/SomeUIKit/Classes/Utils/InputView/amrwapper/opencore-amrwb",
					"$(PROJECT_DIR)/SomeUIKit/WQCollectionHelp/Resources/amrwapper/opencore-amrnb",
					"$(PROJECT_DIR)/SomeUIKit/WQCollectionHelp/Resources/amrwapper/opencore-amrwb",
					"$(PROJECT_DIR)/WQCollectionHelp/Resources/amrwapper/opencore-amrnb",
					"$(PROJECT_DIR)/WQCollectionHelp/Resources/amrwapper/opencore-amrwb",
					"$(PROJECT_DIR)/WQSomeUIKit/Resources/amrwapper/opencore-amrnb",
					"$(PROJECT_DIR)/WQSomeUIKit/Resources/amrwapper/opencore-amrwb",
				);
				PRODUCT_BUNDLE_IDENTIFIER = WANG.SomeUIKit;
				PRODUCT_NAME = "$(TARGET_NAME)";
			};
			name = Debug;
		};
		DEC00B1F1DB8BBC000A516A1 /* Release */ = {
			isa = XCBuildConfiguration;
			buildSettings = {
				ASSETCATALOG_COMPILER_APPICON_NAME = AppIcon;
				GCC_PREFIX_HEADER = "$(SRCROOT)/SomeUIKit/PrefixHeader.pch";
				INFOPLIST_FILE = SomeUIKit/Info.plist;
				IPHONEOS_DEPLOYMENT_TARGET = 8.0;
				LD_RUNPATH_SEARCH_PATHS = "$(inherited) @executable_path/Frameworks";
				LIBRARY_SEARCH_PATHS = (
					"$(inherited)",
					"$(PROJECT_DIR)/SomeUIKit/Classes/Utils/InputView/amrwapper/opencore-amrnb",
					"$(PROJECT_DIR)/SomeUIKit/Classes/Utils/InputView/amrwapper/opencore-amrwb",
					"$(PROJECT_DIR)/SomeUIKit/WQCollectionHelp/Resources/amrwapper/opencore-amrnb",
					"$(PROJECT_DIR)/SomeUIKit/WQCollectionHelp/Resources/amrwapper/opencore-amrwb",
					"$(PROJECT_DIR)/WQCollectionHelp/Resources/amrwapper/opencore-amrnb",
					"$(PROJECT_DIR)/WQCollectionHelp/Resources/amrwapper/opencore-amrwb",
					"$(PROJECT_DIR)/WQSomeUIKit/Resources/amrwapper/opencore-amrnb",
					"$(PROJECT_DIR)/WQSomeUIKit/Resources/amrwapper/opencore-amrwb",
				);
				PRODUCT_BUNDLE_IDENTIFIER = WANG.SomeUIKit;
				PRODUCT_NAME = "$(TARGET_NAME)";
			};
			name = Release;
		};
		DEC00B211DB8BBC000A516A1 /* Debug */ = {
			isa = XCBuildConfiguration;
			buildSettings = {
				BUNDLE_LOADER = "$(TEST_HOST)";
				INFOPLIST_FILE = SomeUIKitTests/Info.plist;
				LD_RUNPATH_SEARCH_PATHS = "$(inherited) @executable_path/Frameworks @loader_path/Frameworks";
				PRODUCT_BUNDLE_IDENTIFIER = WANG.SomeUIKitTests;
				PRODUCT_NAME = "$(TARGET_NAME)";
				TEST_HOST = "$(BUILT_PRODUCTS_DIR)/SomeUIKit.app/SomeUIKit";
			};
			name = Debug;
		};
		DEC00B221DB8BBC000A516A1 /* Release */ = {
			isa = XCBuildConfiguration;
			buildSettings = {
				BUNDLE_LOADER = "$(TEST_HOST)";
				INFOPLIST_FILE = SomeUIKitTests/Info.plist;
				LD_RUNPATH_SEARCH_PATHS = "$(inherited) @executable_path/Frameworks @loader_path/Frameworks";
				PRODUCT_BUNDLE_IDENTIFIER = WANG.SomeUIKitTests;
				PRODUCT_NAME = "$(TARGET_NAME)";
				TEST_HOST = "$(BUILT_PRODUCTS_DIR)/SomeUIKit.app/SomeUIKit";
			};
			name = Release;
		};
		DEC00B241DB8BBC000A516A1 /* Debug */ = {
			isa = XCBuildConfiguration;
			buildSettings = {
				INFOPLIST_FILE = SomeUIKitUITests/Info.plist;
				LD_RUNPATH_SEARCH_PATHS = "$(inherited) @executable_path/Frameworks @loader_path/Frameworks";
				PRODUCT_BUNDLE_IDENTIFIER = WANG.SomeUIKitUITests;
				PRODUCT_NAME = "$(TARGET_NAME)";
				TEST_TARGET_NAME = SomeUIKit;
			};
			name = Debug;
		};
		DEC00B251DB8BBC000A516A1 /* Release */ = {
			isa = XCBuildConfiguration;
			buildSettings = {
				INFOPLIST_FILE = SomeUIKitUITests/Info.plist;
				LD_RUNPATH_SEARCH_PATHS = "$(inherited) @executable_path/Frameworks @loader_path/Frameworks";
				PRODUCT_BUNDLE_IDENTIFIER = WANG.SomeUIKitUITests;
				PRODUCT_NAME = "$(TARGET_NAME)";
				TEST_TARGET_NAME = SomeUIKit;
			};
			name = Release;
		};
/* End XCBuildConfiguration section */

/* Begin XCConfigurationList section */
		DEC00AEB1DB8BBC000A516A1 /* Build configuration list for PBXProject "SomeUIKit" */ = {
			isa = XCConfigurationList;
			buildConfigurations = (
				DEC00B1B1DB8BBC000A516A1 /* Debug */,
				DEC00B1C1DB8BBC000A516A1 /* Release */,
			);
			defaultConfigurationIsVisible = 0;
			defaultConfigurationName = Release;
		};
		DEC00B1D1DB8BBC000A516A1 /* Build configuration list for PBXNativeTarget "SomeUIKit" */ = {
			isa = XCConfigurationList;
			buildConfigurations = (
				DEC00B1E1DB8BBC000A516A1 /* Debug */,
				DEC00B1F1DB8BBC000A516A1 /* Release */,
			);
			defaultConfigurationIsVisible = 0;
			defaultConfigurationName = Release;
		};
		DEC00B201DB8BBC000A516A1 /* Build configuration list for PBXNativeTarget "SomeUIKitTests" */ = {
			isa = XCConfigurationList;
			buildConfigurations = (
				DEC00B211DB8BBC000A516A1 /* Debug */,
				DEC00B221DB8BBC000A516A1 /* Release */,
			);
			defaultConfigurationIsVisible = 0;
			defaultConfigurationName = Release;
		};
		DEC00B231DB8BBC000A516A1 /* Build configuration list for PBXNativeTarget "SomeUIKitUITests" */ = {
			isa = XCConfigurationList;
			buildConfigurations = (
				DEC00B241DB8BBC000A516A1 /* Debug */,
				DEC00B251DB8BBC000A516A1 /* Release */,
			);
			defaultConfigurationIsVisible = 0;
			defaultConfigurationName = Release;
		};
/* End XCConfigurationList section */
	};
	rootObject = DEC00AE81DB8BBC000A516A1 /* Project object */;
}
